// !$*UTF8*$!
{
	archiveVersion = 1;
	classes = {
	};
	objectVersion = 74;
	objects = {

/* Begin PBXBuildFile section */
		9B027DEC2CC2FB4D00A31F3E /* PrototypeActivities in Frameworks */ = {isa = PBXBuildFile; productRef = 9B027DEB2CC2FB4D00A31F3E /* PrototypeActivities */; };
		9B027DEE2CC2FB5500A31F3E /* PrototypeActivities in Frameworks */ = {isa = PBXBuildFile; productRef = 9B027DED2CC2FB5500A31F3E /* PrototypeActivities */; };
		9B4795882A575D5400C318D9 /* SamplePackage in Frameworks */ = {isa = PBXBuildFile; productRef = 9B4795872A575D5400C318D9 /* SamplePackage */; };
		9B53DD172CAED23E00C5893C /* WidgetKit.framework in Frameworks */ = {isa = PBXBuildFile; fileRef = 9B53DD162CAED23E00C5893C /* WidgetKit.framework */; };
		9B53DD192CAED23E00C5893C /* SwiftUI.framework in Frameworks */ = {isa = PBXBuildFile; fileRef = 9B53DD182CAED23E00C5893C /* SwiftUI.framework */; };
		9B53DD262CAED24000C5893C /* Prototype House WidgetsExtension.appex in Embed Foundation Extensions */ = {isa = PBXBuildFile; fileRef = 9B53DD152CAED23E00C5893C /* Prototype House WidgetsExtension.appex */; settings = {ATTRIBUTES = (RemoveHeadersOnCopy, ); }; };
		9B81E7F82A42F960003324FE /* Prototype House Watch App.app in Embed Watch Content */ = {isa = PBXBuildFile; fileRef = 9B81E7EB2A42F960003324FE /* Prototype House Watch App.app */; settings = {ATTRIBUTES = (RemoveHeadersOnCopy, ); }; };
		9B965E212C235DCA00D988D9 /* SuggestionTextField in Frameworks */ = {isa = PBXBuildFile; productRef = 9B965E202C235DCA00D988D9 /* SuggestionTextField */; };
		9BC108042D981CE0004DDC17 /* SwiftUIIntrospect in Frameworks */ = {isa = PBXBuildFile; productRef = 9BC108032D981CE0004DDC17 /* SwiftUIIntrospect */; };
		9BC451FA2AC1BBBC002F9D8E /* SnapshotTesting in Frameworks */ = {isa = PBXBuildFile; productRef = 9BC451F92AC1BBBC002F9D8E /* SnapshotTesting */; };
/* End PBXBuildFile section */

/* Begin PBXContainerItemProxy section */
		9B53DD242CAED24000C5893C /* PBXContainerItemProxy */ = {
			isa = PBXContainerItemProxy;
			containerPortal = 9BF616AC276376D400D26E7B /* Project object */;
			proxyType = 1;
			remoteGlobalIDString = 9B53DD142CAED23E00C5893C;
			remoteInfo = "Prototype House WidgetsExtension";
		};
		9B81E7F62A42F960003324FE /* PBXContainerItemProxy */ = {
			isa = PBXContainerItemProxy;
			containerPortal = 9BF616AC276376D400D26E7B /* Project object */;
			proxyType = 1;
			remoteGlobalIDString = 9B81E7EA2A42F960003324FE;
			remoteInfo = "Prototype House Watch Watch App";
		};
		9BC451F12AC1B180002F9D8E /* PBXContainerItemProxy */ = {
			isa = PBXContainerItemProxy;
			containerPortal = 9BF616AC276376D400D26E7B /* Project object */;
			proxyType = 1;
			remoteGlobalIDString = 9BF616B3276376D400D26E7B;
			remoteInfo = "Prototype House";
		};
/* End PBXContainerItemProxy section */

/* Begin PBXCopyFilesBuildPhase section */
		9B53DD272CAED24000C5893C /* Embed Foundation Extensions */ = {
			isa = PBXCopyFilesBuildPhase;
			buildActionMask = 2147483647;
			dstPath = "";
			dstSubfolderSpec = 13;
			files = (
				9B53DD262CAED24000C5893C /* Prototype House WidgetsExtension.appex in Embed Foundation Extensions */,
			);
			name = "Embed Foundation Extensions";
			runOnlyForDeploymentPostprocessing = 0;
		};
		9B81E7F92A42F960003324FE /* Embed Watch Content */ = {
			isa = PBXCopyFilesBuildPhase;
			buildActionMask = 2147483647;
			dstPath = "$(CONTENTS_FOLDER_PATH)/Watch";
			dstSubfolderSpec = 16;
			files = (
				9B81E7F82A42F960003324FE /* Prototype House Watch App.app in Embed Watch Content */,
			);
			name = "Embed Watch Content";
			runOnlyForDeploymentPostprocessing = 0;
		};
/* End PBXCopyFilesBuildPhase section */

/* Begin PBXFileReference section */
		9B2B19292CFDBAF7007E2DAA /* Compatibility Prototype House.app */ = {isa = PBXFileReference; explicitFileType = wrapper.application; includeInIndex = 0; path = "Compatibility Prototype House.app"; sourceTree = BUILT_PRODUCTS_DIR; };
		9B3A29892CC1A3890007698F /* PrototypeActivities */ = {isa = PBXFileReference; lastKnownFileType = wrapper; name = PrototypeActivities; path = Packages/PrototypeActivities; sourceTree = "<group>"; };
		9B53DD152CAED23E00C5893C /* Prototype House WidgetsExtension.appex */ = {isa = PBXFileReference; explicitFileType = "wrapper.app-extension"; includeInIndex = 0; path = "Prototype House WidgetsExtension.appex"; sourceTree = BUILT_PRODUCTS_DIR; };
		9B53DD162CAED23E00C5893C /* WidgetKit.framework */ = {isa = PBXFileReference; lastKnownFileType = wrapper.framework; name = WidgetKit.framework; path = System/Library/Frameworks/WidgetKit.framework; sourceTree = SDKROOT; };
		9B53DD182CAED23E00C5893C /* SwiftUI.framework */ = {isa = PBXFileReference; lastKnownFileType = wrapper.framework; name = SwiftUI.framework; path = System/Library/Frameworks/SwiftUI.framework; sourceTree = SDKROOT; };
		9B55C2CD2A56DF88001DB9C7 /* SamplePackage */ = {isa = PBXFileReference; lastKnownFileType = wrapper; name = SamplePackage; path = Packages/SamplePackage; sourceTree = "<group>"; };
		9B7CDF192C1F883600C520C0 /* Prototype House AppKit.app */ = {isa = PBXFileReference; explicitFileType = wrapper.application; includeInIndex = 0; path = "Prototype House AppKit.app"; sourceTree = BUILT_PRODUCTS_DIR; };
		9B81E7EB2A42F960003324FE /* Prototype House Watch App.app */ = {isa = PBXFileReference; explicitFileType = wrapper.application; includeInIndex = 0; path = "Prototype House Watch App.app"; sourceTree = BUILT_PRODUCTS_DIR; };
		9BC17D42278335F8000FC491 /* Prototype House Mac.app */ = {isa = PBXFileReference; explicitFileType = wrapper.application; includeInIndex = 0; path = "Prototype House Mac.app"; sourceTree = BUILT_PRODUCTS_DIR; };
		9BC451ED2AC1B180002F9D8E /* Prototype House iOS Tests.xctest */ = {isa = PBXFileReference; explicitFileType = wrapper.cfbundle; includeInIndex = 0; path = "Prototype House iOS Tests.xctest"; sourceTree = BUILT_PRODUCTS_DIR; };
		9BD866B029AD20CE0080DED7 /* Prototype House UIKit.app */ = {isa = PBXFileReference; explicitFileType = wrapper.application; includeInIndex = 0; path = "Prototype House UIKit.app"; sourceTree = BUILT_PRODUCTS_DIR; };
		9BF616B4276376D400D26E7B /* Prototype House iOS.app */ = {isa = PBXFileReference; explicitFileType = wrapper.application; includeInIndex = 0; path = "Prototype House iOS.app"; sourceTree = BUILT_PRODUCTS_DIR; };
/* End PBXFileReference section */

/* Begin PBXFileSystemSynchronizedBuildFileExceptionSet section */
		9B517F4B2CD4E7C90067B011 /* PBXFileSystemSynchronizedBuildFileExceptionSet */ = {
			isa = PBXFileSystemSynchronizedBuildFileExceptionSet;
			membershipExceptions = (
				Info.plist,
			);
			target = 9B53DD142CAED23E00C5893C /* Prototype House WidgetsExtension */;
		};
		9B517F4C2CD4E7C90067B011 /* PBXFileSystemSynchronizedBuildFileExceptionSet */ = {
			isa = PBXFileSystemSynchronizedBuildFileExceptionSet;
			membershipExceptions = (
				Info.plist,
			);
			target = 9BD866AF29AD20CE0080DED7 /* Prototype House UIKit */;
		};
		9B517F4D2CD4E7C90067B011 /* PBXFileSystemSynchronizedBuildFileExceptionSet */ = {
			isa = PBXFileSystemSynchronizedBuildFileExceptionSet;
			membershipExceptions = (
				/Localized/Main.storyboard,
			);
			target = 9B7CDF182C1F883600C520C0 /* Prototype House AppKit */;
		};
		9B5180222CD4E7EB0067B011 /* PBXFileSystemSynchronizedBuildFileExceptionSet */ = {
			isa = PBXFileSystemSynchronizedBuildFileExceptionSet;
			membershipExceptions = (
				Prototypes/Errors/README.md,
				"Prototypes/Upcoming Workout Cell/README.md",
				"Resources/Prototype-House-Info.plist",
			);
			target = 9BF616B3276376D400D26E7B /* Prototype House */;
		};
/* End PBXFileSystemSynchronizedBuildFileExceptionSet section */

/* Begin PBXFileSystemSynchronizedGroupBuildPhaseMembershipExceptionSet section */
		9B517F4E2CD4E7C90067B011 /* PBXFileSystemSynchronizedGroupBuildPhaseMembershipExceptionSet */ = {
			isa = PBXFileSystemSynchronizedGroupBuildPhaseMembershipExceptionSet;
			buildPhase = 9B7CDF172C1F883600C520C0 /* Resources */;
			membershipExceptions = (
				Base.lproj/Main.storyboard,
			);
		};
/* End PBXFileSystemSynchronizedGroupBuildPhaseMembershipExceptionSet section */

/* Begin PBXFileSystemSynchronizedRootGroup section */
		9B2B192A2CFDBAF7007E2DAA /* Compatibility Prototype House */ = {isa = PBXFileSystemSynchronizedRootGroup; explicitFileTypes = {}; explicitFolders = (); path = "Compatibility Prototype House"; sourceTree = "<group>"; };
		9B517F052CD4E7C90067B011 /* Prototype House AppKit */ = {isa = PBXFileSystemSynchronizedRootGroup; exceptions = (9B517F4D2CD4E7C90067B011 /* PBXFileSystemSynchronizedBuildFileExceptionSet */, 9B517F4E2CD4E7C90067B011 /* PBXFileSystemSynchronizedGroupBuildPhaseMembershipExceptionSet */, ); explicitFileTypes = {}; explicitFolders = (); path = "Prototype House AppKit"; sourceTree = "<group>"; };
		9B517F182CD4E7C90067B011 /* Prototype House Watch App */ = {isa = PBXFileSystemSynchronizedRootGroup; explicitFileTypes = {}; explicitFolders = (); path = "Prototype House Watch App"; sourceTree = "<group>"; };
		9B517F322CD4E7C90067B011 /* Prototype House UIKit */ = {isa = PBXFileSystemSynchronizedRootGroup; exceptions = (9B517F4C2CD4E7C90067B011 /* PBXFileSystemSynchronizedBuildFileExceptionSet */, ); explicitFileTypes = {}; explicitFolders = (); path = "Prototype House UIKit"; sourceTree = "<group>"; };
		9B517F442CD4E7C90067B011 /* Prototype House Widgets */ = {isa = PBXFileSystemSynchronizedRootGroup; exceptions = (9B517F4B2CD4E7C90067B011 /* PBXFileSystemSynchronizedBuildFileExceptionSet */, ); explicitFileTypes = {}; explicitFolders = (); path = "Prototype House Widgets"; sourceTree = "<group>"; };
		9B517FD32CD4E7EB0067B011 /* Prototype House */ = {isa = PBXFileSystemSynchronizedRootGroup; exceptions = (9B5180222CD4E7EB0067B011 /* PBXFileSystemSynchronizedBuildFileExceptionSet */, ); explicitFileTypes = {}; explicitFolders = (); path = "Prototype House"; sourceTree = "<group>"; };
		9B5180882CD4E8150067B011 /* Prototype House Mac */ = {isa = PBXFileSystemSynchronizedRootGroup; explicitFileTypes = {}; explicitFolders = (); path = "Prototype House Mac"; sourceTree = "<group>"; };
		9B5180B72CD4E85C0067B011 /* Prototype House iOS Tests */ = {isa = PBXFileSystemSynchronizedRootGroup; explicitFileTypes = {}; explicitFolders = (); path = "Prototype House iOS Tests"; sourceTree = "<group>"; };
/* End PBXFileSystemSynchronizedRootGroup section */

/* Begin PBXFrameworksBuildPhase section */
		9B2B19262CFDBAF7007E2DAA /* Frameworks */ = {
			isa = PBXFrameworksBuildPhase;
			buildActionMask = 2147483647;
			files = (
			);
			runOnlyForDeploymentPostprocessing = 0;
		};
		9B53DD122CAED23E00C5893C /* Frameworks */ = {
			isa = PBXFrameworksBuildPhase;
			buildActionMask = 2147483647;
			files = (
				9B53DD192CAED23E00C5893C /* SwiftUI.framework in Frameworks */,
				9B027DEE2CC2FB5500A31F3E /* PrototypeActivities in Frameworks */,
				9B53DD172CAED23E00C5893C /* WidgetKit.framework in Frameworks */,
			);
			runOnlyForDeploymentPostprocessing = 0;
		};
		9B7CDF162C1F883600C520C0 /* Frameworks */ = {
			isa = PBXFrameworksBuildPhase;
			buildActionMask = 2147483647;
			files = (
			);
			runOnlyForDeploymentPostprocessing = 0;
		};
		9B81E7E82A42F960003324FE /* Frameworks */ = {
			isa = PBXFrameworksBuildPhase;
			buildActionMask = 2147483647;
			files = (
			);
			runOnlyForDeploymentPostprocessing = 0;
		};
		9BC17D3F278335F8000FC491 /* Frameworks */ = {
			isa = PBXFrameworksBuildPhase;
			buildActionMask = 2147483647;
			files = (
				9B965E212C235DCA00D988D9 /* SuggestionTextField in Frameworks */,
			);
			runOnlyForDeploymentPostprocessing = 0;
		};
		9BC451EA2AC1B180002F9D8E /* Frameworks */ = {
			isa = PBXFrameworksBuildPhase;
			buildActionMask = 2147483647;
			files = (
				9BC451FA2AC1BBBC002F9D8E /* SnapshotTesting in Frameworks */,
			);
			runOnlyForDeploymentPostprocessing = 0;
		};
		9BD866AD29AD20CE0080DED7 /* Frameworks */ = {
			isa = PBXFrameworksBuildPhase;
			buildActionMask = 2147483647;
			files = (
			);
			runOnlyForDeploymentPostprocessing = 0;
		};
		9BF616B1276376D400D26E7B /* Frameworks */ = {
			isa = PBXFrameworksBuildPhase;
			buildActionMask = 2147483647;
			files = (
				9BC108042D981CE0004DDC17 /* SwiftUIIntrospect in Frameworks */,
				9B027DEC2CC2FB4D00A31F3E /* PrototypeActivities in Frameworks */,
				9B4795882A575D5400C318D9 /* SamplePackage in Frameworks */,
			);
			runOnlyForDeploymentPostprocessing = 0;
		};
/* End PBXFrameworksBuildPhase section */

/* Begin PBXGroup section */
		9B851CF62A57571F00C37160 /* Frameworks */ = {
			isa = PBXGroup;
			children = (
				9B53DD162CAED23E00C5893C /* WidgetKit.framework */,
				9B53DD182CAED23E00C5893C /* SwiftUI.framework */,
			);
			name = Frameworks;
			sourceTree = "<group>";
		};
		9BF616AB276376D400D26E7B = {
			isa = PBXGroup;
			children = (
				9B3A29892CC1A3890007698F /* PrototypeActivities */,
				9B55C2CD2A56DF88001DB9C7 /* SamplePackage */,
				9B517FD32CD4E7EB0067B011 /* Prototype House */,
				9B5180882CD4E8150067B011 /* Prototype House Mac */,
				9B517F322CD4E7C90067B011 /* Prototype House UIKit */,
				9B517F182CD4E7C90067B011 /* Prototype House Watch App */,
				9B5180B72CD4E85C0067B011 /* Prototype House iOS Tests */,
				9B517F052CD4E7C90067B011 /* Prototype House AppKit */,
				9B517F442CD4E7C90067B011 /* Prototype House Widgets */,
				9B2B192A2CFDBAF7007E2DAA /* Compatibility Prototype House */,
				9BF616B5276376D400D26E7B /* Products */,
				9B851CF62A57571F00C37160 /* Frameworks */,
			);
			sourceTree = "<group>";
		};
		9BF616B5276376D400D26E7B /* Products */ = {
			isa = PBXGroup;
			children = (
				9BF616B4276376D400D26E7B /* Prototype House iOS.app */,
				9BC17D42278335F8000FC491 /* Prototype House Mac.app */,
				9BD866B029AD20CE0080DED7 /* Prototype House UIKit.app */,
				9B81E7EB2A42F960003324FE /* Prototype House Watch App.app */,
				9BC451ED2AC1B180002F9D8E /* Prototype House iOS Tests.xctest */,
				9B7CDF192C1F883600C520C0 /* Prototype House AppKit.app */,
				9B53DD152CAED23E00C5893C /* Prototype House WidgetsExtension.appex */,
				9B2B19292CFDBAF7007E2DAA /* Compatibility Prototype House.app */,
			);
			name = Products;
			sourceTree = "<group>";
		};
/* End PBXGroup section */

/* Begin PBXNativeTarget section */
		9B2B19282CFDBAF7007E2DAA /* Compatibility Prototype House */ = {
			isa = PBXNativeTarget;
			buildConfigurationList = 9B2B19362CFDBAF8007E2DAA /* Build configuration list for PBXNativeTarget "Compatibility Prototype House" */;
			buildPhases = (
				9B2B19252CFDBAF7007E2DAA /* Sources */,
				9B2B19262CFDBAF7007E2DAA /* Frameworks */,
				9B2B19272CFDBAF7007E2DAA /* Resources */,
			);
			buildRules = (
			);
			dependencies = (
			);
			fileSystemSynchronizedGroups = (
				9B2B192A2CFDBAF7007E2DAA /* Compatibility Prototype House */,
			);
			name = "Compatibility Prototype House";
			packageProductDependencies = (
			);
			productName = "Compatibility Prototype House";
			productReference = 9B2B19292CFDBAF7007E2DAA /* Compatibility Prototype House.app */;
			productType = "com.apple.product-type.application";
		};
		9B53DD142CAED23E00C5893C /* Prototype House WidgetsExtension */ = {
			isa = PBXNativeTarget;
			buildConfigurationList = 9B53DD2B2CAED24000C5893C /* Build configuration list for PBXNativeTarget "Prototype House WidgetsExtension" */;
			buildPhases = (
				9B53DD112CAED23E00C5893C /* Sources */,
				9B53DD122CAED23E00C5893C /* Frameworks */,
				9B53DD132CAED23E00C5893C /* Resources */,
			);
			buildRules = (
			);
			dependencies = (
			);
			fileSystemSynchronizedGroups = (
				9B517F442CD4E7C90067B011 /* Prototype House Widgets */,
			);
			name = "Prototype House WidgetsExtension";
			packageProductDependencies = (
				9B027DED2CC2FB5500A31F3E /* PrototypeActivities */,
			);
			productName = "Prototype House WidgetsExtension";
			productReference = 9B53DD152CAED23E00C5893C /* Prototype House WidgetsExtension.appex */;
			productType = "com.apple.product-type.app-extension";
		};
		9B7CDF182C1F883600C520C0 /* Prototype House AppKit */ = {
			isa = PBXNativeTarget;
			buildConfigurationList = 9B7CDF272C1F883700C520C0 /* Build configuration list for PBXNativeTarget "Prototype House AppKit" */;
			buildPhases = (
				9B7CDF152C1F883600C520C0 /* Sources */,
				9B7CDF162C1F883600C520C0 /* Frameworks */,
				9B7CDF172C1F883600C520C0 /* Resources */,
			);
			buildRules = (
			);
			dependencies = (
			);
			fileSystemSynchronizedGroups = (
				9B517F052CD4E7C90067B011 /* Prototype House AppKit */,
			);
			name = "Prototype House AppKit";
			productName = "Prototype House AppKit";
			productReference = 9B7CDF192C1F883600C520C0 /* Prototype House AppKit.app */;
			productType = "com.apple.product-type.application";
		};
		9B81E7EA2A42F960003324FE /* Prototype House Watch App */ = {
			isa = PBXNativeTarget;
			buildConfigurationList = 9B81E7FC2A42F960003324FE /* Build configuration list for PBXNativeTarget "Prototype House Watch App" */;
			buildPhases = (
				9B81E7E72A42F960003324FE /* Sources */,
				9B81E7E82A42F960003324FE /* Frameworks */,
				9B81E7E92A42F960003324FE /* Resources */,
			);
			buildRules = (
			);
			dependencies = (
			);
			fileSystemSynchronizedGroups = (
				9B517F182CD4E7C90067B011 /* Prototype House Watch App */,
			);
			name = "Prototype House Watch App";
			productName = "Prototype House Watch Watch App";
			productReference = 9B81E7EB2A42F960003324FE /* Prototype House Watch App.app */;
			productType = "com.apple.product-type.application";
		};
		9BC17D41278335F8000FC491 /* Prototype House Mac */ = {
			isa = PBXNativeTarget;
			buildConfigurationList = 9BC17D50278335FA000FC491 /* Build configuration list for PBXNativeTarget "Prototype House Mac" */;
			buildPhases = (
				9BC17D3E278335F8000FC491 /* Sources */,
				9BC17D3F278335F8000FC491 /* Frameworks */,
				9BC17D40278335F8000FC491 /* Resources */,
			);
			buildRules = (
			);
			dependencies = (
			);
			fileSystemSynchronizedGroups = (
				9B5180882CD4E8150067B011 /* Prototype House Mac */,
			);
			name = "Prototype House Mac";
			packageProductDependencies = (
				9B965E202C235DCA00D988D9 /* SuggestionTextField */,
			);
			productName = "Prototype House Mac";
			productReference = 9BC17D42278335F8000FC491 /* Prototype House Mac.app */;
			productType = "com.apple.product-type.application";
		};
		9BC451EC2AC1B180002F9D8E /* Prototype House iOS Tests */ = {
			isa = PBXNativeTarget;
			buildConfigurationList = 9BC451F52AC1B181002F9D8E /* Build configuration list for PBXNativeTarget "Prototype House iOS Tests" */;
			buildPhases = (
				9BC451E92AC1B180002F9D8E /* Sources */,
				9BC451EA2AC1B180002F9D8E /* Frameworks */,
				9BC451EB2AC1B180002F9D8E /* Resources */,
			);
			buildRules = (
			);
			dependencies = (
				9BC451F22AC1B180002F9D8E /* PBXTargetDependency */,
			);
			fileSystemSynchronizedGroups = (
				9B5180B72CD4E85C0067B011 /* Prototype House iOS Tests */,
			);
			name = "Prototype House iOS Tests";
			packageProductDependencies = (
				9BC451F92AC1BBBC002F9D8E /* SnapshotTesting */,
			);
			productName = "Prototype House iOS Tests";
			productReference = 9BC451ED2AC1B180002F9D8E /* Prototype House iOS Tests.xctest */;
			productType = "com.apple.product-type.bundle.unit-test";
		};
		9BD866AF29AD20CE0080DED7 /* Prototype House UIKit */ = {
			isa = PBXNativeTarget;
			buildConfigurationList = 9BD866C329AD20CF0080DED7 /* Build configuration list for PBXNativeTarget "Prototype House UIKit" */;
			buildPhases = (
				9BD866AC29AD20CE0080DED7 /* Sources */,
				9BD866AD29AD20CE0080DED7 /* Frameworks */,
				9BD866AE29AD20CE0080DED7 /* Resources */,
			);
			buildRules = (
			);
			dependencies = (
			);
			fileSystemSynchronizedGroups = (
				9B517F322CD4E7C90067B011 /* Prototype House UIKit */,
			);
			name = "Prototype House UIKit";
			productName = "Prototype House UIKit";
			productReference = 9BD866B029AD20CE0080DED7 /* Prototype House UIKit.app */;
			productType = "com.apple.product-type.application";
		};
		9BF616B3276376D400D26E7B /* Prototype House */ = {
			isa = PBXNativeTarget;
			buildConfigurationList = 9BF616C2276376D500D26E7B /* Build configuration list for PBXNativeTarget "Prototype House" */;
			buildPhases = (
				9BF616B0276376D400D26E7B /* Sources */,
				9BF616B1276376D400D26E7B /* Frameworks */,
				9BF616B2276376D400D26E7B /* Resources */,
				9B81E7F92A42F960003324FE /* Embed Watch Content */,
				9B53DD272CAED24000C5893C /* Embed Foundation Extensions */,
			);
			buildRules = (
			);
			dependencies = (
				9B81E7F72A42F960003324FE /* PBXTargetDependency */,
				9B53DD252CAED24000C5893C /* PBXTargetDependency */,
			);
			fileSystemSynchronizedGroups = (
				9B517FD32CD4E7EB0067B011 /* Prototype House */,
			);
			name = "Prototype House";
			packageProductDependencies = (
				9B4795872A575D5400C318D9 /* SamplePackage */,
				9B027DEB2CC2FB4D00A31F3E /* PrototypeActivities */,
				9BC108032D981CE0004DDC17 /* SwiftUIIntrospect */,
			);
			productName = "Prototype House";
			productReference = 9BF616B4276376D400D26E7B /* Prototype House iOS.app */;
			productType = "com.apple.product-type.application";
		};
/* End PBXNativeTarget section */

/* Begin PBXProject section */
		9BF616AC276376D400D26E7B /* Project object */ = {
			isa = PBXProject;
			attributes = {
				BuildIndependentTargetsInParallel = 1;
				LastSwiftUpdateCheck = 1610;
				LastUpgradeCheck = 1310;
				TargetAttributes = {
					9B2B19282CFDBAF7007E2DAA = {
						CreatedOnToolsVersion = 16.1;
					};
					9B53DD142CAED23E00C5893C = {
						CreatedOnToolsVersion = 16.0;
					};
					9B7CDF182C1F883600C520C0 = {
						CreatedOnToolsVersion = 15.4;
					};
					9B81E7EA2A42F960003324FE = {
						CreatedOnToolsVersion = 14.3.1;
					};
					9BC17D41278335F8000FC491 = {
						CreatedOnToolsVersion = 13.2;
					};
					9BC451EC2AC1B180002F9D8E = {
						CreatedOnToolsVersion = 15.0;
						TestTargetID = 9BF616B3276376D400D26E7B;
					};
					9BD866AF29AD20CE0080DED7 = {
						CreatedOnToolsVersion = 14.2;
					};
					9BF616B3276376D400D26E7B = {
						CreatedOnToolsVersion = 13.1;
					};
				};
			};
			buildConfigurationList = 9BF616AF276376D400D26E7B /* Build configuration list for PBXProject "Prototype House" */;
			developmentRegion = en;
			hasScannedForEncodings = 0;
			knownRegions = (
				en,
				Base,
				es,
				nb,
			);
			mainGroup = 9BF616AB276376D400D26E7B;
			packageReferences = (
				9BC451F82AC1BBBC002F9D8E /* XCRemoteSwiftPackageReference "swift-snapshot-testing" */,
				9B965E1F2C235DCA00D988D9 /* XCRemoteSwiftPackageReference "suggestion-text-field" */,
				9BC108022D981CE0004DDC17 /* XCRemoteSwiftPackageReference "swiftui-introspect" */,
			);
			preferredProjectObjectVersion = 55;
			productRefGroup = 9BF616B5276376D400D26E7B /* Products */;
			projectDirPath = "";
			projectRoot = "";
			targets = (
				9BF616B3276376D400D26E7B /* Prototype House */,
				9BC17D41278335F8000FC491 /* Prototype House Mac */,
				9BD866AF29AD20CE0080DED7 /* Prototype House UIKit */,
				9B81E7EA2A42F960003324FE /* Prototype House Watch App */,
				9BC451EC2AC1B180002F9D8E /* Prototype House iOS Tests */,
				9B7CDF182C1F883600C520C0 /* Prototype House AppKit */,
				9B53DD142CAED23E00C5893C /* Prototype House WidgetsExtension */,
				9B2B19282CFDBAF7007E2DAA /* Compatibility Prototype House */,
			);
		};
/* End PBXProject section */

/* Begin PBXResourcesBuildPhase section */
		9B2B19272CFDBAF7007E2DAA /* Resources */ = {
			isa = PBXResourcesBuildPhase;
			buildActionMask = 2147483647;
			files = (
			);
			runOnlyForDeploymentPostprocessing = 0;
		};
		9B53DD132CAED23E00C5893C /* Resources */ = {
			isa = PBXResourcesBuildPhase;
			buildActionMask = 2147483647;
			files = (
			);
			runOnlyForDeploymentPostprocessing = 0;
		};
		9B7CDF172C1F883600C520C0 /* Resources */ = {
			isa = PBXResourcesBuildPhase;
			buildActionMask = 2147483647;
			files = (
			);
			runOnlyForDeploymentPostprocessing = 0;
		};
		9B81E7E92A42F960003324FE /* Resources */ = {
			isa = PBXResourcesBuildPhase;
			buildActionMask = 2147483647;
			files = (
			);
			runOnlyForDeploymentPostprocessing = 0;
		};
		9BC17D40278335F8000FC491 /* Resources */ = {
			isa = PBXResourcesBuildPhase;
			buildActionMask = 2147483647;
			files = (
			);
			runOnlyForDeploymentPostprocessing = 0;
		};
		9BC451EB2AC1B180002F9D8E /* Resources */ = {
			isa = PBXResourcesBuildPhase;
			buildActionMask = 2147483647;
			files = (
			);
			runOnlyForDeploymentPostprocessing = 0;
		};
		9BD866AE29AD20CE0080DED7 /* Resources */ = {
			isa = PBXResourcesBuildPhase;
			buildActionMask = 2147483647;
			files = (
			);
			runOnlyForDeploymentPostprocessing = 0;
		};
		9BF616B2276376D400D26E7B /* Resources */ = {
			isa = PBXResourcesBuildPhase;
			buildActionMask = 2147483647;
			files = (
			);
			runOnlyForDeploymentPostprocessing = 0;
		};
/* End PBXResourcesBuildPhase section */

/* Begin PBXSourcesBuildPhase section */
		9B2B19252CFDBAF7007E2DAA /* Sources */ = {
			isa = PBXSourcesBuildPhase;
			buildActionMask = 2147483647;
			files = (
			);
			runOnlyForDeploymentPostprocessing = 0;
		};
		9B53DD112CAED23E00C5893C /* Sources */ = {
			isa = PBXSourcesBuildPhase;
			buildActionMask = 2147483647;
			files = (
			);
			runOnlyForDeploymentPostprocessing = 0;
		};
		9B7CDF152C1F883600C520C0 /* Sources */ = {
			isa = PBXSourcesBuildPhase;
			buildActionMask = 2147483647;
			files = (
			);
			runOnlyForDeploymentPostprocessing = 0;
		};
		9B81E7E72A42F960003324FE /* Sources */ = {
			isa = PBXSourcesBuildPhase;
			buildActionMask = 2147483647;
			files = (
			);
			runOnlyForDeploymentPostprocessing = 0;
		};
		9BC17D3E278335F8000FC491 /* Sources */ = {
			isa = PBXSourcesBuildPhase;
			buildActionMask = 2147483647;
			files = (
			);
			runOnlyForDeploymentPostprocessing = 0;
		};
		9BC451E92AC1B180002F9D8E /* Sources */ = {
			isa = PBXSourcesBuildPhase;
			buildActionMask = 2147483647;
			files = (
			);
			runOnlyForDeploymentPostprocessing = 0;
		};
		9BD866AC29AD20CE0080DED7 /* Sources */ = {
			isa = PBXSourcesBuildPhase;
			buildActionMask = 2147483647;
			files = (
			);
			runOnlyForDeploymentPostprocessing = 0;
		};
		9BF616B0276376D400D26E7B /* Sources */ = {
			isa = PBXSourcesBuildPhase;
			buildActionMask = 2147483647;
			files = (
			);
			runOnlyForDeploymentPostprocessing = 0;
		};
/* End PBXSourcesBuildPhase section */

/* Begin PBXTargetDependency section */
		9B53DD252CAED24000C5893C /* PBXTargetDependency */ = {
			isa = PBXTargetDependency;
			target = 9B53DD142CAED23E00C5893C /* Prototype House WidgetsExtension */;
			targetProxy = 9B53DD242CAED24000C5893C /* PBXContainerItemProxy */;
		};
		9B81E7F72A42F960003324FE /* PBXTargetDependency */ = {
			isa = PBXTargetDependency;
			target = 9B81E7EA2A42F960003324FE /* Prototype House Watch App */;
			targetProxy = 9B81E7F62A42F960003324FE /* PBXContainerItemProxy */;
		};
		9BC451F22AC1B180002F9D8E /* PBXTargetDependency */ = {
			isa = PBXTargetDependency;
			target = 9BF616B3276376D400D26E7B /* Prototype House */;
			targetProxy = 9BC451F12AC1B180002F9D8E /* PBXContainerItemProxy */;
		};
/* End PBXTargetDependency section */

/* Begin XCBuildConfiguration section */
		9B2B19342CFDBAF8007E2DAA /* Debug */ = {
			isa = XCBuildConfiguration;
			buildSettings = {
				ASSETCATALOG_COMPILER_APPICON_NAME = AppIcon;
				ASSETCATALOG_COMPILER_GENERATE_SWIFT_ASSET_SYMBOL_EXTENSIONS = YES;
				ASSETCATALOG_COMPILER_GLOBAL_ACCENT_COLOR_NAME = AccentColor;
				CLANG_CXX_LANGUAGE_STANDARD = "gnu++20";
				CODE_SIGN_STYLE = Automatic;
				CURRENT_PROJECT_VERSION = 1;
				DEVELOPMENT_ASSET_PATHS = "\"Compatibility Prototype House/Preview Content\"";
				DEVELOPMENT_TEAM = 4E6CZX3H5W;
				ENABLE_PREVIEWS = YES;
				ENABLE_USER_SCRIPT_SANDBOXING = YES;
				GCC_C_LANGUAGE_STANDARD = gnu17;
				GENERATE_INFOPLIST_FILE = YES;
				INFOPLIST_KEY_UIApplicationSceneManifest_Generation = YES;
				INFOPLIST_KEY_UIApplicationSupportsIndirectInputEvents = YES;
				INFOPLIST_KEY_UILaunchScreen_Generation = YES;
				INFOPLIST_KEY_UISupportedInterfaceOrientations_iPad = "UIInterfaceOrientationPortrait UIInterfaceOrientationPortraitUpsideDown UIInterfaceOrientationLandscapeLeft UIInterfaceOrientationLandscapeRight";
				INFOPLIST_KEY_UISupportedInterfaceOrientations_iPhone = "UIInterfaceOrientationPortrait UIInterfaceOrientationLandscapeLeft UIInterfaceOrientationLandscapeRight";
				IPHONEOS_DEPLOYMENT_TARGET = 17;
				LD_RUNPATH_SEARCH_PATHS = (
					"$(inherited)",
					"@executable_path/Frameworks",
				);
				LOCALIZATION_PREFERS_STRING_CATALOGS = YES;
				MARKETING_VERSION = 1.0;
				PRODUCT_BUNDLE_IDENTIFIER = "com.fespinozacast.Compatibility-Prototype-House";
				PRODUCT_NAME = "$(TARGET_NAME)";
				SWIFT_ACTIVE_COMPILATION_CONDITIONS = "DEBUG $(inherited)";
				SWIFT_EMIT_LOC_STRINGS = YES;
				SWIFT_VERSION = 5.0;
				TARGETED_DEVICE_FAMILY = "1,2";
			};
			name = Debug;
		};
		9B2B19352CFDBAF8007E2DAA /* Release */ = {
			isa = XCBuildConfiguration;
			buildSettings = {
				ASSETCATALOG_COMPILER_APPICON_NAME = AppIcon;
				ASSETCATALOG_COMPILER_GENERATE_SWIFT_ASSET_SYMBOL_EXTENSIONS = YES;
				ASSETCATALOG_COMPILER_GLOBAL_ACCENT_COLOR_NAME = AccentColor;
				CLANG_CXX_LANGUAGE_STANDARD = "gnu++20";
				CODE_SIGN_STYLE = Automatic;
				CURRENT_PROJECT_VERSION = 1;
				DEVELOPMENT_ASSET_PATHS = "\"Compatibility Prototype House/Preview Content\"";
				DEVELOPMENT_TEAM = 4E6CZX3H5W;
				ENABLE_PREVIEWS = YES;
				ENABLE_USER_SCRIPT_SANDBOXING = YES;
				GCC_C_LANGUAGE_STANDARD = gnu17;
				GENERATE_INFOPLIST_FILE = YES;
				INFOPLIST_KEY_UIApplicationSceneManifest_Generation = YES;
				INFOPLIST_KEY_UIApplicationSupportsIndirectInputEvents = YES;
				INFOPLIST_KEY_UILaunchScreen_Generation = YES;
				INFOPLIST_KEY_UISupportedInterfaceOrientations_iPad = "UIInterfaceOrientationPortrait UIInterfaceOrientationPortraitUpsideDown UIInterfaceOrientationLandscapeLeft UIInterfaceOrientationLandscapeRight";
				INFOPLIST_KEY_UISupportedInterfaceOrientations_iPhone = "UIInterfaceOrientationPortrait UIInterfaceOrientationLandscapeLeft UIInterfaceOrientationLandscapeRight";
				IPHONEOS_DEPLOYMENT_TARGET = 17;
				LD_RUNPATH_SEARCH_PATHS = (
					"$(inherited)",
					"@executable_path/Frameworks",
				);
				LOCALIZATION_PREFERS_STRING_CATALOGS = YES;
				MARKETING_VERSION = 1.0;
				PRODUCT_BUNDLE_IDENTIFIER = "com.fespinozacast.Compatibility-Prototype-House";
				PRODUCT_NAME = "$(TARGET_NAME)";
				SWIFT_EMIT_LOC_STRINGS = YES;
				SWIFT_VERSION = 5.0;
				TARGETED_DEVICE_FAMILY = "1,2";
			};
			name = Release;
		};
		9B53DD282CAED24000C5893C /* Debug */ = {
			isa = XCBuildConfiguration;
			buildSettings = {
				ASSETCATALOG_COMPILER_GENERATE_SWIFT_ASSET_SYMBOL_EXTENSIONS = YES;
				ASSETCATALOG_COMPILER_GLOBAL_ACCENT_COLOR_NAME = AccentColor;
				ASSETCATALOG_COMPILER_WIDGET_BACKGROUND_COLOR_NAME = WidgetBackground;
				CLANG_CXX_LANGUAGE_STANDARD = "gnu++20";
				CODE_SIGN_STYLE = Automatic;
				CURRENT_PROJECT_VERSION = 1;
				DEVELOPMENT_TEAM = 4E6CZX3H5W;
				ENABLE_USER_SCRIPT_SANDBOXING = YES;
				GCC_C_LANGUAGE_STANDARD = gnu17;
				GENERATE_INFOPLIST_FILE = YES;
				INFOPLIST_FILE = "Prototype House Widgets/Info.plist";
				INFOPLIST_KEY_CFBundleDisplayName = "Prototype House Widgets";
				INFOPLIST_KEY_NSHumanReadableCopyright = "";
				IPHONEOS_DEPLOYMENT_TARGET = 18.0;
				LD_RUNPATH_SEARCH_PATHS = (
					"$(inherited)",
					"@executable_path/Frameworks",
					"@executable_path/../../Frameworks",
				);
				LOCALIZATION_PREFERS_STRING_CATALOGS = YES;
				MARKETING_VERSION = 1.0;
				PRODUCT_BUNDLE_IDENTIFIER = "com.fespinozacast.code.prototypes.Prototype-House.Prototype-House-Widgets";
				PRODUCT_NAME = "$(TARGET_NAME)";
				SKIP_INSTALL = YES;
				SWIFT_ACTIVE_COMPILATION_CONDITIONS = "DEBUG $(inherited)";
				SWIFT_EMIT_LOC_STRINGS = YES;
				SWIFT_VERSION = 5.0;
				TARGETED_DEVICE_FAMILY = "1,2";
			};
			name = Debug;
		};
		9B53DD292CAED24000C5893C /* Release */ = {
			isa = XCBuildConfiguration;
			buildSettings = {
				ASSETCATALOG_COMPILER_GENERATE_SWIFT_ASSET_SYMBOL_EXTENSIONS = YES;
				ASSETCATALOG_COMPILER_GLOBAL_ACCENT_COLOR_NAME = AccentColor;
				ASSETCATALOG_COMPILER_WIDGET_BACKGROUND_COLOR_NAME = WidgetBackground;
				CLANG_CXX_LANGUAGE_STANDARD = "gnu++20";
				CODE_SIGN_STYLE = Automatic;
				CURRENT_PROJECT_VERSION = 1;
				DEVELOPMENT_TEAM = 4E6CZX3H5W;
				ENABLE_USER_SCRIPT_SANDBOXING = YES;
				GCC_C_LANGUAGE_STANDARD = gnu17;
				GENERATE_INFOPLIST_FILE = YES;
				INFOPLIST_FILE = "Prototype House Widgets/Info.plist";
				INFOPLIST_KEY_CFBundleDisplayName = "Prototype House Widgets";
				INFOPLIST_KEY_NSHumanReadableCopyright = "";
				IPHONEOS_DEPLOYMENT_TARGET = 18.0;
				LD_RUNPATH_SEARCH_PATHS = (
					"$(inherited)",
					"@executable_path/Frameworks",
					"@executable_path/../../Frameworks",
				);
				LOCALIZATION_PREFERS_STRING_CATALOGS = YES;
				MARKETING_VERSION = 1.0;
				PRODUCT_BUNDLE_IDENTIFIER = "com.fespinozacast.code.prototypes.Prototype-House.Prototype-House-Widgets";
				PRODUCT_NAME = "$(TARGET_NAME)";
				SKIP_INSTALL = YES;
				SWIFT_EMIT_LOC_STRINGS = YES;
				SWIFT_VERSION = 5.0;
				TARGETED_DEVICE_FAMILY = "1,2";
			};
			name = Release;
		};
		9B7CDF252C1F883700C520C0 /* Debug */ = {
			isa = XCBuildConfiguration;
			buildSettings = {
				ASSETCATALOG_COMPILER_APPICON_NAME = AppIcon;
				ASSETCATALOG_COMPILER_GENERATE_SWIFT_ASSET_SYMBOL_EXTENSIONS = YES;
				ASSETCATALOG_COMPILER_GLOBAL_ACCENT_COLOR_NAME = AccentColor;
				CLANG_CXX_LANGUAGE_STANDARD = "gnu++20";
				CODE_SIGN_ENTITLEMENTS = "Prototype House AppKit/Prototype_House_AppKit.entitlements";
				CODE_SIGN_STYLE = Automatic;
				COMBINE_HIDPI_IMAGES = YES;
				CURRENT_PROJECT_VERSION = 1;
				DEVELOPMENT_TEAM = 4E6CZX3H5W;
				ENABLE_HARDENED_RUNTIME = YES;
				ENABLE_USER_SCRIPT_SANDBOXING = YES;
				GCC_C_LANGUAGE_STANDARD = gnu17;
				GENERATE_INFOPLIST_FILE = YES;
				INFOPLIST_KEY_NSHumanReadableCopyright = "";
				INFOPLIST_KEY_NSMainStoryboardFile = Main;
				INFOPLIST_KEY_NSPrincipalClass = NSApplication;
				LD_RUNPATH_SEARCH_PATHS = (
					"$(inherited)",
					"@executable_path/../Frameworks",
				);
				LOCALIZATION_PREFERS_STRING_CATALOGS = YES;
				MACOSX_DEPLOYMENT_TARGET = 15;
				MARKETING_VERSION = 1.0;
				PRODUCT_BUNDLE_IDENTIFIER = "com.fespinozacast.prototypes.Prototype-House-AppKit";
				PRODUCT_NAME = "$(TARGET_NAME)";
				SDKROOT = macosx;
				SWIFT_ACTIVE_COMPILATION_CONDITIONS = "DEBUG $(inherited)";
				SWIFT_EMIT_LOC_STRINGS = YES;
				SWIFT_VERSION = 5.0;
			};
			name = Debug;
		};
		9B7CDF262C1F883700C520C0 /* Release */ = {
			isa = XCBuildConfiguration;
			buildSettings = {
				ASSETCATALOG_COMPILER_APPICON_NAME = AppIcon;
				ASSETCATALOG_COMPILER_GENERATE_SWIFT_ASSET_SYMBOL_EXTENSIONS = YES;
				ASSETCATALOG_COMPILER_GLOBAL_ACCENT_COLOR_NAME = AccentColor;
				CLANG_CXX_LANGUAGE_STANDARD = "gnu++20";
				CODE_SIGN_ENTITLEMENTS = "Prototype House AppKit/Prototype_House_AppKit.entitlements";
				CODE_SIGN_STYLE = Automatic;
				COMBINE_HIDPI_IMAGES = YES;
				CURRENT_PROJECT_VERSION = 1;
				DEVELOPMENT_TEAM = 4E6CZX3H5W;
				ENABLE_HARDENED_RUNTIME = YES;
				ENABLE_USER_SCRIPT_SANDBOXING = YES;
				GCC_C_LANGUAGE_STANDARD = gnu17;
				GENERATE_INFOPLIST_FILE = YES;
				INFOPLIST_KEY_NSHumanReadableCopyright = "";
				INFOPLIST_KEY_NSMainStoryboardFile = Main;
				INFOPLIST_KEY_NSPrincipalClass = NSApplication;
				LD_RUNPATH_SEARCH_PATHS = (
					"$(inherited)",
					"@executable_path/../Frameworks",
				);
				LOCALIZATION_PREFERS_STRING_CATALOGS = YES;
				MACOSX_DEPLOYMENT_TARGET = 15;
				MARKETING_VERSION = 1.0;
				PRODUCT_BUNDLE_IDENTIFIER = "com.fespinozacast.prototypes.Prototype-House-AppKit";
				PRODUCT_NAME = "$(TARGET_NAME)";
				SDKROOT = macosx;
				SWIFT_EMIT_LOC_STRINGS = YES;
				SWIFT_VERSION = 5.0;
			};
			name = Release;
		};
		9B81E7FA2A42F960003324FE /* Debug */ = {
			isa = XCBuildConfiguration;
			buildSettings = {
				ASSETCATALOG_COMPILER_APPICON_NAME = AppIcon;
				ASSETCATALOG_COMPILER_GLOBAL_ACCENT_COLOR_NAME = AccentColor;
				CLANG_CXX_LANGUAGE_STANDARD = "gnu++20";
				CODE_SIGN_STYLE = Automatic;
				CURRENT_PROJECT_VERSION = 1;
				DEVELOPMENT_ASSET_PATHS = "\"Prototype House Watch App/Preview Content\"";
				DEVELOPMENT_TEAM = 4E6CZX3H5W;
				ENABLE_PREVIEWS = YES;
				GENERATE_INFOPLIST_FILE = YES;
				INFOPLIST_KEY_CFBundleDisplayName = "Prototype House Watch";
				INFOPLIST_KEY_UISupportedInterfaceOrientations = "UIInterfaceOrientationPortrait UIInterfaceOrientationPortraitUpsideDown";
				INFOPLIST_KEY_WKCompanionAppBundleIdentifier = "com.fespinozacast.code.prototypes.Prototype-House";
				LD_RUNPATH_SEARCH_PATHS = (
					"$(inherited)",
					"@executable_path/Frameworks",
				);
				MARKETING_VERSION = 1.0;
				PRODUCT_BUNDLE_IDENTIFIER = "com.fespinozacast.code.prototypes.Prototype-House.watchkitapp2";
				PRODUCT_NAME = "$(TARGET_NAME)";
				SDKROOT = watchos;
				SKIP_INSTALL = YES;
				SWIFT_EMIT_LOC_STRINGS = YES;
				SWIFT_VERSION = 5.0;
				TARGETED_DEVICE_FAMILY = 4;
				WATCHOS_DEPLOYMENT_TARGET = 11;
			};
			name = Debug;
		};
		9B81E7FB2A42F960003324FE /* Release */ = {
			isa = XCBuildConfiguration;
			buildSettings = {
				ASSETCATALOG_COMPILER_APPICON_NAME = AppIcon;
				ASSETCATALOG_COMPILER_GLOBAL_ACCENT_COLOR_NAME = AccentColor;
				CLANG_CXX_LANGUAGE_STANDARD = "gnu++20";
				CODE_SIGN_STYLE = Automatic;
				CURRENT_PROJECT_VERSION = 1;
				DEVELOPMENT_ASSET_PATHS = "\"Prototype House Watch App/Preview Content\"";
				DEVELOPMENT_TEAM = 4E6CZX3H5W;
				ENABLE_PREVIEWS = YES;
				GENERATE_INFOPLIST_FILE = YES;
				INFOPLIST_KEY_CFBundleDisplayName = "Prototype House Watch";
				INFOPLIST_KEY_UISupportedInterfaceOrientations = "UIInterfaceOrientationPortrait UIInterfaceOrientationPortraitUpsideDown";
				INFOPLIST_KEY_WKCompanionAppBundleIdentifier = "com.fespinozacast.code.prototypes.Prototype-House";
				LD_RUNPATH_SEARCH_PATHS = (
					"$(inherited)",
					"@executable_path/Frameworks",
				);
				MARKETING_VERSION = 1.0;
				PRODUCT_BUNDLE_IDENTIFIER = "com.fespinozacast.code.prototypes.Prototype-House.watchkitapp2";
				PRODUCT_NAME = "$(TARGET_NAME)";
				SDKROOT = watchos;
				SKIP_INSTALL = YES;
				SWIFT_EMIT_LOC_STRINGS = YES;
				SWIFT_VERSION = 5.0;
				TARGETED_DEVICE_FAMILY = 4;
				WATCHOS_DEPLOYMENT_TARGET = 11;
			};
			name = Release;
		};
		9BC17D4E278335FA000FC491 /* Debug */ = {
			isa = XCBuildConfiguration;
			buildSettings = {
				ASSETCATALOG_COMPILER_APPICON_NAME = AppIcon;
				ASSETCATALOG_COMPILER_GLOBAL_ACCENT_COLOR_NAME = AccentColor;
				CODE_SIGN_ENTITLEMENTS = "Prototype House Mac/Resources/Prototype_House_Mac.entitlements";
				CODE_SIGN_STYLE = Automatic;
				COMBINE_HIDPI_IMAGES = YES;
				CURRENT_PROJECT_VERSION = 1;
				DEVELOPMENT_ASSET_PATHS = "\"Prototype House Mac/Resources/Preview Content\"";
				DEVELOPMENT_TEAM = 4E6CZX3H5W;
				ENABLE_HARDENED_RUNTIME = YES;
				ENABLE_PREVIEWS = YES;
				GENERATE_INFOPLIST_FILE = YES;
				INFOPLIST_KEY_NSHumanReadableCopyright = "";
				LD_RUNPATH_SEARCH_PATHS = (
					"$(inherited)",
					"@executable_path/../Frameworks",
				);
				MACOSX_DEPLOYMENT_TARGET = 15;
				MARKETING_VERSION = 1.0;
				PRODUCT_BUNDLE_IDENTIFIER = "com.fespinozacast.code.prototypes.Prototype-House-Mac";
				PRODUCT_NAME = "$(TARGET_NAME)";
				SDKROOT = macosx;
				SWIFT_EMIT_LOC_STRINGS = YES;
				SWIFT_VERSION = 5.0;
			};
			name = Debug;
		};
		9BC17D4F278335FA000FC491 /* Release */ = {
			isa = XCBuildConfiguration;
			buildSettings = {
				ASSETCATALOG_COMPILER_APPICON_NAME = AppIcon;
				ASSETCATALOG_COMPILER_GLOBAL_ACCENT_COLOR_NAME = AccentColor;
				CODE_SIGN_ENTITLEMENTS = "Prototype House Mac/Resources/Prototype_House_Mac.entitlements";
				CODE_SIGN_STYLE = Automatic;
				COMBINE_HIDPI_IMAGES = YES;
				CURRENT_PROJECT_VERSION = 1;
				DEVELOPMENT_ASSET_PATHS = "\"Prototype House Mac/Resources/Preview Content\"";
				DEVELOPMENT_TEAM = 4E6CZX3H5W;
				ENABLE_HARDENED_RUNTIME = YES;
				ENABLE_PREVIEWS = YES;
				GENERATE_INFOPLIST_FILE = YES;
				INFOPLIST_KEY_NSHumanReadableCopyright = "";
				LD_RUNPATH_SEARCH_PATHS = (
					"$(inherited)",
					"@executable_path/../Frameworks",
				);
				MACOSX_DEPLOYMENT_TARGET = 15;
				MARKETING_VERSION = 1.0;
				PRODUCT_BUNDLE_IDENTIFIER = "com.fespinozacast.code.prototypes.Prototype-House-Mac";
				PRODUCT_NAME = "$(TARGET_NAME)";
				SDKROOT = macosx;
				SWIFT_EMIT_LOC_STRINGS = YES;
				SWIFT_VERSION = 5.0;
			};
			name = Release;
		};
		9BC451F32AC1B181002F9D8E /* Debug */ = {
			isa = XCBuildConfiguration;
			buildSettings = {
				ASSETCATALOG_COMPILER_GENERATE_SWIFT_ASSET_SYMBOL_EXTENSIONS = YES;
				BUNDLE_LOADER = "$(TEST_HOST)";
				CLANG_CXX_LANGUAGE_STANDARD = "gnu++20";
				CODE_SIGN_STYLE = Automatic;
				CURRENT_PROJECT_VERSION = 1;
				DEVELOPMENT_TEAM = 4E6CZX3H5W;
				ENABLE_USER_SCRIPT_SANDBOXING = YES;
				GCC_C_LANGUAGE_STANDARD = gnu17;
				GENERATE_INFOPLIST_FILE = YES;
				IPHONEOS_DEPLOYMENT_TARGET = 17.0;
				LOCALIZATION_PREFERS_STRING_CATALOGS = YES;
				MARKETING_VERSION = 1.0;
				PRODUCT_BUNDLE_IDENTIFIER = "com.fespinozacast.projects.sample.Prototype-House-iOS-Tests";
				PRODUCT_NAME = "$(TARGET_NAME)";
				SWIFT_ACTIVE_COMPILATION_CONDITIONS = "DEBUG $(inherited)";
				SWIFT_EMIT_LOC_STRINGS = NO;
				SWIFT_VERSION = 5.0;
				TARGETED_DEVICE_FAMILY = "1,2";
				TEST_HOST = "$(BUILT_PRODUCTS_DIR)/Prototype House iOS.app/$(BUNDLE_EXECUTABLE_FOLDER_PATH)/Prototype House iOS";
			};
			name = Debug;
		};
		9BC451F42AC1B181002F9D8E /* Release */ = {
			isa = XCBuildConfiguration;
			buildSettings = {
				ASSETCATALOG_COMPILER_GENERATE_SWIFT_ASSET_SYMBOL_EXTENSIONS = YES;
				BUNDLE_LOADER = "$(TEST_HOST)";
				CLANG_CXX_LANGUAGE_STANDARD = "gnu++20";
				CODE_SIGN_STYLE = Automatic;
				CURRENT_PROJECT_VERSION = 1;
				DEVELOPMENT_TEAM = 4E6CZX3H5W;
				ENABLE_USER_SCRIPT_SANDBOXING = YES;
				GCC_C_LANGUAGE_STANDARD = gnu17;
				GENERATE_INFOPLIST_FILE = YES;
				IPHONEOS_DEPLOYMENT_TARGET = 17.0;
				LOCALIZATION_PREFERS_STRING_CATALOGS = YES;
				MARKETING_VERSION = 1.0;
				PRODUCT_BUNDLE_IDENTIFIER = "com.fespinozacast.projects.sample.Prototype-House-iOS-Tests";
				PRODUCT_NAME = "$(TARGET_NAME)";
				SWIFT_EMIT_LOC_STRINGS = NO;
				SWIFT_VERSION = 5.0;
				TARGETED_DEVICE_FAMILY = "1,2";
				TEST_HOST = "$(BUILT_PRODUCTS_DIR)/Prototype House iOS.app/$(BUNDLE_EXECUTABLE_FOLDER_PATH)/Prototype House iOS";
			};
			name = Release;
		};
		9BD866C129AD20CF0080DED7 /* Debug */ = {
			isa = XCBuildConfiguration;
			buildSettings = {
				ASSETCATALOG_COMPILER_APPICON_NAME = AppIcon;
				ASSETCATALOG_COMPILER_GLOBAL_ACCENT_COLOR_NAME = AccentColor;
				CLANG_CXX_LANGUAGE_STANDARD = "gnu++20";
				CODE_SIGN_STYLE = Automatic;
				CURRENT_PROJECT_VERSION = 1;
				DEVELOPMENT_TEAM = 4E6CZX3H5W;
				GENERATE_INFOPLIST_FILE = YES;
				INFOPLIST_FILE = "Prototype House UIKit/Info.plist";
				INFOPLIST_KEY_UIApplicationSupportsIndirectInputEvents = YES;
				INFOPLIST_KEY_UILaunchStoryboardName = LaunchScreen;
				INFOPLIST_KEY_UIMainStoryboardFile = Main;
				INFOPLIST_KEY_UISupportedInterfaceOrientations_iPad = "UIInterfaceOrientationPortrait UIInterfaceOrientationPortraitUpsideDown UIInterfaceOrientationLandscapeLeft UIInterfaceOrientationLandscapeRight";
				INFOPLIST_KEY_UISupportedInterfaceOrientations_iPhone = "UIInterfaceOrientationPortrait UIInterfaceOrientationLandscapeLeft UIInterfaceOrientationLandscapeRight";
				IPHONEOS_DEPLOYMENT_TARGET = 18;
				LD_RUNPATH_SEARCH_PATHS = (
					"$(inherited)",
					"@executable_path/Frameworks",
				);
				MARKETING_VERSION = 1.0;
				PRODUCT_BUNDLE_IDENTIFIER = "com.fespinozacast.projects.Prototype-House-UIKit2";
				PRODUCT_NAME = "$(TARGET_NAME)";
				SWIFT_EMIT_LOC_STRINGS = YES;
				SWIFT_VERSION = 5.0;
				TARGETED_DEVICE_FAMILY = "1,2";
			};
			name = Debug;
		};
		9BD866C229AD20CF0080DED7 /* Release */ = {
			isa = XCBuildConfiguration;
			buildSettings = {
				ASSETCATALOG_COMPILER_APPICON_NAME = AppIcon;
				ASSETCATALOG_COMPILER_GLOBAL_ACCENT_COLOR_NAME = AccentColor;
				CLANG_CXX_LANGUAGE_STANDARD = "gnu++20";
				CODE_SIGN_STYLE = Automatic;
				CURRENT_PROJECT_VERSION = 1;
				DEVELOPMENT_TEAM = 4E6CZX3H5W;
				GENERATE_INFOPLIST_FILE = YES;
				INFOPLIST_FILE = "Prototype House UIKit/Info.plist";
				INFOPLIST_KEY_UIApplicationSupportsIndirectInputEvents = YES;
				INFOPLIST_KEY_UILaunchStoryboardName = LaunchScreen;
				INFOPLIST_KEY_UIMainStoryboardFile = Main;
				INFOPLIST_KEY_UISupportedInterfaceOrientations_iPad = "UIInterfaceOrientationPortrait UIInterfaceOrientationPortraitUpsideDown UIInterfaceOrientationLandscapeLeft UIInterfaceOrientationLandscapeRight";
				INFOPLIST_KEY_UISupportedInterfaceOrientations_iPhone = "UIInterfaceOrientationPortrait UIInterfaceOrientationLandscapeLeft UIInterfaceOrientationLandscapeRight";
				IPHONEOS_DEPLOYMENT_TARGET = 18;
				LD_RUNPATH_SEARCH_PATHS = (
					"$(inherited)",
					"@executable_path/Frameworks",
				);
				MARKETING_VERSION = 1.0;
				PRODUCT_BUNDLE_IDENTIFIER = "com.fespinozacast.projects.Prototype-House-UIKit2";
				PRODUCT_NAME = "$(TARGET_NAME)";
				SWIFT_EMIT_LOC_STRINGS = YES;
				SWIFT_VERSION = 5.0;
				TARGETED_DEVICE_FAMILY = "1,2";
			};
			name = Release;
		};
		9BF616C0276376D500D26E7B /* Debug */ = {
			isa = XCBuildConfiguration;
			buildSettings = {
				ALWAYS_SEARCH_USER_PATHS = NO;
				CLANG_ANALYZER_NONNULL = YES;
				CLANG_ANALYZER_NUMBER_OBJECT_CONVERSION = YES_AGGRESSIVE;
				CLANG_CXX_LANGUAGE_STANDARD = "gnu++17";
				CLANG_CXX_LIBRARY = "libc++";
				CLANG_ENABLE_MODULES = YES;
				CLANG_ENABLE_OBJC_ARC = YES;
				CLANG_ENABLE_OBJC_WEAK = YES;
				CLANG_WARN_BLOCK_CAPTURE_AUTORELEASING = YES;
				CLANG_WARN_BOOL_CONVERSION = YES;
				CLANG_WARN_COMMA = YES;
				CLANG_WARN_CONSTANT_CONVERSION = YES;
				CLANG_WARN_DEPRECATED_OBJC_IMPLEMENTATIONS = YES;
				CLANG_WARN_DIRECT_OBJC_ISA_USAGE = YES_ERROR;
				CLANG_WARN_DOCUMENTATION_COMMENTS = YES;
				CLANG_WARN_EMPTY_BODY = YES;
				CLANG_WARN_ENUM_CONVERSION = YES;
				CLANG_WARN_INFINITE_RECURSION = YES;
				CLANG_WARN_INT_CONVERSION = YES;
				CLANG_WARN_NON_LITERAL_NULL_CONVERSION = YES;
				CLANG_WARN_OBJC_IMPLICIT_RETAIN_SELF = YES;
				CLANG_WARN_OBJC_LITERAL_CONVERSION = YES;
				CLANG_WARN_OBJC_ROOT_CLASS = YES_ERROR;
				CLANG_WARN_QUOTED_INCLUDE_IN_FRAMEWORK_HEADER = YES;
				CLANG_WARN_RANGE_LOOP_ANALYSIS = YES;
				CLANG_WARN_STRICT_PROTOTYPES = YES;
				CLANG_WARN_SUSPICIOUS_MOVE = YES;
				CLANG_WARN_UNGUARDED_AVAILABILITY = YES_AGGRESSIVE;
				CLANG_WARN_UNREACHABLE_CODE = YES;
				CLANG_WARN__DUPLICATE_METHOD_MATCH = YES;
				COPY_PHASE_STRIP = NO;
				DEBUG_INFORMATION_FORMAT = dwarf;
				ENABLE_STRICT_OBJC_MSGSEND = YES;
				ENABLE_TESTABILITY = YES;
				GCC_C_LANGUAGE_STANDARD = gnu11;
				GCC_DYNAMIC_NO_PIC = NO;
				GCC_NO_COMMON_BLOCKS = YES;
				GCC_OPTIMIZATION_LEVEL = 0;
				GCC_PREPROCESSOR_DEFINITIONS = (
					"DEBUG=1",
					"$(inherited)",
				);
				GCC_WARN_64_TO_32_BIT_CONVERSION = YES;
				GCC_WARN_ABOUT_RETURN_TYPE = YES_ERROR;
				GCC_WARN_UNDECLARED_SELECTOR = YES;
				GCC_WARN_UNINITIALIZED_AUTOS = YES_AGGRESSIVE;
				GCC_WARN_UNUSED_FUNCTION = YES;
				GCC_WARN_UNUSED_VARIABLE = YES;
				IPHONEOS_DEPLOYMENT_TARGET = 15.0;
				MTL_ENABLE_DEBUG_INFO = INCLUDE_SOURCE;
				MTL_FAST_MATH = YES;
				ONLY_ACTIVE_ARCH = YES;
				SDKROOT = iphoneos;
				SWIFT_ACTIVE_COMPILATION_CONDITIONS = DEBUG;
				SWIFT_EMIT_LOC_STRINGS = YES;
				SWIFT_OPTIMIZATION_LEVEL = "-Onone";
			};
			name = Debug;
		};
		9BF616C1276376D500D26E7B /* Release */ = {
			isa = XCBuildConfiguration;
			buildSettings = {
				ALWAYS_SEARCH_USER_PATHS = NO;
				CLANG_ANALYZER_NONNULL = YES;
				CLANG_ANALYZER_NUMBER_OBJECT_CONVERSION = YES_AGGRESSIVE;
				CLANG_CXX_LANGUAGE_STANDARD = "gnu++17";
				CLANG_CXX_LIBRARY = "libc++";
				CLANG_ENABLE_MODULES = YES;
				CLANG_ENABLE_OBJC_ARC = YES;
				CLANG_ENABLE_OBJC_WEAK = YES;
				CLANG_WARN_BLOCK_CAPTURE_AUTORELEASING = YES;
				CLANG_WARN_BOOL_CONVERSION = YES;
				CLANG_WARN_COMMA = YES;
				CLANG_WARN_CONSTANT_CONVERSION = YES;
				CLANG_WARN_DEPRECATED_OBJC_IMPLEMENTATIONS = YES;
				CLANG_WARN_DIRECT_OBJC_ISA_USAGE = YES_ERROR;
				CLANG_WARN_DOCUMENTATION_COMMENTS = YES;
				CLANG_WARN_EMPTY_BODY = YES;
				CLANG_WARN_ENUM_CONVERSION = YES;
				CLANG_WARN_INFINITE_RECURSION = YES;
				CLANG_WARN_INT_CONVERSION = YES;
				CLANG_WARN_NON_LITERAL_NULL_CONVERSION = YES;
				CLANG_WARN_OBJC_IMPLICIT_RETAIN_SELF = YES;
				CLANG_WARN_OBJC_LITERAL_CONVERSION = YES;
				CLANG_WARN_OBJC_ROOT_CLASS = YES_ERROR;
				CLANG_WARN_QUOTED_INCLUDE_IN_FRAMEWORK_HEADER = YES;
				CLANG_WARN_RANGE_LOOP_ANALYSIS = YES;
				CLANG_WARN_STRICT_PROTOTYPES = YES;
				CLANG_WARN_SUSPICIOUS_MOVE = YES;
				CLANG_WARN_UNGUARDED_AVAILABILITY = YES_AGGRESSIVE;
				CLANG_WARN_UNREACHABLE_CODE = YES;
				CLANG_WARN__DUPLICATE_METHOD_MATCH = YES;
				COPY_PHASE_STRIP = NO;
				DEBUG_INFORMATION_FORMAT = "dwarf-with-dsym";
				ENABLE_NS_ASSERTIONS = NO;
				ENABLE_STRICT_OBJC_MSGSEND = YES;
				GCC_C_LANGUAGE_STANDARD = gnu11;
				GCC_NO_COMMON_BLOCKS = YES;
				GCC_WARN_64_TO_32_BIT_CONVERSION = YES;
				GCC_WARN_ABOUT_RETURN_TYPE = YES_ERROR;
				GCC_WARN_UNDECLARED_SELECTOR = YES;
				GCC_WARN_UNINITIALIZED_AUTOS = YES_AGGRESSIVE;
				GCC_WARN_UNUSED_FUNCTION = YES;
				GCC_WARN_UNUSED_VARIABLE = YES;
				IPHONEOS_DEPLOYMENT_TARGET = 15.0;
				MTL_ENABLE_DEBUG_INFO = NO;
				MTL_FAST_MATH = YES;
				SDKROOT = iphoneos;
				SWIFT_COMPILATION_MODE = wholemodule;
				SWIFT_EMIT_LOC_STRINGS = YES;
				SWIFT_OPTIMIZATION_LEVEL = "-O";
				VALIDATE_PRODUCT = YES;
			};
			name = Release;
		};
		9BF616C3276376D500D26E7B /* Debug */ = {
			isa = XCBuildConfiguration;
			buildSettings = {
				ASSETCATALOG_COMPILER_APPICON_NAME = AppIcon;
				ASSETCATALOG_COMPILER_GLOBAL_ACCENT_COLOR_NAME = AccentColor;
				ASSETCATALOG_COMPILER_INCLUDE_ALL_APPICON_ASSETS = NO;
				CODE_SIGN_ENTITLEMENTS = "Prototype House/Resources/Prototype House.entitlements";
				CODE_SIGN_STYLE = Automatic;
				CURRENT_PROJECT_VERSION = 1;
				DEVELOPMENT_ASSET_PATHS = "\"Prototype House/Resources/Preview Content\"";
				DEVELOPMENT_TEAM = 4E6CZX3H5W;
				ENABLE_PREVIEWS = YES;
				GENERATE_INFOPLIST_FILE = YES;
				INFOPLIST_FILE = "Prototype House/Resources/Prototype-House-Info.plist";
				INFOPLIST_KEY_UIApplicationSceneManifest_Generation = YES;
				INFOPLIST_KEY_UIApplicationSupportsIndirectInputEvents = YES;
				INFOPLIST_KEY_UILaunchScreen_Generation = YES;
				INFOPLIST_KEY_UILaunchStoryboardName = LaunchScreen;
				INFOPLIST_KEY_UISupportedInterfaceOrientations_iPad = "UIInterfaceOrientationPortrait UIInterfaceOrientationPortraitUpsideDown UIInterfaceOrientationLandscapeLeft UIInterfaceOrientationLandscapeRight";
				INFOPLIST_KEY_UISupportedInterfaceOrientations_iPhone = "UIInterfaceOrientationPortrait UIInterfaceOrientationLandscapeLeft UIInterfaceOrientationLandscapeRight";
				IPHONEOS_DEPLOYMENT_TARGET = 18;
				LD_RUNPATH_SEARCH_PATHS = (
					"$(inherited)",
					"@executable_path/Frameworks",
				);
				LOCALIZATION_PREFERS_STRING_CATALOGS = YES;
				MARKETING_VERSION = 1.0;
				PRODUCT_BUNDLE_IDENTIFIER = "com.fespinozacast.code.prototypes.Prototype-House";
				PRODUCT_NAME = "Prototype House iOS";
				SWIFT_EMIT_LOC_STRINGS = YES;
				SWIFT_VERSION = 5.0;
				TARGETED_DEVICE_FAMILY = "1,2";
			};
			name = Debug;
		};
		9BF616C4276376D500D26E7B /* Release */ = {
			isa = XCBuildConfiguration;
			buildSettings = {
				ASSETCATALOG_COMPILER_APPICON_NAME = AppIcon;
				ASSETCATALOG_COMPILER_GLOBAL_ACCENT_COLOR_NAME = AccentColor;
				ASSETCATALOG_COMPILER_INCLUDE_ALL_APPICON_ASSETS = NO;
				CODE_SIGN_ENTITLEMENTS = "Prototype House/Resources/Prototype House.entitlements";
				CODE_SIGN_STYLE = Automatic;
				CURRENT_PROJECT_VERSION = 1;
				DEVELOPMENT_ASSET_PATHS = "\"Prototype House/Resources/Preview Content\"";
				DEVELOPMENT_TEAM = 4E6CZX3H5W;
				ENABLE_PREVIEWS = YES;
				GENERATE_INFOPLIST_FILE = YES;
				INFOPLIST_FILE = "Prototype House/Resources/Prototype-House-Info.plist";
				INFOPLIST_KEY_UIApplicationSceneManifest_Generation = YES;
				INFOPLIST_KEY_UIApplicationSupportsIndirectInputEvents = YES;
				INFOPLIST_KEY_UILaunchScreen_Generation = YES;
				INFOPLIST_KEY_UILaunchStoryboardName = LaunchScreen;
				INFOPLIST_KEY_UISupportedInterfaceOrientations_iPad = "UIInterfaceOrientationPortrait UIInterfaceOrientationPortraitUpsideDown UIInterfaceOrientationLandscapeLeft UIInterfaceOrientationLandscapeRight";
				INFOPLIST_KEY_UISupportedInterfaceOrientations_iPhone = "UIInterfaceOrientationPortrait UIInterfaceOrientationLandscapeLeft UIInterfaceOrientationLandscapeRight";
				IPHONEOS_DEPLOYMENT_TARGET = 18;
				LD_RUNPATH_SEARCH_PATHS = (
					"$(inherited)",
					"@executable_path/Frameworks",
				);
				LOCALIZATION_PREFERS_STRING_CATALOGS = YES;
				MARKETING_VERSION = 1.0;
				PRODUCT_BUNDLE_IDENTIFIER = "com.fespinozacast.code.prototypes.Prototype-House";
				PRODUCT_NAME = "Prototype House iOS";
				SWIFT_EMIT_LOC_STRINGS = YES;
				SWIFT_VERSION = 5.0;
				TARGETED_DEVICE_FAMILY = "1,2";
			};
			name = Release;
		};
/* End XCBuildConfiguration section */

/* Begin XCConfigurationList section */
		9B2B19362CFDBAF8007E2DAA /* Build configuration list for PBXNativeTarget "Compatibility Prototype House" */ = {
			isa = XCConfigurationList;
			buildConfigurations = (
				9B2B19342CFDBAF8007E2DAA /* Debug */,
				9B2B19352CFDBAF8007E2DAA /* Release */,
			);
			defaultConfigurationIsVisible = 0;
			defaultConfigurationName = Release;
		};
		9B53DD2B2CAED24000C5893C /* Build configuration list for PBXNativeTarget "Prototype House WidgetsExtension" */ = {
			isa = XCConfigurationList;
			buildConfigurations = (
				9B53DD282CAED24000C5893C /* Debug */,
				9B53DD292CAED24000C5893C /* Release */,
			);
			defaultConfigurationIsVisible = 0;
			defaultConfigurationName = Release;
		};
		9B7CDF272C1F883700C520C0 /* Build configuration list for PBXNativeTarget "Prototype House AppKit" */ = {
			isa = XCConfigurationList;
			buildConfigurations = (
				9B7CDF252C1F883700C520C0 /* Debug */,
				9B7CDF262C1F883700C520C0 /* Release */,
			);
			defaultConfigurationIsVisible = 0;
			defaultConfigurationName = Release;
		};
		9B81E7FC2A42F960003324FE /* Build configuration list for PBXNativeTarget "Prototype House Watch App" */ = {
			isa = XCConfigurationList;
			buildConfigurations = (
				9B81E7FA2A42F960003324FE /* Debug */,
				9B81E7FB2A42F960003324FE /* Release */,
			);
			defaultConfigurationIsVisible = 0;
			defaultConfigurationName = Release;
		};
		9BC17D50278335FA000FC491 /* Build configuration list for PBXNativeTarget "Prototype House Mac" */ = {
			isa = XCConfigurationList;
			buildConfigurations = (
				9BC17D4E278335FA000FC491 /* Debug */,
				9BC17D4F278335FA000FC491 /* Release */,
			);
			defaultConfigurationIsVisible = 0;
			defaultConfigurationName = Release;
		};
		9BC451F52AC1B181002F9D8E /* Build configuration list for PBXNativeTarget "Prototype House iOS Tests" */ = {
			isa = XCConfigurationList;
			buildConfigurations = (
				9BC451F32AC1B181002F9D8E /* Debug */,
				9BC451F42AC1B181002F9D8E /* Release */,
			);
			defaultConfigurationIsVisible = 0;
			defaultConfigurationName = Release;
		};
		9BD866C329AD20CF0080DED7 /* Build configuration list for PBXNativeTarget "Prototype House UIKit" */ = {
			isa = XCConfigurationList;
			buildConfigurations = (
				9BD866C129AD20CF0080DED7 /* Debug */,
				9BD866C229AD20CF0080DED7 /* Release */,
			);
			defaultConfigurationIsVisible = 0;
			defaultConfigurationName = Release;
		};
		9BF616AF276376D400D26E7B /* Build configuration list for PBXProject "Prototype House" */ = {
			isa = XCConfigurationList;
			buildConfigurations = (
				9BF616C0276376D500D26E7B /* Debug */,
				9BF616C1276376D500D26E7B /* Release */,
			);
			defaultConfigurationIsVisible = 0;
			defaultConfigurationName = Release;
		};
		9BF616C2276376D500D26E7B /* Build configuration list for PBXNativeTarget "Prototype House" */ = {
			isa = XCConfigurationList;
			buildConfigurations = (
				9BF616C3276376D500D26E7B /* Debug */,
				9BF616C4276376D500D26E7B /* Release */,
			);
			defaultConfigurationIsVisible = 0;
			defaultConfigurationName = Release;
		};
/* End XCConfigurationList section */

/* Begin XCRemoteSwiftPackageReference section */
		9B965E1F2C235DCA00D988D9 /* XCRemoteSwiftPackageReference "suggestion-text-field" */ = {
			isa = XCRemoteSwiftPackageReference;
			repositoryURL = "https://github.com/fespinoza/suggestion-text-field.git";
			requirement = {
				kind = upToNextMajorVersion;
				minimumVersion = 0.0.1;
			};
		};
		9BC108022D981CE0004DDC17 /* XCRemoteSwiftPackageReference "swiftui-introspect" */ = {
			isa = XCRemoteSwiftPackageReference;
			repositoryURL = "https://github.com/siteline/swiftui-introspect";
			requirement = {
				kind = upToNextMajorVersion;
				minimumVersion = 1.3.0;
			};
		};
		9BC451F82AC1BBBC002F9D8E /* XCRemoteSwiftPackageReference "swift-snapshot-testing" */ = {
			isa = XCRemoteSwiftPackageReference;
			repositoryURL = "https://github.com/pointfreeco/swift-snapshot-testing";
			requirement = {
				kind = upToNextMajorVersion;
				minimumVersion = 1.13.0;
			};
		};
/* End XCRemoteSwiftPackageReference section */

/* Begin XCSwiftPackageProductDependency section */
		9B027DEB2CC2FB4D00A31F3E /* PrototypeActivities */ = {
			isa = XCSwiftPackageProductDependency;
			productName = PrototypeActivities;
		};
		9B027DED2CC2FB5500A31F3E /* PrototypeActivities */ = {
			isa = XCSwiftPackageProductDependency;
			productName = PrototypeActivities;
		};
		9B4795872A575D5400C318D9 /* SamplePackage */ = {
			isa = XCSwiftPackageProductDependency;
			productName = SamplePackage;
		};
		9B965E202C235DCA00D988D9 /* SuggestionTextField */ = {
			isa = XCSwiftPackageProductDependency;
			package = 9B965E1F2C235DCA00D988D9 /* XCRemoteSwiftPackageReference "suggestion-text-field" */;
			productName = SuggestionTextField;
		};
		9BC108032D981CE0004DDC17 /* SwiftUIIntrospect */ = {
			isa = XCSwiftPackageProductDependency;
			package = 9BC108022D981CE0004DDC17 /* XCRemoteSwiftPackageReference "swiftui-introspect" */;
			productName = SwiftUIIntrospect;
		};
		9BC451F92AC1BBBC002F9D8E /* SnapshotTesting */ = {
			isa = XCSwiftPackageProductDependency;
			package = 9BC451F82AC1BBBC002F9D8E /* XCRemoteSwiftPackageReference "swift-snapshot-testing" */;
			productName = SnapshotTesting;
		};
/* End XCSwiftPackageProductDependency section */
	};
	rootObject = 9BF616AC276376D400D26E7B /* Project object */;
}
