// !$*UTF8*$!
{
	archiveVersion = 1;
	classes = {
	};
	objectVersion = 55;
	objects = {

/* Begin PBXBuildFile section */
		9B3F99A627637C1F00CC738C /* LinearEquation.swift in Sources */ = {isa = PBXBuildFile; fileRef = 9B3F99A527637C1F00CC738C /* LinearEquation.swift */; };
		9B3F99A827637D9600CC738C /* LaunchScreen.storyboard in Resources */ = {isa = PBXBuildFile; fileRef = 9B3F99A727637D9600CC738C /* LaunchScreen.storyboard */; };
		9BC17D45278335F8000FC491 /* PrototypeHouseMacApp.swift in Sources */ = {isa = PBXBuildFile; fileRef = 9BC17D44278335F8000FC491 /* PrototypeHouseMacApp.swift */; };
		9BC17D47278335F8000FC491 /* ContentView.swift in Sources */ = {isa = PBXBuildFile; fileRef = 9BC17D46278335F8000FC491 /* ContentView.swift */; };
		9BC17D49278335FA000FC491 /* Assets.xcassets in Resources */ = {isa = PBXBuildFile; fileRef = 9BC17D48278335FA000FC491 /* Assets.xcassets */; };
		9BC17D4C278335FA000FC491 /* Preview Assets.xcassets in Resources */ = {isa = PBXBuildFile; fileRef = 9BC17D4B278335FA000FC491 /* Preview Assets.xcassets */; };
		9BC17D5727833AC1000FC491 /* DetailContentView.swift in Sources */ = {isa = PBXBuildFile; fileRef = 9BC17D5527833A96000FC491 /* DetailContentView.swift */; };
		9BC17D5A27833C68000FC491 /* SFSymbolsReplica.swift in Sources */ = {isa = PBXBuildFile; fileRef = 9BC17D5927833C68000FC491 /* SFSymbolsReplica.swift */; };
		9BC17D5D278341DF000FC491 /* SFGroupView.swift in Sources */ = {isa = PBXBuildFile; fileRef = 9BC17D5C278341DF000FC491 /* SFGroupView.swift */; };
		9BC17D5F278341FC000FC491 /* ContentData.swift in Sources */ = {isa = PBXBuildFile; fileRef = 9BC17D5E278341FC000FC491 /* ContentData.swift */; };
		9BC17D612783735A000FC491 /* SplitViewExperiment.swift in Sources */ = {isa = PBXBuildFile; fileRef = 9BC17D602783735A000FC491 /* SplitViewExperiment.swift */; };
		9BC17D642783752C000FC491 /* NSView-Extensions.swift in Sources */ = {isa = PBXBuildFile; fileRef = 9BC17D632783752C000FC491 /* NSView-Extensions.swift */; };
		9BF616B8276376D400D26E7B /* PrototypeHouseApp.swift in Sources */ = {isa = PBXBuildFile; fileRef = 9BF616B7276376D400D26E7B /* PrototypeHouseApp.swift */; };
		9BF616BA276376D400D26E7B /* ContentView.swift in Sources */ = {isa = PBXBuildFile; fileRef = 9BF616B9276376D400D26E7B /* ContentView.swift */; };
		9BF616BC276376D500D26E7B /* Assets.xcassets in Resources */ = {isa = PBXBuildFile; fileRef = 9BF616BB276376D500D26E7B /* Assets.xcassets */; };
		9BF616BF276376D500D26E7B /* Preview Assets.xcassets in Resources */ = {isa = PBXBuildFile; fileRef = 9BF616BE276376D500D26E7B /* Preview Assets.xcassets */; };
		9BF616C92763774200D26E7B /* UIView-Layout.swift in Sources */ = {isa = PBXBuildFile; fileRef = 9BF616C82763774200D26E7B /* UIView-Layout.swift */; };
		9BF616CB276377CD00D26E7B /* UIEdgeInsets.swift in Sources */ = {isa = PBXBuildFile; fileRef = 9BF616CA276377CD00D26E7B /* UIEdgeInsets.swift */; };
		9BF616CD276377F600D26E7B /* NSDirectionalEdgeInsets.swift in Sources */ = {isa = PBXBuildFile; fileRef = 9BF616CC276377F600D26E7B /* NSDirectionalEdgeInsets.swift */; };
		9BF616CF2763784700D26E7B /* DemoWrapperView.swift in Sources */ = {isa = PBXBuildFile; fileRef = 9BF616CE2763784700D26E7B /* DemoWrapperView.swift */; };
		9BF616DA276379F300D26E7B /* AppStoreViewController-Subviews.swift in Sources */ = {isa = PBXBuildFile; fileRef = 9BF616D7276379F300D26E7B /* AppStoreViewController-Subviews.swift */; };
		9BF616DC276379F300D26E7B /* AppStoreViewController.swift in Sources */ = {isa = PBXBuildFile; fileRef = 9BF616D9276379F300D26E7B /* AppStoreViewController.swift */; };
/* End PBXBuildFile section */

/* Begin PBXFileReference section */
		9B3F99A527637C1F00CC738C /* LinearEquation.swift */ = {isa = PBXFileReference; lastKnownFileType = sourcecode.swift; path = LinearEquation.swift; sourceTree = "<group>"; };
		9B3F99A727637D9600CC738C /* LaunchScreen.storyboard */ = {isa = PBXFileReference; lastKnownFileType = file.storyboard; path = LaunchScreen.storyboard; sourceTree = "<group>"; };
		9BC17D42278335F8000FC491 /* Prototype House Mac.app */ = {isa = PBXFileReference; explicitFileType = wrapper.application; includeInIndex = 0; path = "Prototype House Mac.app"; sourceTree = BUILT_PRODUCTS_DIR; };
		9BC17D44278335F8000FC491 /* PrototypeHouseMacApp.swift */ = {isa = PBXFileReference; lastKnownFileType = sourcecode.swift; path = PrototypeHouseMacApp.swift; sourceTree = "<group>"; };
		9BC17D46278335F8000FC491 /* ContentView.swift */ = {isa = PBXFileReference; lastKnownFileType = sourcecode.swift; path = ContentView.swift; sourceTree = "<group>"; };
		9BC17D48278335FA000FC491 /* Assets.xcassets */ = {isa = PBXFileReference; lastKnownFileType = folder.assetcatalog; path = Assets.xcassets; sourceTree = "<group>"; };
		9BC17D4B278335FA000FC491 /* Preview Assets.xcassets */ = {isa = PBXFileReference; lastKnownFileType = folder.assetcatalog; path = "Preview Assets.xcassets"; sourceTree = "<group>"; };
		9BC17D4D278335FA000FC491 /* Prototype_House_Mac.entitlements */ = {isa = PBXFileReference; lastKnownFileType = text.plist.entitlements; path = Prototype_House_Mac.entitlements; sourceTree = "<group>"; };
		9BC17D5527833A96000FC491 /* DetailContentView.swift */ = {isa = PBXFileReference; lastKnownFileType = sourcecode.swift; path = DetailContentView.swift; sourceTree = "<group>"; };
		9BC17D5927833C68000FC491 /* SFSymbolsReplica.swift */ = {isa = PBXFileReference; lastKnownFileType = sourcecode.swift; path = SFSymbolsReplica.swift; sourceTree = "<group>"; };
		9BC17D5C278341DF000FC491 /* SFGroupView.swift */ = {isa = PBXFileReference; lastKnownFileType = sourcecode.swift; path = SFGroupView.swift; sourceTree = "<group>"; };
		9BC17D5E278341FC000FC491 /* ContentData.swift */ = {isa = PBXFileReference; lastKnownFileType = sourcecode.swift; path = ContentData.swift; sourceTree = "<group>"; };
		9BC17D602783735A000FC491 /* SplitViewExperiment.swift */ = {isa = PBXFileReference; lastKnownFileType = sourcecode.swift; path = SplitViewExperiment.swift; sourceTree = "<group>"; };
		9BC17D632783752C000FC491 /* NSView-Extensions.swift */ = {isa = PBXFileReference; lastKnownFileType = sourcecode.swift; path = "NSView-Extensions.swift"; sourceTree = "<group>"; };
		9BF616B4276376D400D26E7B /* Prototype House.app */ = {isa = PBXFileReference; explicitFileType = wrapper.application; includeInIndex = 0; path = "Prototype House.app"; sourceTree = BUILT_PRODUCTS_DIR; };
		9BF616B7276376D400D26E7B /* PrototypeHouseApp.swift */ = {isa = PBXFileReference; lastKnownFileType = sourcecode.swift; path = PrototypeHouseApp.swift; sourceTree = "<group>"; };
		9BF616B9276376D400D26E7B /* ContentView.swift */ = {isa = PBXFileReference; lastKnownFileType = sourcecode.swift; path = ContentView.swift; sourceTree = "<group>"; };
		9BF616BB276376D500D26E7B /* Assets.xcassets */ = {isa = PBXFileReference; lastKnownFileType = folder.assetcatalog; path = Assets.xcassets; sourceTree = "<group>"; };
		9BF616BE276376D500D26E7B /* Preview Assets.xcassets */ = {isa = PBXFileReference; lastKnownFileType = folder.assetcatalog; path = "Preview Assets.xcassets"; sourceTree = "<group>"; };
		9BF616C82763774200D26E7B /* UIView-Layout.swift */ = {isa = PBXFileReference; lastKnownFileType = sourcecode.swift; path = "UIView-Layout.swift"; sourceTree = "<group>"; };
		9BF616CA276377CD00D26E7B /* UIEdgeInsets.swift */ = {isa = PBXFileReference; lastKnownFileType = sourcecode.swift; path = UIEdgeInsets.swift; sourceTree = "<group>"; };
		9BF616CC276377F600D26E7B /* NSDirectionalEdgeInsets.swift */ = {isa = PBXFileReference; lastKnownFileType = sourcecode.swift; path = NSDirectionalEdgeInsets.swift; sourceTree = "<group>"; };
		9BF616CE2763784700D26E7B /* DemoWrapperView.swift */ = {isa = PBXFileReference; lastKnownFileType = sourcecode.swift; path = DemoWrapperView.swift; sourceTree = "<group>"; };
		9BF616D42763795200D26E7B /* README.md */ = {isa = PBXFileReference; lastKnownFileType = net.daringfireball.markdown; path = README.md; sourceTree = SOURCE_ROOT; };
		9BF616D7276379F300D26E7B /* AppStoreViewController-Subviews.swift */ = {isa = PBXFileReference; fileEncoding = 4; lastKnownFileType = sourcecode.swift; path = "AppStoreViewController-Subviews.swift"; sourceTree = "<group>"; };
		9BF616D9276379F300D26E7B /* AppStoreViewController.swift */ = {isa = PBXFileReference; fileEncoding = 4; lastKnownFileType = sourcecode.swift; path = AppStoreViewController.swift; sourceTree = "<group>"; };
/* End PBXFileReference section */

/* Begin PBXFrameworksBuildPhase section */
		9BC17D3F278335F8000FC491 /* Frameworks */ = {
			isa = PBXFrameworksBuildPhase;
			buildActionMask = 2147483647;
			files = (
			);
			runOnlyForDeploymentPostprocessing = 0;
		};
		9BF616B1276376D400D26E7B /* Frameworks */ = {
			isa = PBXFrameworksBuildPhase;
			buildActionMask = 2147483647;
			files = (
			);
			runOnlyForDeploymentPostprocessing = 0;
		};
/* End PBXFrameworksBuildPhase section */

/* Begin PBXGroup section */
		9B3F99A427637BFD00CC738C /* Utils */ = {
			isa = PBXGroup;
			children = (
				9B3F99A527637C1F00CC738C /* LinearEquation.swift */,
			);
			path = Utils;
			sourceTree = "<group>";
		};
		9BC17D43278335F8000FC491 /* Prototype House Mac */ = {
			isa = PBXGroup;
			children = (
				9BC17D532783366B000FC491 /* App */,
				9BC17D622783751E000FC491 /* Extensions */,
				9BC17D512783365C000FC491 /* Resources */,
				9BC17D5227833663000FC491 /* Views */,
			);
			path = "Prototype House Mac";
			sourceTree = "<group>";
		};
		9BC17D4A278335FA000FC491 /* Preview Content */ = {
			isa = PBXGroup;
			children = (
				9BC17D4B278335FA000FC491 /* Preview Assets.xcassets */,
			);
			path = "Preview Content";
			sourceTree = "<group>";
		};
		9BC17D512783365C000FC491 /* Resources */ = {
			isa = PBXGroup;
			children = (
				9BC17D48278335FA000FC491 /* Assets.xcassets */,
				9BC17D4D278335FA000FC491 /* Prototype_House_Mac.entitlements */,
				9BC17D4A278335FA000FC491 /* Preview Content */,
			);
			path = Resources;
			sourceTree = "<group>";
		};
		9BC17D5227833663000FC491 /* Views */ = {
			isa = PBXGroup;
			children = (
				9BC17D5827833C44000FC491 /* SFSymbols Replica */,
				9BC17D5427833A8C000FC491 /* Detail */,
				9BC17D46278335F8000FC491 /* ContentView.swift */,
			);
			path = Views;
			sourceTree = "<group>";
		};
		9BC17D532783366B000FC491 /* App */ = {
			isa = PBXGroup;
			children = (
				9BC17D44278335F8000FC491 /* PrototypeHouseMacApp.swift */,
			);
			path = App;
			sourceTree = "<group>";
		};
		9BC17D5427833A8C000FC491 /* Detail */ = {
			isa = PBXGroup;
			children = (
				9BC17D5527833A96000FC491 /* DetailContentView.swift */,
			);
			path = Detail;
			sourceTree = "<group>";
		};
		9BC17D5827833C44000FC491 /* SFSymbols Replica */ = {
			isa = PBXGroup;
			children = (
				9BC17D5927833C68000FC491 /* SFSymbolsReplica.swift */,
				9BC17D5C278341DF000FC491 /* SFGroupView.swift */,
				9BC17D5E278341FC000FC491 /* ContentData.swift */,
				9BC17D602783735A000FC491 /* SplitViewExperiment.swift */,
			);
			path = "SFSymbols Replica";
			sourceTree = "<group>";
		};
		9BC17D622783751E000FC491 /* Extensions */ = {
			isa = PBXGroup;
			children = (
				9BC17D632783752C000FC491 /* NSView-Extensions.swift */,
			);
			path = Extensions;
			sourceTree = "<group>";
		};
		9BF616AB276376D400D26E7B = {
			isa = PBXGroup;
			children = (
				9BF616B6276376D400D26E7B /* Prototype House */,
				9BC17D43278335F8000FC491 /* Prototype House Mac */,
				9BF616B5276376D400D26E7B /* Products */,
			);
			sourceTree = "<group>";
		};
		9BF616B5276376D400D26E7B /* Products */ = {
			isa = PBXGroup;
			children = (
				9BF616B4276376D400D26E7B /* Prototype House.app */,
				9BC17D42278335F8000FC491 /* Prototype House Mac.app */,
			);
			name = Products;
			sourceTree = "<group>";
		};
		9BF616B6276376D400D26E7B /* Prototype House */ = {
			isa = PBXGroup;
			children = (
				9BF616D42763795200D26E7B /* README.md */,
				9BF616D1276378E100D26E7B /* App */,
				9BF616C52763772700D26E7B /* Extensions */,
				9BF616D32763792E00D26E7B /* Prototypes */,
				9BF616D2276378EB00D26E7B /* Resources */,
				9B3F99A427637BFD00CC738C /* Utils */,
				9BF616D0276378D500D26E7B /* Views */,
			);
			path = "Prototype House";
			sourceTree = "<group>";
		};
		9BF616BD276376D500D26E7B /* Preview Content */ = {
			isa = PBXGroup;
			children = (
				9BF616BE276376D500D26E7B /* Preview Assets.xcassets */,
			);
			path = "Preview Content";
			sourceTree = "<group>";
		};
		9BF616C52763772700D26E7B /* Extensions */ = {
			isa = PBXGroup;
			children = (
				9BF616C72763773200D26E7B /* SwiftUI */,
				9BF616C62763772B00D26E7B /* UIKit */,
			);
			path = Extensions;
			sourceTree = "<group>";
		};
		9BF616C62763772B00D26E7B /* UIKit */ = {
			isa = PBXGroup;
			children = (
				9BF616CC276377F600D26E7B /* NSDirectionalEdgeInsets.swift */,
				9BF616CA276377CD00D26E7B /* UIEdgeInsets.swift */,
				9BF616C82763774200D26E7B /* UIView-Layout.swift */,
			);
			path = UIKit;
			sourceTree = "<group>";
		};
		9BF616C72763773200D26E7B /* SwiftUI */ = {
			isa = PBXGroup;
			children = (
				9BF616CE2763784700D26E7B /* DemoWrapperView.swift */,
			);
			path = SwiftUI;
			sourceTree = "<group>";
		};
		9BF616D0276378D500D26E7B /* Views */ = {
			isa = PBXGroup;
			children = (
				9BF616B9276376D400D26E7B /* ContentView.swift */,
			);
			path = Views;
			sourceTree = "<group>";
		};
		9BF616D1276378E100D26E7B /* App */ = {
			isa = PBXGroup;
			children = (
				9BF616B7276376D400D26E7B /* PrototypeHouseApp.swift */,
			);
			path = App;
			sourceTree = "<group>";
		};
		9BF616D2276378EB00D26E7B /* Resources */ = {
			isa = PBXGroup;
			children = (
				9B3F99A727637D9600CC738C /* LaunchScreen.storyboard */,
				9BF616BB276376D500D26E7B /* Assets.xcassets */,
				9BF616BD276376D500D26E7B /* Preview Content */,
			);
			path = Resources;
			sourceTree = "<group>";
		};
		9BF616D32763792E00D26E7B /* Prototypes */ = {
			isa = PBXGroup;
			children = (
				9BF616D52763799500D26E7B /* Appstore Like Navigation */,
			);
			path = Prototypes;
			sourceTree = "<group>";
		};
		9BF616D52763799500D26E7B /* Appstore Like Navigation */ = {
			isa = PBXGroup;
			children = (
				9BF616D9276379F300D26E7B /* AppStoreViewController.swift */,
				9BF616D6276379F300D26E7B /* Subviews */,
			);
			path = "Appstore Like Navigation";
			sourceTree = "<group>";
		};
		9BF616D6276379F300D26E7B /* Subviews */ = {
			isa = PBXGroup;
			children = (
				9BF616D7276379F300D26E7B /* AppStoreViewController-Subviews.swift */,
			);
			path = Subviews;
			sourceTree = "<group>";
		};
/* End PBXGroup section */

/* Begin PBXNativeTarget section */
		9BC17D41278335F8000FC491 /* Prototype House Mac */ = {
			isa = PBXNativeTarget;
			buildConfigurationList = 9BC17D50278335FA000FC491 /* Build configuration list for PBXNativeTarget "Prototype House Mac" */;
			buildPhases = (
				9BC17D3E278335F8000FC491 /* Sources */,
				9BC17D3F278335F8000FC491 /* Frameworks */,
				9BC17D40278335F8000FC491 /* Resources */,
			);
			buildRules = (
			);
			dependencies = (
			);
			name = "Prototype House Mac";
			productName = "Prototype House Mac";
			productReference = 9BC17D42278335F8000FC491 /* Prototype House Mac.app */;
			productType = "com.apple.product-type.application";
		};
		9BF616B3276376D400D26E7B /* Prototype House */ = {
			isa = PBXNativeTarget;
			buildConfigurationList = 9BF616C2276376D500D26E7B /* Build configuration list for PBXNativeTarget "Prototype House" */;
			buildPhases = (
				9BF616B0276376D400D26E7B /* Sources */,
				9BF616B1276376D400D26E7B /* Frameworks */,
				9BF616B2276376D400D26E7B /* Resources */,
			);
			buildRules = (
			);
			dependencies = (
			);
			name = "Prototype House";
			productName = "Prototype House";
			productReference = 9BF616B4276376D400D26E7B /* Prototype House.app */;
			productType = "com.apple.product-type.application";
		};
/* End PBXNativeTarget section */

/* Begin PBXProject section */
		9BF616AC276376D400D26E7B /* Project object */ = {
			isa = PBXProject;
			attributes = {
				BuildIndependentTargetsInParallel = 1;
				LastSwiftUpdateCheck = 1320;
				LastUpgradeCheck = 1310;
				TargetAttributes = {
					9BC17D41278335F8000FC491 = {
						CreatedOnToolsVersion = 13.2;
					};
					9BF616B3276376D400D26E7B = {
						CreatedOnToolsVersion = 13.1;
					};
				};
			};
			buildConfigurationList = 9BF616AF276376D400D26E7B /* Build configuration list for PBXProject "Prototype House" */;
			compatibilityVersion = "Xcode 13.0";
			developmentRegion = en;
			hasScannedForEncodings = 0;
			knownRegions = (
				en,
				Base,
			);
			mainGroup = 9BF616AB276376D400D26E7B;
			productRefGroup = 9BF616B5276376D400D26E7B /* Products */;
			projectDirPath = "";
			projectRoot = "";
			targets = (
				9BF616B3276376D400D26E7B /* Prototype House */,
				9BC17D41278335F8000FC491 /* Prototype House Mac */,
			);
		};
/* End PBXProject section */

/* Begin PBXResourcesBuildPhase section */
		9BC17D40278335F8000FC491 /* Resources */ = {
			isa = PBXResourcesBuildPhase;
			buildActionMask = 2147483647;
			files = (
				9BC17D4C278335FA000FC491 /* Preview Assets.xcassets in Resources */,
				9BC17D49278335FA000FC491 /* Assets.xcassets in Resources */,
			);
			runOnlyForDeploymentPostprocessing = 0;
		};
		9BF616B2276376D400D26E7B /* Resources */ = {
			isa = PBXResourcesBuildPhase;
			buildActionMask = 2147483647;
			files = (
				9B3F99A827637D9600CC738C /* LaunchScreen.storyboard in Resources */,
				9BF616BF276376D500D26E7B /* Preview Assets.xcassets in Resources */,
				9BF616BC276376D500D26E7B /* Assets.xcassets in Resources */,
			);
			runOnlyForDeploymentPostprocessing = 0;
		};
/* End PBXResourcesBuildPhase section */

/* Begin PBXSourcesBuildPhase section */
		9BC17D3E278335F8000FC491 /* Sources */ = {
			isa = PBXSourcesBuildPhase;
			buildActionMask = 2147483647;
			files = (
				9BC17D47278335F8000FC491 /* ContentView.swift in Sources */,
				9BC17D45278335F8000FC491 /* PrototypeHouseMacApp.swift in Sources */,
				9BC17D5D278341DF000FC491 /* SFGroupView.swift in Sources */,
				9BC17D642783752C000FC491 /* NSView-Extensions.swift in Sources */,
				9BC17D5727833AC1000FC491 /* DetailContentView.swift in Sources */,
				9BC17D5A27833C68000FC491 /* SFSymbolsReplica.swift in Sources */,
				9BC17D612783735A000FC491 /* SplitViewExperiment.swift in Sources */,
				9BC17D5F278341FC000FC491 /* ContentData.swift in Sources */,
			);
			runOnlyForDeploymentPostprocessing = 0;
		};
		9BF616B0276376D400D26E7B /* Sources */ = {
			isa = PBXSourcesBuildPhase;
			buildActionMask = 2147483647;
			files = (
				9BF616BA276376D400D26E7B /* ContentView.swift in Sources */,
				9BF616CF2763784700D26E7B /* DemoWrapperView.swift in Sources */,
				9BF616C92763774200D26E7B /* UIView-Layout.swift in Sources */,
				9BF616DC276379F300D26E7B /* AppStoreViewController.swift in Sources */,
				9BF616CD276377F600D26E7B /* NSDirectionalEdgeInsets.swift in Sources */,
				9BF616DA276379F300D26E7B /* AppStoreViewController-Subviews.swift in Sources */,
				9BF616CB276377CD00D26E7B /* UIEdgeInsets.swift in Sources */,
				9BF616B8276376D400D26E7B /* PrototypeHouseApp.swift in Sources */,
				9B3F99A627637C1F00CC738C /* LinearEquation.swift in Sources */,
			);
			runOnlyForDeploymentPostprocessing = 0;
		};
/* End PBXSourcesBuildPhase section */

/* Begin XCBuildConfiguration section */
		9BC17D4E278335FA000FC491 /* Debug */ = {
			isa = XCBuildConfiguration;
			buildSettings = {
				ASSETCATALOG_COMPILER_APPICON_NAME = AppIcon;
				ASSETCATALOG_COMPILER_GLOBAL_ACCENT_COLOR_NAME = AccentColor;
				CODE_SIGN_ENTITLEMENTS = "Prototype House Mac/Resources/Prototype_House_Mac.entitlements";
				CODE_SIGN_STYLE = Automatic;
				COMBINE_HIDPI_IMAGES = YES;
				CURRENT_PROJECT_VERSION = 1;
				DEVELOPMENT_ASSET_PATHS = "\"Prototype House Mac/Resources/Preview Content\"";
				DEVELOPMENT_TEAM = 4E6CZX3H5W;
				ENABLE_HARDENED_RUNTIME = YES;
				ENABLE_PREVIEWS = YES;
				GENERATE_INFOPLIST_FILE = YES;
				INFOPLIST_KEY_NSHumanReadableCopyright = "";
				LD_RUNPATH_SEARCH_PATHS = (
					"$(inherited)",
					"@executable_path/../Frameworks",
				);
				MACOSX_DEPLOYMENT_TARGET = 12.0;
				MARKETING_VERSION = 1.0;
				PRODUCT_BUNDLE_IDENTIFIER = "com.fespinozacast.code.prototypes.Prototype-House-Mac";
				PRODUCT_NAME = "$(TARGET_NAME)";
				SDKROOT = macosx;
				SWIFT_EMIT_LOC_STRINGS = YES;
				SWIFT_VERSION = 5.0;
			};
			name = Debug;
		};
		9BC17D4F278335FA000FC491 /* Release */ = {
			isa = XCBuildConfiguration;
			buildSettings = {
				ASSETCATALOG_COMPILER_APPICON_NAME = AppIcon;
				ASSETCATALOG_COMPILER_GLOBAL_ACCENT_COLOR_NAME = AccentColor;
				CODE_SIGN_ENTITLEMENTS = "Prototype House Mac/Resources/Prototype_House_Mac.entitlements";
				CODE_SIGN_STYLE = Automatic;
				COMBINE_HIDPI_IMAGES = YES;
				CURRENT_PROJECT_VERSION = 1;
				DEVELOPMENT_ASSET_PATHS = "\"Prototype House Mac/Resources/Preview Content\"";
				DEVELOPMENT_TEAM = 4E6CZX3H5W;
				ENABLE_HARDENED_RUNTIME = YES;
				ENABLE_PREVIEWS = YES;
				GENERATE_INFOPLIST_FILE = YES;
				INFOPLIST_KEY_NSHumanReadableCopyright = "";
				LD_RUNPATH_SEARCH_PATHS = (
					"$(inherited)",
					"@executable_path/../Frameworks",
				);
				MACOSX_DEPLOYMENT_TARGET = 12.0;
				MARKETING_VERSION = 1.0;
				PRODUCT_BUNDLE_IDENTIFIER = "com.fespinozacast.code.prototypes.Prototype-House-Mac";
				PRODUCT_NAME = "$(TARGET_NAME)";
				SDKROOT = macosx;
				SWIFT_EMIT_LOC_STRINGS = YES;
				SWIFT_VERSION = 5.0;
			};
			name = Release;
		};
		9BF616C0276376D500D26E7B /* Debug */ = {
			isa = XCBuildConfiguration;
			buildSettings = {
				ALWAYS_SEARCH_USER_PATHS = NO;
				CLANG_ANALYZER_NONNULL = YES;
				CLANG_ANALYZER_NUMBER_OBJECT_CONVERSION = YES_AGGRESSIVE;
				CLANG_CXX_LANGUAGE_STANDARD = "gnu++17";
				CLANG_CXX_LIBRARY = "libc++";
				CLANG_ENABLE_MODULES = YES;
				CLANG_ENABLE_OBJC_ARC = YES;
				CLANG_ENABLE_OBJC_WEAK = YES;
				CLANG_WARN_BLOCK_CAPTURE_AUTORELEASING = YES;
				CLANG_WARN_BOOL_CONVERSION = YES;
				CLANG_WARN_COMMA = YES;
				CLANG_WARN_CONSTANT_CONVERSION = YES;
				CLANG_WARN_DEPRECATED_OBJC_IMPLEMENTATIONS = YES;
				CLANG_WARN_DIRECT_OBJC_ISA_USAGE = YES_ERROR;
				CLANG_WARN_DOCUMENTATION_COMMENTS = YES;
				CLANG_WARN_EMPTY_BODY = YES;
				CLANG_WARN_ENUM_CONVERSION = YES;
				CLANG_WARN_INFINITE_RECURSION = YES;
				CLANG_WARN_INT_CONVERSION = YES;
				CLANG_WARN_NON_LITERAL_NULL_CONVERSION = YES;
				CLANG_WARN_OBJC_IMPLICIT_RETAIN_SELF = YES;
				CLANG_WARN_OBJC_LITERAL_CONVERSION = YES;
				CLANG_WARN_OBJC_ROOT_CLASS = YES_ERROR;
				CLANG_WARN_QUOTED_INCLUDE_IN_FRAMEWORK_HEADER = YES;
				CLANG_WARN_RANGE_LOOP_ANALYSIS = YES;
				CLANG_WARN_STRICT_PROTOTYPES = YES;
				CLANG_WARN_SUSPICIOUS_MOVE = YES;
				CLANG_WARN_UNGUARDED_AVAILABILITY = YES_AGGRESSIVE;
				CLANG_WARN_UNREACHABLE_CODE = YES;
				CLANG_WARN__DUPLICATE_METHOD_MATCH = YES;
				COPY_PHASE_STRIP = NO;
				DEBUG_INFORMATION_FORMAT = dwarf;
				ENABLE_STRICT_OBJC_MSGSEND = YES;
				ENABLE_TESTABILITY = YES;
				GCC_C_LANGUAGE_STANDARD = gnu11;
				GCC_DYNAMIC_NO_PIC = NO;
				GCC_NO_COMMON_BLOCKS = YES;
				GCC_OPTIMIZATION_LEVEL = 0;
				GCC_PREPROCESSOR_DEFINITIONS = (
					"DEBUG=1",
					"$(inherited)",
				);
				GCC_WARN_64_TO_32_BIT_CONVERSION = YES;
				GCC_WARN_ABOUT_RETURN_TYPE = YES_ERROR;
				GCC_WARN_UNDECLARED_SELECTOR = YES;
				GCC_WARN_UNINITIALIZED_AUTOS = YES_AGGRESSIVE;
				GCC_WARN_UNUSED_FUNCTION = YES;
				GCC_WARN_UNUSED_VARIABLE = YES;
				IPHONEOS_DEPLOYMENT_TARGET = 15.0;
				MTL_ENABLE_DEBUG_INFO = INCLUDE_SOURCE;
				MTL_FAST_MATH = YES;
				ONLY_ACTIVE_ARCH = YES;
				SDKROOT = iphoneos;
				SWIFT_ACTIVE_COMPILATION_CONDITIONS = DEBUG;
				SWIFT_OPTIMIZATION_LEVEL = "-Onone";
			};
			name = Debug;
		};
		9BF616C1276376D500D26E7B /* Release */ = {
			isa = XCBuildConfiguration;
			buildSettings = {
				ALWAYS_SEARCH_USER_PATHS = NO;
				CLANG_ANALYZER_NONNULL = YES;
				CLANG_ANALYZER_NUMBER_OBJECT_CONVERSION = YES_AGGRESSIVE;
				CLANG_CXX_LANGUAGE_STANDARD = "gnu++17";
				CLANG_CXX_LIBRARY = "libc++";
				CLANG_ENABLE_MODULES = YES;
				CLANG_ENABLE_OBJC_ARC = YES;
				CLANG_ENABLE_OBJC_WEAK = YES;
				CLANG_WARN_BLOCK_CAPTURE_AUTORELEASING = YES;
				CLANG_WARN_BOOL_CONVERSION = YES;
				CLANG_WARN_COMMA = YES;
				CLANG_WARN_CONSTANT_CONVERSION = YES;
				CLANG_WARN_DEPRECATED_OBJC_IMPLEMENTATIONS = YES;
				CLANG_WARN_DIRECT_OBJC_ISA_USAGE = YES_ERROR;
				CLANG_WARN_DOCUMENTATION_COMMENTS = YES;
				CLANG_WARN_EMPTY_BODY = YES;
				CLANG_WARN_ENUM_CONVERSION = YES;
				CLANG_WARN_INFINITE_RECURSION = YES;
				CLANG_WARN_INT_CONVERSION = YES;
				CLANG_WARN_NON_LITERAL_NULL_CONVERSION = YES;
				CLANG_WARN_OBJC_IMPLICIT_RETAIN_SELF = YES;
				CLANG_WARN_OBJC_LITERAL_CONVERSION = YES;
				CLANG_WARN_OBJC_ROOT_CLASS = YES_ERROR;
				CLANG_WARN_QUOTED_INCLUDE_IN_FRAMEWORK_HEADER = YES;
				CLANG_WARN_RANGE_LOOP_ANALYSIS = YES;
				CLANG_WARN_STRICT_PROTOTYPES = YES;
				CLANG_WARN_SUSPICIOUS_MOVE = YES;
				CLANG_WARN_UNGUARDED_AVAILABILITY = YES_AGGRESSIVE;
				CLANG_WARN_UNREACHABLE_CODE = YES;
				CLANG_WARN__DUPLICATE_METHOD_MATCH = YES;
				COPY_PHASE_STRIP = NO;
				DEBUG_INFORMATION_FORMAT = "dwarf-with-dsym";
				ENABLE_NS_ASSERTIONS = NO;
				ENABLE_STRICT_OBJC_MSGSEND = YES;
				GCC_C_LANGUAGE_STANDARD = gnu11;
				GCC_NO_COMMON_BLOCKS = YES;
				GCC_WARN_64_TO_32_BIT_CONVERSION = YES;
				GCC_WARN_ABOUT_RETURN_TYPE = YES_ERROR;
				GCC_WARN_UNDECLARED_SELECTOR = YES;
				GCC_WARN_UNINITIALIZED_AUTOS = YES_AGGRESSIVE;
				GCC_WARN_UNUSED_FUNCTION = YES;
				GCC_WARN_UNUSED_VARIABLE = YES;
				IPHONEOS_DEPLOYMENT_TARGET = 15.0;
				MTL_ENABLE_DEBUG_INFO = NO;
				MTL_FAST_MATH = YES;
				SDKROOT = iphoneos;
				SWIFT_COMPILATION_MODE = wholemodule;
				SWIFT_OPTIMIZATION_LEVEL = "-O";
				VALIDATE_PRODUCT = YES;
			};
			name = Release;
		};
		9BF616C3276376D500D26E7B /* Debug */ = {
			isa = XCBuildConfiguration;
			buildSettings = {
				ASSETCATALOG_COMPILER_APPICON_NAME = AppIcon;
				ASSETCATALOG_COMPILER_GLOBAL_ACCENT_COLOR_NAME = AccentColor;
				ASSETCATALOG_COMPILER_INCLUDE_ALL_APPICON_ASSETS = NO;
				CODE_SIGN_STYLE = Automatic;
				CURRENT_PROJECT_VERSION = 1;
				DEVELOPMENT_ASSET_PATHS = "\"Prototype House/Resources/Preview Content\"";
				DEVELOPMENT_TEAM = 4E6CZX3H5W;
				ENABLE_PREVIEWS = YES;
				GENERATE_INFOPLIST_FILE = YES;
				INFOPLIST_KEY_UIApplicationSceneManifest_Generation = YES;
				INFOPLIST_KEY_UIApplicationSupportsIndirectInputEvents = YES;
				INFOPLIST_KEY_UILaunchScreen_Generation = YES;
				INFOPLIST_KEY_UILaunchStoryboardName = LaunchScreen;
				INFOPLIST_KEY_UISupportedInterfaceOrientations_iPad = "UIInterfaceOrientationPortrait UIInterfaceOrientationPortraitUpsideDown UIInterfaceOrientationLandscapeLeft UIInterfaceOrientationLandscapeRight";
				INFOPLIST_KEY_UISupportedInterfaceOrientations_iPhone = "UIInterfaceOrientationPortrait UIInterfaceOrientationLandscapeLeft UIInterfaceOrientationLandscapeRight";
				LD_RUNPATH_SEARCH_PATHS = (
					"$(inherited)",
					"@executable_path/Frameworks",
				);
				MARKETING_VERSION = 1.0;
				PRODUCT_BUNDLE_IDENTIFIER = "com.fespinozacast.code.prototypes.Prototype-House";
				PRODUCT_NAME = "$(TARGET_NAME)";
				SWIFT_EMIT_LOC_STRINGS = YES;
				SWIFT_VERSION = 5.0;
				TARGETED_DEVICE_FAMILY = "1,2";
			};
			name = Debug;
		};
		9BF616C4276376D500D26E7B /* Release */ = {
			isa = XCBuildConfiguration;
			buildSettings = {
				ASSETCATALOG_COMPILER_APPICON_NAME = AppIcon;
				ASSETCATALOG_COMPILER_GLOBAL_ACCENT_COLOR_NAME = AccentColor;
				ASSETCATALOG_COMPILER_INCLUDE_ALL_APPICON_ASSETS = NO;
				CODE_SIGN_STYLE = Automatic;
				CURRENT_PROJECT_VERSION = 1;
				DEVELOPMENT_ASSET_PATHS = "\"Prototype House/Resources/Preview Content\"";
				DEVELOPMENT_TEAM = 4E6CZX3H5W;
				ENABLE_PREVIEWS = YES;
				GENERATE_INFOPLIST_FILE = YES;
				INFOPLIST_KEY_UIApplicationSceneManifest_Generation = YES;
				INFOPLIST_KEY_UIApplicationSupportsIndirectInputEvents = YES;
				INFOPLIST_KEY_UILaunchScreen_Generation = YES;
				INFOPLIST_KEY_UILaunchStoryboardName = LaunchScreen;
				INFOPLIST_KEY_UISupportedInterfaceOrientations_iPad = "UIInterfaceOrientationPortrait UIInterfaceOrientationPortraitUpsideDown UIInterfaceOrientationLandscapeLeft UIInterfaceOrientationLandscapeRight";
				INFOPLIST_KEY_UISupportedInterfaceOrientations_iPhone = "UIInterfaceOrientationPortrait UIInterfaceOrientationLandscapeLeft UIInterfaceOrientationLandscapeRight";
				LD_RUNPATH_SEARCH_PATHS = (
					"$(inherited)",
					"@executable_path/Frameworks",
				);
				MARKETING_VERSION = 1.0;
				PRODUCT_BUNDLE_IDENTIFIER = "com.fespinozacast.code.prototypes.Prototype-House";
				PRODUCT_NAME = "$(TARGET_NAME)";
				SWIFT_EMIT_LOC_STRINGS = YES;
				SWIFT_VERSION = 5.0;
				TARGETED_DEVICE_FAMILY = "1,2";
			};
			name = Release;
		};
/* End XCBuildConfiguration section */

/* Begin XCConfigurationList section */
		9BC17D50278335FA000FC491 /* Build configuration list for PBXNativeTarget "Prototype House Mac" */ = {
			isa = XCConfigurationList;
			buildConfigurations = (
				9BC17D4E278335FA000FC491 /* Debug */,
				9BC17D4F278335FA000FC491 /* Release */,
			);
			defaultConfigurationIsVisible = 0;
			defaultConfigurationName = Release;
		};
		9BF616AF276376D400D26E7B /* Build configuration list for PBXProject "Prototype House" */ = {
			isa = XCConfigurationList;
			buildConfigurations = (
				9BF616C0276376D500D26E7B /* Debug */,
				9BF616C1276376D500D26E7B /* Release */,
			);
			defaultConfigurationIsVisible = 0;
			defaultConfigurationName = Release;
		};
		9BF616C2276376D500D26E7B /* Build configuration list for PBXNativeTarget "Prototype House" */ = {
			isa = XCConfigurationList;
			buildConfigurations = (
				9BF616C3276376D500D26E7B /* Debug */,
				9BF616C4276376D500D26E7B /* Release */,
			);
			defaultConfigurationIsVisible = 0;
			defaultConfigurationName = Release;
		};
/* End XCConfigurationList section */
	};
	rootObject = 9BF616AC276376D400D26E7B /* Project object */;
}
