// !$*UTF8*$!
{
	archiveVersion = 1;
	classes = {
	};
	objectVersion = 55;
	objects = {

/* Begin PBXBuildFile section */
		9B05BDA82845537600855F2A /* LocalizationSampleView.swift in Sources */ = {isa = PBXBuildFile; fileRef = 9B05BDA72845537600855F2A /* LocalizationSampleView.swift */; };
		9B173FC9287453B6000114A1 /* SampleNavigationBarContentView.swift in Sources */ = {isa = PBXBuildFile; fileRef = 9B173FC8287453B6000114A1 /* SampleNavigationBarContentView.swift */; };
		9B18A06A2949058B002B47F4 /* BasicTransitionExampleView.swift in Sources */ = {isa = PBXBuildFile; fileRef = 9B18A0692949058B002B47F4 /* BasicTransitionExampleView.swift */; };
		9B1BCB722A2637F80088B4BC /* VStackAnimationTest.swift in Sources */ = {isa = PBXBuildFile; fileRef = 9B1BCB712A2637F80088B4BC /* VStackAnimationTest.swift */; };
		9B261D812A1CAC730027F24E /* CommentComposerView.swift in Sources */ = {isa = PBXBuildFile; fileRef = 9B261D802A1CAC730027F24E /* CommentComposerView.swift */; };
		9B261D832A1CBE330027F24E /* CommentDemoView.swift in Sources */ = {isa = PBXBuildFile; fileRef = 9B261D822A1CBE330027F24E /* CommentDemoView.swift */; };
		9B261D862A1CDA0C0027F24E /* NavigationBarTitleScrollEffectView.swift in Sources */ = {isa = PBXBuildFile; fileRef = 9B261D852A1CDA0C0027F24E /* NavigationBarTitleScrollEffectView.swift */; };
		9B261D892A1CE0C40027F24E /* ScrollAndTouchGestures_DemoView.swift in Sources */ = {isa = PBXBuildFile; fileRef = 9B261D882A1CE0C40027F24E /* ScrollAndTouchGestures_DemoView.swift */; };
		9B293B792A7CECE000B5F7E3 /* NavigationBarSegmentedControl.swift in Sources */ = {isa = PBXBuildFile; fileRef = 9B293B782A7CECE000B5F7E3 /* NavigationBarSegmentedControl.swift */; };
		9B2A373327959B5B0054400F /* BottomSheetExperimentView.swift in Sources */ = {isa = PBXBuildFile; fileRef = 9B2A373227959B5B0054400F /* BottomSheetExperimentView.swift */; };
		9B3F99A627637C1F00CC738C /* LinearEquation.swift in Sources */ = {isa = PBXBuildFile; fileRef = 9B3F99A527637C1F00CC738C /* LinearEquation.swift */; };
		9B3F99A827637D9600CC738C /* LaunchScreen.storyboard in Resources */ = {isa = PBXBuildFile; fileRef = 9B3F99A727637D9600CC738C /* LaunchScreen.storyboard */; };
		9B4795882A575D5400C318D9 /* SamplePackage in Frameworks */ = {isa = PBXBuildFile; productRef = 9B4795872A575D5400C318D9 /* SamplePackage */; };
		9B4CB3DC29278C190030FAC9 /* IOS15UpdatesShowcaseView.swift in Sources */ = {isa = PBXBuildFile; fileRef = 9B4CB3DB29278C190030FAC9 /* IOS15UpdatesShowcaseView.swift */; };
		9B5300A92ABD6B0700E18107 /* ErrorSampleView.swift in Sources */ = {isa = PBXBuildFile; fileRef = 9BC26C642A9DFE3D007E70B7 /* ErrorSampleView.swift */; };
		9B5300AB2ABD6BA000E18107 /* Localizable.xcstrings in Resources */ = {isa = PBXBuildFile; fileRef = 9B5300AA2ABD6BA000E18107 /* Localizable.xcstrings */; };
		9B53FEAC2989454E0073ACCA /* ScrollViewOffsetReader.swift in Sources */ = {isa = PBXBuildFile; fileRef = 9B53FEAB2989454E0073ACCA /* ScrollViewOffsetReader.swift */; };
		9B54F0962843FDD9002414C5 /* SearchableModifierSampleView.swift in Sources */ = {isa = PBXBuildFile; fileRef = 9B54F0952843FDD9002414C5 /* SearchableModifierSampleView.swift */; };
		9B54F09B28441061002414C5 /* SeachableViewModesSampleView.swift in Sources */ = {isa = PBXBuildFile; fileRef = 9B54F09A28441061002414C5 /* SeachableViewModesSampleView.swift */; };
		9B54F09E284412D3002414C5 /* MockData.swift in Sources */ = {isa = PBXBuildFile; fileRef = 9B54F09D284412D3002414C5 /* MockData.swift */; };
		9B5C0FA429AE491C008627C6 /* ContentOnboardingSampleView.swift in Sources */ = {isa = PBXBuildFile; fileRef = 9B5C0FA329AE491C008627C6 /* ContentOnboardingSampleView.swift */; };
		9B5C0FA629AE5586008627C6 /* TriangleShape.swift in Sources */ = {isa = PBXBuildFile; fileRef = 9B5C0FA529AE5586008627C6 /* TriangleShape.swift */; };
		9B5C0FA829AE56DB008627C6 /* ShapeDifferenceExample.swift in Sources */ = {isa = PBXBuildFile; fileRef = 9B5C0FA729AE56DB008627C6 /* ShapeDifferenceExample.swift */; };
		9B5C0FAA29AEA72E008627C6 /* View-Extensions.swift in Sources */ = {isa = PBXBuildFile; fileRef = 9B5C0FA929AEA72E008627C6 /* View-Extensions.swift */; };
		9B5C0FAC29AEAA76008627C6 /* BubbleView.swift in Sources */ = {isa = PBXBuildFile; fileRef = 9B5C0FAB29AEAA76008627C6 /* BubbleView.swift */; };
		9B694246294BCEFE00EF8E77 /* SampleLayout.swift in Sources */ = {isa = PBXBuildFile; fileRef = 9B694245294BCEFE00EF8E77 /* SampleLayout.swift */; };
		9B6D4BBF286C301500D97ACF /* TvAppContentView.swift in Sources */ = {isa = PBXBuildFile; fileRef = 9B6D4BBE286C301500D97ACF /* TvAppContentView.swift */; };
		9B6D4BC1286C39C600D97ACF /* TvAppContentSwiftUIView.swift in Sources */ = {isa = PBXBuildFile; fileRef = 9B6D4BC0286C39C600D97ACF /* TvAppContentSwiftUIView.swift */; };
		9B6D4BC3286C447500D97ACF /* TvAppContentViewController.swift in Sources */ = {isa = PBXBuildFile; fileRef = 9B6D4BC2286C447500D97ACF /* TvAppContentViewController.swift */; };
		9B7152E227DA3C3700559E47 /* SampleView.swift in Sources */ = {isa = PBXBuildFile; fileRef = 9B7152E127DA3C3700559E47 /* SampleView.swift */; };
		9B74010B278B70E0005454D5 /* RedactedAnimationExperimentView.swift in Sources */ = {isa = PBXBuildFile; fileRef = 9B46F1F9278B338A00D9180F /* RedactedAnimationExperimentView.swift */; };
		9B80A5762846517000FC2F6D /* AlertWithTextFieldSampleView.swift in Sources */ = {isa = PBXBuildFile; fileRef = 9B80A5752846517000FC2F6D /* AlertWithTextFieldSampleView.swift */; };
		9B80A57828489AAD00FC2F6D /* AlertTextOnUIkit.swift in Sources */ = {isa = PBXBuildFile; fileRef = 9B80A57728489AAD00FC2F6D /* AlertTextOnUIkit.swift */; };
		9B80A57A28489F1B00FC2F6D /* AlertTextStackOverflow.swift in Sources */ = {isa = PBXBuildFile; fileRef = 9B80A57928489F1B00FC2F6D /* AlertTextStackOverflow.swift */; };
		9B81116D280B77B900CAC97E /* CustomPresentationView.swift in Sources */ = {isa = PBXBuildFile; fileRef = 9B81116C280B77B900CAC97E /* CustomPresentationView.swift */; };
		9B811170280B7CF300CAC97E /* DoubleTapGestureView.swift in Sources */ = {isa = PBXBuildFile; fileRef = 9B81116F280B7CF300CAC97E /* DoubleTapGestureView.swift */; };
		9B81E7EE2A42F960003324FE /* PrototypeHouseWatchApp.swift in Sources */ = {isa = PBXBuildFile; fileRef = 9B81E7ED2A42F960003324FE /* PrototypeHouseWatchApp.swift */; };
		9B81E7F02A42F960003324FE /* ContentView.swift in Sources */ = {isa = PBXBuildFile; fileRef = 9B81E7EF2A42F960003324FE /* ContentView.swift */; };
		9B81E7F22A42F960003324FE /* Assets.xcassets in Resources */ = {isa = PBXBuildFile; fileRef = 9B81E7F12A42F960003324FE /* Assets.xcassets */; };
		9B81E7F52A42F960003324FE /* Preview Assets.xcassets in Resources */ = {isa = PBXBuildFile; fileRef = 9B81E7F42A42F960003324FE /* Preview Assets.xcassets */; };
		9B81E7F82A42F960003324FE /* Prototype House Watch App.app in Embed Watch Content */ = {isa = PBXBuildFile; fileRef = 9B81E7EB2A42F960003324FE /* Prototype House Watch App.app */; settings = {ATTRIBUTES = (RemoveHeadersOnCopy, ); }; };
		9B82C94E2865BFEF00C7E6C2 /* SafariContainerSampleView.swift in Sources */ = {isa = PBXBuildFile; fileRef = 9B82C94D2865BFEF00C7E6C2 /* SafariContainerSampleView.swift */; };
		9B851CF42A5756DB00C37160 /* LocalizationFromPackage.swift in Sources */ = {isa = PBXBuildFile; fileRef = 9B851CF32A5756DB00C37160 /* LocalizationFromPackage.swift */; };
		9B8E25562A7CE60300482DB8 /* SegmentedExperimentViewController.swift in Sources */ = {isa = PBXBuildFile; fileRef = 9B8E25552A7CE60300482DB8 /* SegmentedExperimentViewController.swift */; };
		9B9C7FF7281C8E4F006AD0B7 /* ImageWithTitleContentView.swift in Sources */ = {isa = PBXBuildFile; fileRef = 9B9C7FF6281C8E4F006AD0B7 /* ImageWithTitleContentView.swift */; };
		9B9C7FFA281C92D2006AD0B7 /* ScrollReaderView.swift in Sources */ = {isa = PBXBuildFile; fileRef = 9B9C7FF9281C92D2006AD0B7 /* ScrollReaderView.swift */; };
		9B9C7FFC281C94F0006AD0B7 /* SizeReader.swift in Sources */ = {isa = PBXBuildFile; fileRef = 9B9C7FFB281C94F0006AD0B7 /* SizeReader.swift */; };
		9B9DF3E2299100B600FA949C /* CombineValueBufferingView.swift in Sources */ = {isa = PBXBuildFile; fileRef = 9B9DF3E1299100B600FA949C /* CombineValueBufferingView.swift */; };
		9B9E4CA6290BC0750017BFAF /* ImageGalleryView.swift in Sources */ = {isa = PBXBuildFile; fileRef = 9B9E4CA5290BC0750017BFAF /* ImageGalleryView.swift */; };
		9B9E4CA8290BC0810017BFAF /* images.xcassets in Resources */ = {isa = PBXBuildFile; fileRef = 9B9E4CA7290BC0810017BFAF /* images.xcassets */; };
		9B9FAA43286CE931000DD62F /* TvAppScrollableContentView.swift in Sources */ = {isa = PBXBuildFile; fileRef = 9B9FAA42286CE931000DD62F /* TvAppScrollableContentView.swift */; };
		9B9FAA45286CE94A000DD62F /* TvAppContentViewData.swift in Sources */ = {isa = PBXBuildFile; fileRef = 9B9FAA44286CE94A000DD62F /* TvAppContentViewData.swift */; };
		9BA49242290BC44900B66205 /* ImageLayoutView.swift in Sources */ = {isa = PBXBuildFile; fileRef = 9BA49241290BC44900B66205 /* ImageLayoutView.swift */; };
		9BAFA6B628ED83A000180E15 /* sample-article.html in Resources */ = {isa = PBXBuildFile; fileRef = 9BAFA6B528ED83A000180E15 /* sample-article.html */; };
		9BBC905D28A513A100130303 /* CustomSearchView.swift in Sources */ = {isa = PBXBuildFile; fileRef = 9BBC905C28A513A100130303 /* CustomSearchView.swift */; };
		9BBED65B286D90C600896A43 /* TvAppBackButton.swift in Sources */ = {isa = PBXBuildFile; fileRef = 9BBED65A286D90C600896A43 /* TvAppBackButton.swift */; };
		9BC17D45278335F8000FC491 /* PrototypeHouseMacApp.swift in Sources */ = {isa = PBXBuildFile; fileRef = 9BC17D44278335F8000FC491 /* PrototypeHouseMacApp.swift */; };
		9BC17D47278335F8000FC491 /* ContentView.swift in Sources */ = {isa = PBXBuildFile; fileRef = 9BC17D46278335F8000FC491 /* ContentView.swift */; };
		9BC17D49278335FA000FC491 /* Assets.xcassets in Resources */ = {isa = PBXBuildFile; fileRef = 9BC17D48278335FA000FC491 /* Assets.xcassets */; };
		9BC17D4C278335FA000FC491 /* Preview Assets.xcassets in Resources */ = {isa = PBXBuildFile; fileRef = 9BC17D4B278335FA000FC491 /* Preview Assets.xcassets */; };
		9BC17D5727833AC1000FC491 /* DetailContentView.swift in Sources */ = {isa = PBXBuildFile; fileRef = 9BC17D5527833A96000FC491 /* DetailContentView.swift */; };
		9BC17D5A27833C68000FC491 /* SFSymbolsReplica.swift in Sources */ = {isa = PBXBuildFile; fileRef = 9BC17D5927833C68000FC491 /* SFSymbolsReplica.swift */; };
		9BC17D5D278341DF000FC491 /* SFGroupView.swift in Sources */ = {isa = PBXBuildFile; fileRef = 9BC17D5C278341DF000FC491 /* SFGroupView.swift */; };
		9BC17D5F278341FC000FC491 /* ContentData.swift in Sources */ = {isa = PBXBuildFile; fileRef = 9BC17D5E278341FC000FC491 /* ContentData.swift */; };
		9BC17D612783735A000FC491 /* SplitViewExperiment.swift in Sources */ = {isa = PBXBuildFile; fileRef = 9BC17D602783735A000FC491 /* SplitViewExperiment.swift */; };
		9BC17D642783752C000FC491 /* NSView-Extensions.swift in Sources */ = {isa = PBXBuildFile; fileRef = 9BC17D632783752C000FC491 /* NSView-Extensions.swift */; };
		9BC26C612A9DE41E007E70B7 /* UpcomingWorkoutCell.swift in Sources */ = {isa = PBXBuildFile; fileRef = 9BC26C602A9DE41E007E70B7 /* UpcomingWorkoutCell.swift */; };
		9BC451F02AC1B180002F9D8E /* Prototype_House_iOS_Tests.swift in Sources */ = {isa = PBXBuildFile; fileRef = 9BC451EF2AC1B180002F9D8E /* Prototype_House_iOS_Tests.swift */; };
		9BC451F72AC1B1C8002F9D8E /* LinearEquationTests.swift in Sources */ = {isa = PBXBuildFile; fileRef = 9BC451F62AC1B1C8002F9D8E /* LinearEquationTests.swift */; };
		9BC451FA2AC1BBBC002F9D8E /* SnapshotTesting in Frameworks */ = {isa = PBXBuildFile; productRef = 9BC451F92AC1BBBC002F9D8E /* SnapshotTesting */; };
		9BC451FC2AC1BC03002F9D8E /* SampleSnapshotTests.swift in Sources */ = {isa = PBXBuildFile; fileRef = 9BC451FB2AC1BC03002F9D8E /* SampleSnapshotTests.swift */; };
		9BC451FE2AC1BF4A002F9D8E /* SnapshotTesting-XcodeCloudFix.swift in Sources */ = {isa = PBXBuildFile; fileRef = 9BC451FD2AC1BF4A002F9D8E /* SnapshotTesting-XcodeCloudFix.swift */; };
		9BC452032AC1C415002F9D8E /* TvSnapshotTests.swift in Sources */ = {isa = PBXBuildFile; fileRef = 9BC452022AC1C415002F9D8E /* TvSnapshotTests.swift */; };
		9BC452052AC1C4D4002F9D8E /* SampleSnapshotTests in Resources */ = {isa = PBXBuildFile; fileRef = 9BC452042AC1C4D4002F9D8E /* SampleSnapshotTests */; };
		9BC452072AC1C4E0002F9D8E /* TvSnapshotTests in Resources */ = {isa = PBXBuildFile; fileRef = 9BC452062AC1C4E0002F9D8E /* TvSnapshotTests */; };
		9BC4520A2AC218EF002F9D8E /* LoginFormView.swift in Sources */ = {isa = PBXBuildFile; fileRef = 9BC452092AC218EF002F9D8E /* LoginFormView.swift */; };
		9BC488C3284560BE00E36E12 /* OutlineGroupExperimentsView.swift in Sources */ = {isa = PBXBuildFile; fileRef = 9BC488C2284560BE00E36E12 /* OutlineGroupExperimentsView.swift */; };
		9BC881A72876C9450069B48E /* ScrollableContentStatesSample.swift in Sources */ = {isa = PBXBuildFile; fileRef = 9BC881A62876C9450069B48E /* ScrollableContentStatesSample.swift */; };
		9BC939AD281EB909003B5B9B /* NameEditorView.swift in Sources */ = {isa = PBXBuildFile; fileRef = 9BC939AC281EB909003B5B9B /* NameEditorView.swift */; };
		9BD770B828ED7D35002470D8 /* UITextViewInScrollView.swift in Sources */ = {isa = PBXBuildFile; fileRef = 9BD770B728ED7D35002470D8 /* UITextViewInScrollView.swift */; };
		9BD866B329AD20CF0080DED7 /* AppDelegate.swift in Sources */ = {isa = PBXBuildFile; fileRef = 9BD866B229AD20CF0080DED7 /* AppDelegate.swift */; };
		9BD866B529AD20CF0080DED7 /* SceneDelegate.swift in Sources */ = {isa = PBXBuildFile; fileRef = 9BD866B429AD20CF0080DED7 /* SceneDelegate.swift */; };
		9BD866B729AD20CF0080DED7 /* ViewController.swift in Sources */ = {isa = PBXBuildFile; fileRef = 9BD866B629AD20CF0080DED7 /* ViewController.swift */; };
		9BD866BA29AD20CF0080DED7 /* Main.storyboard in Resources */ = {isa = PBXBuildFile; fileRef = 9BD866B829AD20CF0080DED7 /* Main.storyboard */; };
		9BD866BC29AD20CF0080DED7 /* Assets.xcassets in Resources */ = {isa = PBXBuildFile; fileRef = 9BD866BB29AD20CF0080DED7 /* Assets.xcassets */; };
		9BD866BF29AD20CF0080DED7 /* LaunchScreen.storyboard in Resources */ = {isa = PBXBuildFile; fileRef = 9BD866BD29AD20CF0080DED7 /* LaunchScreen.storyboard */; };
		9BD866C629AD256C0080DED7 /* UIImage-Extensions.swift in Sources */ = {isa = PBXBuildFile; fileRef = 9BD866C529AD256C0080DED7 /* UIImage-Extensions.swift */; };
		9BDAD416290291E400A557BD /* SampleTransitionPageView.swift in Sources */ = {isa = PBXBuildFile; fileRef = 9BDAD415290291E400A557BD /* SampleTransitionPageView.swift */; };
		9BDE6670278598190092CF32 /* UnderstandingFocusView.swift in Sources */ = {isa = PBXBuildFile; fileRef = 9BDE666F278598190092CF32 /* UnderstandingFocusView.swift */; };
		9BE2E8AC293621DD00DAEA41 /* MatchedGeometrySample.swift in Sources */ = {isa = PBXBuildFile; fileRef = 9BE2E8AB293621DD00DAEA41 /* MatchedGeometrySample.swift */; };
		9BE975B629AF3ACB008F58A9 /* OnboardingOverlayView.swift in Sources */ = {isa = PBXBuildFile; fileRef = 9BE975B529AF3ACB008F58A9 /* OnboardingOverlayView.swift */; };
		9BF5868C283CBADF0042BE53 /* CheckScrollVisibleContentView.swift in Sources */ = {isa = PBXBuildFile; fileRef = 9BF5868B283CBADF0042BE53 /* CheckScrollVisibleContentView.swift */; };
		9BF616B8276376D400D26E7B /* PrototypeHouseApp.swift in Sources */ = {isa = PBXBuildFile; fileRef = 9BF616B7276376D400D26E7B /* PrototypeHouseApp.swift */; };
		9BF616BA276376D400D26E7B /* ContentView.swift in Sources */ = {isa = PBXBuildFile; fileRef = 9BF616B9276376D400D26E7B /* ContentView.swift */; };
		9BF616BC276376D500D26E7B /* Assets.xcassets in Resources */ = {isa = PBXBuildFile; fileRef = 9BF616BB276376D500D26E7B /* Assets.xcassets */; };
		9BF616BF276376D500D26E7B /* Preview Assets.xcassets in Resources */ = {isa = PBXBuildFile; fileRef = 9BF616BE276376D500D26E7B /* Preview Assets.xcassets */; };
		9BF616C92763774200D26E7B /* UIView-Layout.swift in Sources */ = {isa = PBXBuildFile; fileRef = 9BF616C82763774200D26E7B /* UIView-Layout.swift */; };
		9BF616CB276377CD00D26E7B /* UIEdgeInsets.swift in Sources */ = {isa = PBXBuildFile; fileRef = 9BF616CA276377CD00D26E7B /* UIEdgeInsets.swift */; };
		9BF616CD276377F600D26E7B /* NSDirectionalEdgeInsets.swift in Sources */ = {isa = PBXBuildFile; fileRef = 9BF616CC276377F600D26E7B /* NSDirectionalEdgeInsets.swift */; };
		9BF616CF2763784700D26E7B /* DemoWrapperView.swift in Sources */ = {isa = PBXBuildFile; fileRef = 9BF616CE2763784700D26E7B /* DemoWrapperView.swift */; };
		9BF616DA276379F300D26E7B /* AppStoreViewController-Subviews.swift in Sources */ = {isa = PBXBuildFile; fileRef = 9BF616D7276379F300D26E7B /* AppStoreViewController-Subviews.swift */; };
		9BF616DC276379F300D26E7B /* AppStoreViewController.swift in Sources */ = {isa = PBXBuildFile; fileRef = 9BF616D9276379F300D26E7B /* AppStoreViewController.swift */; };
		9BF70E9129B9DB8E0027AB9E /* CustomNavTitleViewController.swift in Sources */ = {isa = PBXBuildFile; fileRef = 9BF70E9029B9DB8E0027AB9E /* CustomNavTitleViewController.swift */; };
		9BF70E9629B9DC640027AB9E /* ScrollableContentView.swift in Sources */ = {isa = PBXBuildFile; fileRef = 9BF70E9529B9DC640027AB9E /* ScrollableContentView.swift */; };
/* End PBXBuildFile section */

/* Begin PBXContainerItemProxy section */
		9B81E7F62A42F960003324FE /* PBXContainerItemProxy */ = {
			isa = PBXContainerItemProxy;
			containerPortal = 9BF616AC276376D400D26E7B /* Project object */;
			proxyType = 1;
			remoteGlobalIDString = 9B81E7EA2A42F960003324FE;
			remoteInfo = "Prototype House Watch Watch App";
		};
		9BC451F12AC1B180002F9D8E /* PBXContainerItemProxy */ = {
			isa = PBXContainerItemProxy;
			containerPortal = 9BF616AC276376D400D26E7B /* Project object */;
			proxyType = 1;
			remoteGlobalIDString = 9BF616B3276376D400D26E7B;
			remoteInfo = "Prototype House";
		};
/* End PBXContainerItemProxy section */

/* Begin PBXCopyFilesBuildPhase section */
		9B81E7F92A42F960003324FE /* Embed Watch Content */ = {
			isa = PBXCopyFilesBuildPhase;
			buildActionMask = 2147483647;
			dstPath = "$(CONTENTS_FOLDER_PATH)/Watch";
			dstSubfolderSpec = 16;
			files = (
				9B81E7F82A42F960003324FE /* Prototype House Watch App.app in Embed Watch Content */,
			);
			name = "Embed Watch Content";
			runOnlyForDeploymentPostprocessing = 0;
		};
/* End PBXCopyFilesBuildPhase section */

/* Begin PBXFileReference section */
		9B05BDA72845537600855F2A /* LocalizationSampleView.swift */ = {isa = PBXFileReference; lastKnownFileType = sourcecode.swift; path = LocalizationSampleView.swift; sourceTree = "<group>"; };
		9B173FC8287453B6000114A1 /* SampleNavigationBarContentView.swift */ = {isa = PBXFileReference; lastKnownFileType = sourcecode.swift; path = SampleNavigationBarContentView.swift; sourceTree = "<group>"; };
		9B18A0692949058B002B47F4 /* BasicTransitionExampleView.swift */ = {isa = PBXFileReference; lastKnownFileType = sourcecode.swift; path = BasicTransitionExampleView.swift; sourceTree = "<group>"; };
		9B1BCB712A2637F80088B4BC /* VStackAnimationTest.swift */ = {isa = PBXFileReference; lastKnownFileType = sourcecode.swift; path = VStackAnimationTest.swift; sourceTree = "<group>"; };
		9B261D802A1CAC730027F24E /* CommentComposerView.swift */ = {isa = PBXFileReference; lastKnownFileType = sourcecode.swift; path = CommentComposerView.swift; sourceTree = "<group>"; };
		9B261D822A1CBE330027F24E /* CommentDemoView.swift */ = {isa = PBXFileReference; lastKnownFileType = sourcecode.swift; path = CommentDemoView.swift; sourceTree = "<group>"; };
		9B261D852A1CDA0C0027F24E /* NavigationBarTitleScrollEffectView.swift */ = {isa = PBXFileReference; lastKnownFileType = sourcecode.swift; path = NavigationBarTitleScrollEffectView.swift; sourceTree = "<group>"; };
		9B261D882A1CE0C40027F24E /* ScrollAndTouchGestures_DemoView.swift */ = {isa = PBXFileReference; lastKnownFileType = sourcecode.swift; path = ScrollAndTouchGestures_DemoView.swift; sourceTree = "<group>"; };
		9B293B782A7CECE000B5F7E3 /* NavigationBarSegmentedControl.swift */ = {isa = PBXFileReference; lastKnownFileType = sourcecode.swift; path = NavigationBarSegmentedControl.swift; sourceTree = "<group>"; };
		9B2A373227959B5B0054400F /* BottomSheetExperimentView.swift */ = {isa = PBXFileReference; lastKnownFileType = sourcecode.swift; path = BottomSheetExperimentView.swift; sourceTree = "<group>"; };
		9B3F99A527637C1F00CC738C /* LinearEquation.swift */ = {isa = PBXFileReference; lastKnownFileType = sourcecode.swift; path = LinearEquation.swift; sourceTree = "<group>"; };
		9B3F99A727637D9600CC738C /* LaunchScreen.storyboard */ = {isa = PBXFileReference; lastKnownFileType = file.storyboard; path = LaunchScreen.storyboard; sourceTree = "<group>"; };
		9B46F1F9278B338A00D9180F /* RedactedAnimationExperimentView.swift */ = {isa = PBXFileReference; lastKnownFileType = sourcecode.swift; path = RedactedAnimationExperimentView.swift; sourceTree = "<group>"; };
		9B4CB3DB29278C190030FAC9 /* IOS15UpdatesShowcaseView.swift */ = {isa = PBXFileReference; lastKnownFileType = sourcecode.swift; path = IOS15UpdatesShowcaseView.swift; sourceTree = "<group>"; };
		9B5300AA2ABD6BA000E18107 /* Localizable.xcstrings */ = {isa = PBXFileReference; lastKnownFileType = text.json.xcstrings; path = Localizable.xcstrings; sourceTree = "<group>"; };
		9B53FEAB2989454E0073ACCA /* ScrollViewOffsetReader.swift */ = {isa = PBXFileReference; lastKnownFileType = sourcecode.swift; path = ScrollViewOffsetReader.swift; sourceTree = "<group>"; };
		9B54F0952843FDD9002414C5 /* SearchableModifierSampleView.swift */ = {isa = PBXFileReference; lastKnownFileType = sourcecode.swift; path = SearchableModifierSampleView.swift; sourceTree = "<group>"; };
		9B54F09A28441061002414C5 /* SeachableViewModesSampleView.swift */ = {isa = PBXFileReference; lastKnownFileType = sourcecode.swift; path = SeachableViewModesSampleView.swift; sourceTree = "<group>"; };
		9B54F09D284412D3002414C5 /* MockData.swift */ = {isa = PBXFileReference; lastKnownFileType = sourcecode.swift; path = MockData.swift; sourceTree = "<group>"; };
		9B55C2CD2A56DF88001DB9C7 /* SamplePackage */ = {isa = PBXFileReference; lastKnownFileType = wrapper; name = SamplePackage; path = Packages/SamplePackage; sourceTree = "<group>"; };
		9B5C0FA329AE491C008627C6 /* ContentOnboardingSampleView.swift */ = {isa = PBXFileReference; lastKnownFileType = sourcecode.swift; path = ContentOnboardingSampleView.swift; sourceTree = "<group>"; };
		9B5C0FA529AE5586008627C6 /* TriangleShape.swift */ = {isa = PBXFileReference; lastKnownFileType = sourcecode.swift; path = TriangleShape.swift; sourceTree = "<group>"; };
		9B5C0FA729AE56DB008627C6 /* ShapeDifferenceExample.swift */ = {isa = PBXFileReference; lastKnownFileType = sourcecode.swift; path = ShapeDifferenceExample.swift; sourceTree = "<group>"; };
		9B5C0FA929AEA72E008627C6 /* View-Extensions.swift */ = {isa = PBXFileReference; lastKnownFileType = sourcecode.swift; path = "View-Extensions.swift"; sourceTree = "<group>"; };
		9B5C0FAB29AEAA76008627C6 /* BubbleView.swift */ = {isa = PBXFileReference; lastKnownFileType = sourcecode.swift; path = BubbleView.swift; sourceTree = "<group>"; };
		9B694245294BCEFE00EF8E77 /* SampleLayout.swift */ = {isa = PBXFileReference; lastKnownFileType = sourcecode.swift; path = SampleLayout.swift; sourceTree = "<group>"; };
		9B6D4BBE286C301500D97ACF /* TvAppContentView.swift */ = {isa = PBXFileReference; lastKnownFileType = sourcecode.swift; path = TvAppContentView.swift; sourceTree = "<group>"; };
		9B6D4BC0286C39C600D97ACF /* TvAppContentSwiftUIView.swift */ = {isa = PBXFileReference; lastKnownFileType = sourcecode.swift; path = TvAppContentSwiftUIView.swift; sourceTree = "<group>"; };
		9B6D4BC2286C447500D97ACF /* TvAppContentViewController.swift */ = {isa = PBXFileReference; lastKnownFileType = sourcecode.swift; path = TvAppContentViewController.swift; sourceTree = "<group>"; };
		9B7152E127DA3C3700559E47 /* SampleView.swift */ = {isa = PBXFileReference; lastKnownFileType = sourcecode.swift; path = SampleView.swift; sourceTree = "<group>"; };
		9B80A5752846517000FC2F6D /* AlertWithTextFieldSampleView.swift */ = {isa = PBXFileReference; lastKnownFileType = sourcecode.swift; path = AlertWithTextFieldSampleView.swift; sourceTree = "<group>"; };
		9B80A57728489AAD00FC2F6D /* AlertTextOnUIkit.swift */ = {isa = PBXFileReference; lastKnownFileType = sourcecode.swift; path = AlertTextOnUIkit.swift; sourceTree = "<group>"; };
		9B80A57928489F1B00FC2F6D /* AlertTextStackOverflow.swift */ = {isa = PBXFileReference; lastKnownFileType = sourcecode.swift; path = AlertTextStackOverflow.swift; sourceTree = "<group>"; };
		9B81116C280B77B900CAC97E /* CustomPresentationView.swift */ = {isa = PBXFileReference; lastKnownFileType = sourcecode.swift; path = CustomPresentationView.swift; sourceTree = "<group>"; };
		9B81116F280B7CF300CAC97E /* DoubleTapGestureView.swift */ = {isa = PBXFileReference; lastKnownFileType = sourcecode.swift; path = DoubleTapGestureView.swift; sourceTree = "<group>"; };
		9B81E7EB2A42F960003324FE /* Prototype House Watch App.app */ = {isa = PBXFileReference; explicitFileType = wrapper.application; includeInIndex = 0; path = "Prototype House Watch App.app"; sourceTree = BUILT_PRODUCTS_DIR; };
		9B81E7ED2A42F960003324FE /* PrototypeHouseWatchApp.swift */ = {isa = PBXFileReference; lastKnownFileType = sourcecode.swift; path = PrototypeHouseWatchApp.swift; sourceTree = "<group>"; };
		9B81E7EF2A42F960003324FE /* ContentView.swift */ = {isa = PBXFileReference; lastKnownFileType = sourcecode.swift; path = ContentView.swift; sourceTree = "<group>"; };
		9B81E7F12A42F960003324FE /* Assets.xcassets */ = {isa = PBXFileReference; lastKnownFileType = folder.assetcatalog; path = Assets.xcassets; sourceTree = "<group>"; };
		9B81E7F42A42F960003324FE /* Preview Assets.xcassets */ = {isa = PBXFileReference; lastKnownFileType = folder.assetcatalog; path = "Preview Assets.xcassets"; sourceTree = "<group>"; };
		9B82C94D2865BFEF00C7E6C2 /* SafariContainerSampleView.swift */ = {isa = PBXFileReference; lastKnownFileType = sourcecode.swift; path = SafariContainerSampleView.swift; sourceTree = "<group>"; };
		9B851CF32A5756DB00C37160 /* LocalizationFromPackage.swift */ = {isa = PBXFileReference; lastKnownFileType = sourcecode.swift; path = LocalizationFromPackage.swift; sourceTree = "<group>"; };
		9B851CF52A57570E00C37160 /* Prototype-House-Info.plist */ = {isa = PBXFileReference; lastKnownFileType = text.plist; path = "Prototype-House-Info.plist"; sourceTree = SOURCE_ROOT; };
		9B8E25552A7CE60300482DB8 /* SegmentedExperimentViewController.swift */ = {isa = PBXFileReference; lastKnownFileType = sourcecode.swift; path = SegmentedExperimentViewController.swift; sourceTree = "<group>"; };
		9B9C7FF6281C8E4F006AD0B7 /* ImageWithTitleContentView.swift */ = {isa = PBXFileReference; lastKnownFileType = sourcecode.swift; path = ImageWithTitleContentView.swift; sourceTree = "<group>"; };
		9B9C7FF9281C92D2006AD0B7 /* ScrollReaderView.swift */ = {isa = PBXFileReference; lastKnownFileType = sourcecode.swift; path = ScrollReaderView.swift; sourceTree = "<group>"; };
		9B9C7FFB281C94F0006AD0B7 /* SizeReader.swift */ = {isa = PBXFileReference; lastKnownFileType = sourcecode.swift; path = SizeReader.swift; sourceTree = "<group>"; };
		9B9DF3E1299100B600FA949C /* CombineValueBufferingView.swift */ = {isa = PBXFileReference; lastKnownFileType = sourcecode.swift; path = CombineValueBufferingView.swift; sourceTree = "<group>"; };
		9B9E4CA5290BC0750017BFAF /* ImageGalleryView.swift */ = {isa = PBXFileReference; lastKnownFileType = sourcecode.swift; path = ImageGalleryView.swift; sourceTree = "<group>"; };
		9B9E4CA7290BC0810017BFAF /* images.xcassets */ = {isa = PBXFileReference; lastKnownFileType = folder.assetcatalog; path = images.xcassets; sourceTree = "<group>"; };
		9B9FAA42286CE931000DD62F /* TvAppScrollableContentView.swift */ = {isa = PBXFileReference; lastKnownFileType = sourcecode.swift; path = TvAppScrollableContentView.swift; sourceTree = "<group>"; };
		9B9FAA44286CE94A000DD62F /* TvAppContentViewData.swift */ = {isa = PBXFileReference; lastKnownFileType = sourcecode.swift; path = TvAppContentViewData.swift; sourceTree = "<group>"; };
		9BA49241290BC44900B66205 /* ImageLayoutView.swift */ = {isa = PBXFileReference; lastKnownFileType = sourcecode.swift; path = ImageLayoutView.swift; sourceTree = "<group>"; };
		9BAFA6B528ED83A000180E15 /* sample-article.html */ = {isa = PBXFileReference; lastKnownFileType = text.html; path = "sample-article.html"; sourceTree = "<group>"; };
		9BBC905C28A513A100130303 /* CustomSearchView.swift */ = {isa = PBXFileReference; lastKnownFileType = sourcecode.swift; path = CustomSearchView.swift; sourceTree = "<group>"; };
		9BBED65A286D90C600896A43 /* TvAppBackButton.swift */ = {isa = PBXFileReference; lastKnownFileType = sourcecode.swift; path = TvAppBackButton.swift; sourceTree = "<group>"; };
		9BC17D42278335F8000FC491 /* Prototype House Mac.app */ = {isa = PBXFileReference; explicitFileType = wrapper.application; includeInIndex = 0; path = "Prototype House Mac.app"; sourceTree = BUILT_PRODUCTS_DIR; };
		9BC17D44278335F8000FC491 /* PrototypeHouseMacApp.swift */ = {isa = PBXFileReference; lastKnownFileType = sourcecode.swift; path = PrototypeHouseMacApp.swift; sourceTree = "<group>"; };
		9BC17D46278335F8000FC491 /* ContentView.swift */ = {isa = PBXFileReference; lastKnownFileType = sourcecode.swift; path = ContentView.swift; sourceTree = "<group>"; };
		9BC17D48278335FA000FC491 /* Assets.xcassets */ = {isa = PBXFileReference; lastKnownFileType = folder.assetcatalog; path = Assets.xcassets; sourceTree = "<group>"; };
		9BC17D4B278335FA000FC491 /* Preview Assets.xcassets */ = {isa = PBXFileReference; lastKnownFileType = folder.assetcatalog; path = "Preview Assets.xcassets"; sourceTree = "<group>"; };
		9BC17D4D278335FA000FC491 /* Prototype_House_Mac.entitlements */ = {isa = PBXFileReference; lastKnownFileType = text.plist.entitlements; path = Prototype_House_Mac.entitlements; sourceTree = "<group>"; };
		9BC17D5527833A96000FC491 /* DetailContentView.swift */ = {isa = PBXFileReference; lastKnownFileType = sourcecode.swift; path = DetailContentView.swift; sourceTree = "<group>"; };
		9BC17D5927833C68000FC491 /* SFSymbolsReplica.swift */ = {isa = PBXFileReference; lastKnownFileType = sourcecode.swift; path = SFSymbolsReplica.swift; sourceTree = "<group>"; };
		9BC17D5C278341DF000FC491 /* SFGroupView.swift */ = {isa = PBXFileReference; lastKnownFileType = sourcecode.swift; path = SFGroupView.swift; sourceTree = "<group>"; };
		9BC17D5E278341FC000FC491 /* ContentData.swift */ = {isa = PBXFileReference; lastKnownFileType = sourcecode.swift; path = ContentData.swift; sourceTree = "<group>"; };
		9BC17D602783735A000FC491 /* SplitViewExperiment.swift */ = {isa = PBXFileReference; lastKnownFileType = sourcecode.swift; path = SplitViewExperiment.swift; sourceTree = "<group>"; };
		9BC17D632783752C000FC491 /* NSView-Extensions.swift */ = {isa = PBXFileReference; lastKnownFileType = sourcecode.swift; path = "NSView-Extensions.swift"; sourceTree = "<group>"; };
		9BC26C5F2A9DE410007E70B7 /* README.md */ = {isa = PBXFileReference; lastKnownFileType = net.daringfireball.markdown; path = README.md; sourceTree = "<group>"; };
		9BC26C602A9DE41E007E70B7 /* UpcomingWorkoutCell.swift */ = {isa = PBXFileReference; lastKnownFileType = sourcecode.swift; path = UpcomingWorkoutCell.swift; sourceTree = "<group>"; };
		9BC26C632A9DFE2D007E70B7 /* README.md */ = {isa = PBXFileReference; lastKnownFileType = net.daringfireball.markdown; path = README.md; sourceTree = "<group>"; };
		9BC26C642A9DFE3D007E70B7 /* ErrorSampleView.swift */ = {isa = PBXFileReference; lastKnownFileType = sourcecode.swift; path = ErrorSampleView.swift; sourceTree = "<group>"; };
		9BC451ED2AC1B180002F9D8E /* Prototype House iOS Tests.xctest */ = {isa = PBXFileReference; explicitFileType = wrapper.cfbundle; includeInIndex = 0; path = "Prototype House iOS Tests.xctest"; sourceTree = BUILT_PRODUCTS_DIR; };
		9BC451EF2AC1B180002F9D8E /* Prototype_House_iOS_Tests.swift */ = {isa = PBXFileReference; lastKnownFileType = sourcecode.swift; path = Prototype_House_iOS_Tests.swift; sourceTree = "<group>"; };
		9BC451F62AC1B1C8002F9D8E /* LinearEquationTests.swift */ = {isa = PBXFileReference; lastKnownFileType = sourcecode.swift; path = LinearEquationTests.swift; sourceTree = "<group>"; };
		9BC451FB2AC1BC03002F9D8E /* SampleSnapshotTests.swift */ = {isa = PBXFileReference; lastKnownFileType = sourcecode.swift; path = SampleSnapshotTests.swift; sourceTree = "<group>"; };
		9BC451FD2AC1BF4A002F9D8E /* SnapshotTesting-XcodeCloudFix.swift */ = {isa = PBXFileReference; lastKnownFileType = sourcecode.swift; path = "SnapshotTesting-XcodeCloudFix.swift"; sourceTree = "<group>"; };
		9BC452022AC1C415002F9D8E /* TvSnapshotTests.swift */ = {isa = PBXFileReference; lastKnownFileType = sourcecode.swift; path = TvSnapshotTests.swift; sourceTree = "<group>"; };
		9BC452042AC1C4D4002F9D8E /* SampleSnapshotTests */ = {isa = PBXFileReference; lastKnownFileType = folder; name = SampleSnapshotTests; path = __Snapshots__/SampleSnapshotTests; sourceTree = "<group>"; };
		9BC452062AC1C4E0002F9D8E /* TvSnapshotTests */ = {isa = PBXFileReference; lastKnownFileType = folder; name = TvSnapshotTests; path = __Snapshots__/TvSnapshotTests; sourceTree = "<group>"; };
		9BC452092AC218EF002F9D8E /* LoginFormView.swift */ = {isa = PBXFileReference; lastKnownFileType = sourcecode.swift; path = LoginFormView.swift; sourceTree = "<group>"; };
		9BC488C2284560BE00E36E12 /* OutlineGroupExperimentsView.swift */ = {isa = PBXFileReference; lastKnownFileType = sourcecode.swift; path = OutlineGroupExperimentsView.swift; sourceTree = "<group>"; };
		9BC881A62876C9450069B48E /* ScrollableContentStatesSample.swift */ = {isa = PBXFileReference; lastKnownFileType = sourcecode.swift; path = ScrollableContentStatesSample.swift; sourceTree = "<group>"; };
		9BC939AC281EB909003B5B9B /* NameEditorView.swift */ = {isa = PBXFileReference; lastKnownFileType = sourcecode.swift; path = NameEditorView.swift; sourceTree = "<group>"; };
		9BD770B728ED7D35002470D8 /* UITextViewInScrollView.swift */ = {isa = PBXFileReference; lastKnownFileType = sourcecode.swift; path = UITextViewInScrollView.swift; sourceTree = "<group>"; };
		9BD866B029AD20CE0080DED7 /* Prototype House UIKit.app */ = {isa = PBXFileReference; explicitFileType = wrapper.application; includeInIndex = 0; path = "Prototype House UIKit.app"; sourceTree = BUILT_PRODUCTS_DIR; };
		9BD866B229AD20CF0080DED7 /* AppDelegate.swift */ = {isa = PBXFileReference; lastKnownFileType = sourcecode.swift; path = AppDelegate.swift; sourceTree = "<group>"; };
		9BD866B429AD20CF0080DED7 /* SceneDelegate.swift */ = {isa = PBXFileReference; lastKnownFileType = sourcecode.swift; path = SceneDelegate.swift; sourceTree = "<group>"; };
		9BD866B629AD20CF0080DED7 /* ViewController.swift */ = {isa = PBXFileReference; lastKnownFileType = sourcecode.swift; path = ViewController.swift; sourceTree = "<group>"; };
		9BD866B929AD20CF0080DED7 /* Base */ = {isa = PBXFileReference; lastKnownFileType = file.storyboard; name = Base; path = Base.lproj/Main.storyboard; sourceTree = "<group>"; };
		9BD866BB29AD20CF0080DED7 /* Assets.xcassets */ = {isa = PBXFileReference; lastKnownFileType = folder.assetcatalog; path = Assets.xcassets; sourceTree = "<group>"; };
		9BD866BE29AD20CF0080DED7 /* Base */ = {isa = PBXFileReference; lastKnownFileType = file.storyboard; name = Base; path = Base.lproj/LaunchScreen.storyboard; sourceTree = "<group>"; };
		9BD866C029AD20CF0080DED7 /* Info.plist */ = {isa = PBXFileReference; lastKnownFileType = text.plist.xml; path = Info.plist; sourceTree = "<group>"; };
		9BD866C529AD256C0080DED7 /* UIImage-Extensions.swift */ = {isa = PBXFileReference; lastKnownFileType = sourcecode.swift; path = "UIImage-Extensions.swift"; sourceTree = "<group>"; };
		9BDAD415290291E400A557BD /* SampleTransitionPageView.swift */ = {isa = PBXFileReference; lastKnownFileType = sourcecode.swift; path = SampleTransitionPageView.swift; sourceTree = "<group>"; };
		9BDE666F278598190092CF32 /* UnderstandingFocusView.swift */ = {isa = PBXFileReference; lastKnownFileType = sourcecode.swift; path = UnderstandingFocusView.swift; sourceTree = "<group>"; };
		9BE2E8AB293621DD00DAEA41 /* MatchedGeometrySample.swift */ = {isa = PBXFileReference; lastKnownFileType = sourcecode.swift; path = MatchedGeometrySample.swift; sourceTree = "<group>"; };
		9BE975B529AF3ACB008F58A9 /* OnboardingOverlayView.swift */ = {isa = PBXFileReference; lastKnownFileType = sourcecode.swift; path = OnboardingOverlayView.swift; sourceTree = "<group>"; };
		9BF5868B283CBADF0042BE53 /* CheckScrollVisibleContentView.swift */ = {isa = PBXFileReference; lastKnownFileType = sourcecode.swift; path = CheckScrollVisibleContentView.swift; sourceTree = "<group>"; };
		9BF616B4276376D400D26E7B /* Prototype House iOS.app */ = {isa = PBXFileReference; explicitFileType = wrapper.application; includeInIndex = 0; path = "Prototype House iOS.app"; sourceTree = BUILT_PRODUCTS_DIR; };
		9BF616B7276376D400D26E7B /* PrototypeHouseApp.swift */ = {isa = PBXFileReference; lastKnownFileType = sourcecode.swift; path = PrototypeHouseApp.swift; sourceTree = "<group>"; };
		9BF616B9276376D400D26E7B /* ContentView.swift */ = {isa = PBXFileReference; lastKnownFileType = sourcecode.swift; path = ContentView.swift; sourceTree = "<group>"; };
		9BF616BB276376D500D26E7B /* Assets.xcassets */ = {isa = PBXFileReference; lastKnownFileType = folder.assetcatalog; path = Assets.xcassets; sourceTree = "<group>"; };
		9BF616BE276376D500D26E7B /* Preview Assets.xcassets */ = {isa = PBXFileReference; lastKnownFileType = folder.assetcatalog; path = "Preview Assets.xcassets"; sourceTree = "<group>"; };
		9BF616C82763774200D26E7B /* UIView-Layout.swift */ = {isa = PBXFileReference; lastKnownFileType = sourcecode.swift; path = "UIView-Layout.swift"; sourceTree = "<group>"; };
		9BF616CA276377CD00D26E7B /* UIEdgeInsets.swift */ = {isa = PBXFileReference; lastKnownFileType = sourcecode.swift; path = UIEdgeInsets.swift; sourceTree = "<group>"; };
		9BF616CC276377F600D26E7B /* NSDirectionalEdgeInsets.swift */ = {isa = PBXFileReference; lastKnownFileType = sourcecode.swift; path = NSDirectionalEdgeInsets.swift; sourceTree = "<group>"; };
		9BF616CE2763784700D26E7B /* DemoWrapperView.swift */ = {isa = PBXFileReference; lastKnownFileType = sourcecode.swift; path = DemoWrapperView.swift; sourceTree = "<group>"; };
		9BF616D42763795200D26E7B /* README.md */ = {isa = PBXFileReference; lastKnownFileType = net.daringfireball.markdown; path = README.md; sourceTree = SOURCE_ROOT; };
		9BF616D7276379F300D26E7B /* AppStoreViewController-Subviews.swift */ = {isa = PBXFileReference; fileEncoding = 4; lastKnownFileType = sourcecode.swift; path = "AppStoreViewController-Subviews.swift"; sourceTree = "<group>"; };
		9BF616D9276379F300D26E7B /* AppStoreViewController.swift */ = {isa = PBXFileReference; fileEncoding = 4; lastKnownFileType = sourcecode.swift; path = AppStoreViewController.swift; sourceTree = "<group>"; };
		9BF70E9029B9DB8E0027AB9E /* CustomNavTitleViewController.swift */ = {isa = PBXFileReference; lastKnownFileType = sourcecode.swift; path = CustomNavTitleViewController.swift; sourceTree = "<group>"; };
		9BF70E9529B9DC640027AB9E /* ScrollableContentView.swift */ = {isa = PBXFileReference; lastKnownFileType = sourcecode.swift; path = ScrollableContentView.swift; sourceTree = "<group>"; };
		9BFF1C772AC2CC1F00F57EA0 /* Prototype House.entitlements */ = {isa = PBXFileReference; lastKnownFileType = text.plist.entitlements; path = "Prototype House.entitlements"; sourceTree = "<group>"; };
/* End PBXFileReference section */

/* Begin PBXFrameworksBuildPhase section */
		9B81E7E82A42F960003324FE /* Frameworks */ = {
			isa = PBXFrameworksBuildPhase;
			buildActionMask = 2147483647;
			files = (
			);
			runOnlyForDeploymentPostprocessing = 0;
		};
		9BC17D3F278335F8000FC491 /* Frameworks */ = {
			isa = PBXFrameworksBuildPhase;
			buildActionMask = 2147483647;
			files = (
			);
			runOnlyForDeploymentPostprocessing = 0;
		};
		9BC451EA2AC1B180002F9D8E /* Frameworks */ = {
			isa = PBXFrameworksBuildPhase;
			buildActionMask = 2147483647;
			files = (
				9BC451FA2AC1BBBC002F9D8E /* SnapshotTesting in Frameworks */,
			);
			runOnlyForDeploymentPostprocessing = 0;
		};
		9BD866AD29AD20CE0080DED7 /* Frameworks */ = {
			isa = PBXFrameworksBuildPhase;
			buildActionMask = 2147483647;
			files = (
			);
			runOnlyForDeploymentPostprocessing = 0;
		};
		9BF616B1276376D400D26E7B /* Frameworks */ = {
			isa = PBXFrameworksBuildPhase;
			buildActionMask = 2147483647;
			files = (
				9B4795882A575D5400C318D9 /* SamplePackage in Frameworks */,
			);
			runOnlyForDeploymentPostprocessing = 0;
		};
/* End PBXFrameworksBuildPhase section */

/* Begin PBXGroup section */
		9B05BDA62845536500855F2A /* Localization In Previews */ = {
			isa = PBXGroup;
			children = (
				9B05BDA72845537600855F2A /* LocalizationSampleView.swift */,
				9B851CF32A5756DB00C37160 /* LocalizationFromPackage.swift */,
			);
			path = "Localization In Previews";
			sourceTree = "<group>";
		};
		9B173FC72874539F000114A1 /* NavigationBar and SwiftUI */ = {
			isa = PBXGroup;
			children = (
				9B173FC8287453B6000114A1 /* SampleNavigationBarContentView.swift */,
				9BC881A62876C9450069B48E /* ScrollableContentStatesSample.swift */,
			);
			path = "NavigationBar and SwiftUI";
			sourceTree = "<group>";
		};
		9B18A0682949057F002B47F4 /* Basic Transition */ = {
			isa = PBXGroup;
			children = (
				9B18A0692949058B002B47F4 /* BasicTransitionExampleView.swift */,
			);
			path = "Basic Transition";
			sourceTree = "<group>";
		};
		9B261D7F2A1CAC630027F24E /* CommentComposer */ = {
			isa = PBXGroup;
			children = (
				9B261D802A1CAC730027F24E /* CommentComposerView.swift */,
				9B261D822A1CBE330027F24E /* CommentDemoView.swift */,
				9B1BCB712A2637F80088B4BC /* VStackAnimationTest.swift */,
			);
			path = CommentComposer;
			sourceTree = "<group>";
		};
		9B261D842A1CD9D50027F24E /* NavigationBar titleEffect */ = {
			isa = PBXGroup;
			children = (
				9B261D852A1CDA0C0027F24E /* NavigationBarTitleScrollEffectView.swift */,
			);
			path = "NavigationBar titleEffect";
			sourceTree = "<group>";
		};
		9B261D872A1CE0A80027F24E /* Scroll And Touch Gestures */ = {
			isa = PBXGroup;
			children = (
				9B261D882A1CE0C40027F24E /* ScrollAndTouchGestures_DemoView.swift */,
			);
			path = "Scroll And Touch Gestures";
			sourceTree = "<group>";
		};
		9B2A373127959B420054400F /* BottomSheetAlternatives */ = {
			isa = PBXGroup;
			children = (
				9B2A373227959B5B0054400F /* BottomSheetExperimentView.swift */,
			);
			path = BottomSheetAlternatives;
			sourceTree = "<group>";
		};
		9B3F99A427637BFD00CC738C /* Utils */ = {
			isa = PBXGroup;
			children = (
				9B53FEAA298945310073ACCA /* ScrollOffsetReader */,
				9B3F99A527637C1F00CC738C /* LinearEquation.swift */,
			);
			path = Utils;
			sourceTree = "<group>";
		};
		9B46F1F8278B337B00D9180F /* Redacted Animation */ = {
			isa = PBXGroup;
			children = (
				9B46F1F9278B338A00D9180F /* RedactedAnimationExperimentView.swift */,
			);
			path = "Redacted Animation";
			sourceTree = "<group>";
		};
		9B4CB3DA29278C020030FAC9 /* iOS 15 Updates */ = {
			isa = PBXGroup;
			children = (
				9B4CB3DB29278C190030FAC9 /* IOS15UpdatesShowcaseView.swift */,
			);
			path = "iOS 15 Updates";
			sourceTree = "<group>";
		};
		9B53FEA9298934E00073ACCA /* Visible ScrollContent */ = {
			isa = PBXGroup;
			children = (
			);
			path = "Visible ScrollContent";
			sourceTree = "<group>";
		};
		9B53FEAA298945310073ACCA /* ScrollOffsetReader */ = {
			isa = PBXGroup;
			children = (
				9B53FEAB2989454E0073ACCA /* ScrollViewOffsetReader.swift */,
			);
			path = ScrollOffsetReader;
			sourceTree = "<group>";
		};
		9B54F0942843FDA4002414C5 /* Searchable Modifier */ = {
			isa = PBXGroup;
			children = (
				9B54F0952843FDD9002414C5 /* SearchableModifierSampleView.swift */,
				9B54F09A28441061002414C5 /* SeachableViewModesSampleView.swift */,
			);
			path = "Searchable Modifier";
			sourceTree = "<group>";
		};
		9B54F09C284412CA002414C5 /* Data */ = {
			isa = PBXGroup;
			children = (
				9B54F09D284412D3002414C5 /* MockData.swift */,
			);
			path = Data;
			sourceTree = "<group>";
		};
		9B5C0FA229AE4908008627C6 /* Content Onboarding */ = {
			isa = PBXGroup;
			children = (
				9B5C0FA329AE491C008627C6 /* ContentOnboardingSampleView.swift */,
				9B5C0FA529AE5586008627C6 /* TriangleShape.swift */,
				9B5C0FA729AE56DB008627C6 /* ShapeDifferenceExample.swift */,
				9B5C0FAB29AEAA76008627C6 /* BubbleView.swift */,
				9BE975B529AF3ACB008F58A9 /* OnboardingOverlayView.swift */,
			);
			path = "Content Onboarding";
			sourceTree = "<group>";
		};
		9B6D4BBD286C2FFC00D97ACF /* TV App */ = {
			isa = PBXGroup;
			children = (
				9B9FAA40286CE91D000DD62F /* Content */,
				9B6D4BC0286C39C600D97ACF /* TvAppContentSwiftUIView.swift */,
				9B6D4BC2286C447500D97ACF /* TvAppContentViewController.swift */,
			);
			path = "TV App";
			sourceTree = "<group>";
		};
		9B80A5742846514E00FC2F6D /* Alert with TextField */ = {
			isa = PBXGroup;
			children = (
				9B80A5752846517000FC2F6D /* AlertWithTextFieldSampleView.swift */,
				9B80A57728489AAD00FC2F6D /* AlertTextOnUIkit.swift */,
				9B80A57928489F1B00FC2F6D /* AlertTextStackOverflow.swift */,
			);
			path = "Alert with TextField";
			sourceTree = "<group>";
		};
		9B81116B280B779D00CAC97E /* Custom SwiftUI Presentation */ = {
			isa = PBXGroup;
			children = (
				9B81116C280B77B900CAC97E /* CustomPresentationView.swift */,
			);
			path = "Custom SwiftUI Presentation";
			sourceTree = "<group>";
		};
		9B81116E280B7CE300CAC97E /* Douple Tap Gesture */ = {
			isa = PBXGroup;
			children = (
				9B81116F280B7CF300CAC97E /* DoubleTapGestureView.swift */,
			);
			path = "Douple Tap Gesture";
			sourceTree = "<group>";
		};
		9B81E7EC2A42F960003324FE /* Prototype House Watch App */ = {
			isa = PBXGroup;
			children = (
				9B81E7ED2A42F960003324FE /* PrototypeHouseWatchApp.swift */,
				9B81E7EF2A42F960003324FE /* ContentView.swift */,
				9B81E7F12A42F960003324FE /* Assets.xcassets */,
				9B81E7F32A42F960003324FE /* Preview Content */,
			);
			path = "Prototype House Watch App";
			sourceTree = "<group>";
		};
		9B81E7F32A42F960003324FE /* Preview Content */ = {
			isa = PBXGroup;
			children = (
				9B81E7F42A42F960003324FE /* Preview Assets.xcassets */,
			);
			path = "Preview Content";
			sourceTree = "<group>";
		};
		9B82C94C2865BFDC00C7E6C2 /* Safari VIew Controller */ = {
			isa = PBXGroup;
			children = (
				9B82C94D2865BFEF00C7E6C2 /* SafariContainerSampleView.swift */,
			);
			path = "Safari VIew Controller";
			sourceTree = "<group>";
		};
		9B851CF62A57571F00C37160 /* Frameworks */ = {
			isa = PBXGroup;
			children = (
			);
			name = Frameworks;
			sourceTree = "<group>";
		};
		9B8E25532A7CE59300482DB8 /* NavigationBar SegmentedControl */ = {
			isa = PBXGroup;
			children = (
				9B293B782A7CECE000B5F7E3 /* NavigationBarSegmentedControl.swift */,
			);
			path = "NavigationBar SegmentedControl";
			sourceTree = "<group>";
		};
		9B8E25542A7CE5D000482DB8 /* UINavigationBar and SegmentedControl */ = {
			isa = PBXGroup;
			children = (
				9B8E25552A7CE60300482DB8 /* SegmentedExperimentViewController.swift */,
			);
			path = "UINavigationBar and SegmentedControl";
			sourceTree = "<group>";
		};
		9B9C7FF5281C8E27006AD0B7 /* SwiftUI Navigation Bar Animation */ = {
			isa = PBXGroup;
			children = (
				9B9C7FF8281C9291006AD0B7 /* Utils */,
				9B9C7FF6281C8E4F006AD0B7 /* ImageWithTitleContentView.swift */,
			);
			path = "SwiftUI Navigation Bar Animation";
			sourceTree = "<group>";
		};
		9B9C7FF8281C9291006AD0B7 /* Utils */ = {
			isa = PBXGroup;
			children = (
				9B9C7FF9281C92D2006AD0B7 /* ScrollReaderView.swift */,
				9B9C7FFB281C94F0006AD0B7 /* SizeReader.swift */,
			);
			path = Utils;
			sourceTree = "<group>";
		};
		9B9DF3DF2991009E00FA949C /* Combine Value Buffering */ = {
			isa = PBXGroup;
			children = (
				9B9DF3E1299100B600FA949C /* CombineValueBufferingView.swift */,
			);
			path = "Combine Value Buffering";
			sourceTree = "<group>";
		};
		9B9E4CA3290BC0640017BFAF /* ImageGallery */ = {
			isa = PBXGroup;
			children = (
				9B9E4CA5290BC0750017BFAF /* ImageGalleryView.swift */,
				9B9E4CA7290BC0810017BFAF /* images.xcassets */,
				9BA49241290BC44900B66205 /* ImageLayoutView.swift */,
			);
			path = ImageGallery;
			sourceTree = "<group>";
		};
		9B9FAA40286CE91D000DD62F /* Content */ = {
			isa = PBXGroup;
			children = (
				9B6D4BBE286C301500D97ACF /* TvAppContentView.swift */,
				9B9FAA44286CE94A000DD62F /* TvAppContentViewData.swift */,
				9B9FAA42286CE931000DD62F /* TvAppScrollableContentView.swift */,
				9BBED65A286D90C600896A43 /* TvAppBackButton.swift */,
			);
			path = Content;
			sourceTree = "<group>";
		};
		9BAFA6B428ED835D00180E15 /* Fixture */ = {
			isa = PBXGroup;
			children = (
				9BAFA6B528ED83A000180E15 /* sample-article.html */,
			);
			path = Fixture;
			sourceTree = "<group>";
		};
		9BBC905B28A5138F00130303 /* Custom Search */ = {
			isa = PBXGroup;
			children = (
				9BBC905C28A513A100130303 /* CustomSearchView.swift */,
			);
			path = "Custom Search";
			sourceTree = "<group>";
		};
		9BC17D43278335F8000FC491 /* Prototype House Mac */ = {
			isa = PBXGroup;
			children = (
				9BC17D532783366B000FC491 /* App */,
				9BC17D622783751E000FC491 /* Extensions */,
				9BC17D512783365C000FC491 /* Resources */,
				9BC17D5227833663000FC491 /* Views */,
			);
			path = "Prototype House Mac";
			sourceTree = "<group>";
		};
		9BC17D4A278335FA000FC491 /* Preview Content */ = {
			isa = PBXGroup;
			children = (
				9BC17D4B278335FA000FC491 /* Preview Assets.xcassets */,
			);
			path = "Preview Content";
			sourceTree = "<group>";
		};
		9BC17D512783365C000FC491 /* Resources */ = {
			isa = PBXGroup;
			children = (
				9BC17D48278335FA000FC491 /* Assets.xcassets */,
				9BC17D4D278335FA000FC491 /* Prototype_House_Mac.entitlements */,
				9BC17D4A278335FA000FC491 /* Preview Content */,
			);
			path = Resources;
			sourceTree = "<group>";
		};
		9BC17D5227833663000FC491 /* Views */ = {
			isa = PBXGroup;
			children = (
				9BC17D5827833C44000FC491 /* SFSymbols Replica */,
				9BC17D5427833A8C000FC491 /* Detail */,
				9BC17D46278335F8000FC491 /* ContentView.swift */,
			);
			path = Views;
			sourceTree = "<group>";
		};
		9BC17D532783366B000FC491 /* App */ = {
			isa = PBXGroup;
			children = (
				9BC17D44278335F8000FC491 /* PrototypeHouseMacApp.swift */,
			);
			path = App;
			sourceTree = "<group>";
		};
		9BC17D5427833A8C000FC491 /* Detail */ = {
			isa = PBXGroup;
			children = (
				9BC17D5527833A96000FC491 /* DetailContentView.swift */,
			);
			path = Detail;
			sourceTree = "<group>";
		};
		9BC17D5827833C44000FC491 /* SFSymbols Replica */ = {
			isa = PBXGroup;
			children = (
				9BC17D5927833C68000FC491 /* SFSymbolsReplica.swift */,
				9BC17D5C278341DF000FC491 /* SFGroupView.swift */,
				9BC17D5E278341FC000FC491 /* ContentData.swift */,
				9BC17D602783735A000FC491 /* SplitViewExperiment.swift */,
			);
			path = "SFSymbols Replica";
			sourceTree = "<group>";
		};
		9BC17D622783751E000FC491 /* Extensions */ = {
			isa = PBXGroup;
			children = (
				9BC17D632783752C000FC491 /* NSView-Extensions.swift */,
			);
			path = Extensions;
			sourceTree = "<group>";
		};
		9BC26C5E2A9DE3F5007E70B7 /* Upcoming Workout Cell */ = {
			isa = PBXGroup;
			children = (
				9BC26C5F2A9DE410007E70B7 /* README.md */,
				9BC26C602A9DE41E007E70B7 /* UpcomingWorkoutCell.swift */,
			);
			path = "Upcoming Workout Cell";
			sourceTree = "<group>";
		};
		9BC26C622A9DFE0B007E70B7 /* Errors */ = {
			isa = PBXGroup;
			children = (
				9BC26C632A9DFE2D007E70B7 /* README.md */,
				9BC26C642A9DFE3D007E70B7 /* ErrorSampleView.swift */,
			);
			path = Errors;
			sourceTree = "<group>";
		};
		9BC451EE2AC1B180002F9D8E /* Prototype House iOS Tests */ = {
			isa = PBXGroup;
			children = (
				9BC452042AC1C4D4002F9D8E /* SampleSnapshotTests */,
				9BC451F62AC1B1C8002F9D8E /* LinearEquationTests.swift */,
				9BC451EF2AC1B180002F9D8E /* Prototype_House_iOS_Tests.swift */,
				9BC451FB2AC1BC03002F9D8E /* SampleSnapshotTests.swift */,
				9BC451FD2AC1BF4A002F9D8E /* SnapshotTesting-XcodeCloudFix.swift */,
				9BC452012AC1C409002F9D8E /* NestedSnapshotTest */,
			);
			path = "Prototype House iOS Tests";
			sourceTree = "<group>";
		};
		9BC452012AC1C409002F9D8E /* NestedSnapshotTest */ = {
			isa = PBXGroup;
			children = (
				9BC452062AC1C4E0002F9D8E /* TvSnapshotTests */,
				9BC452022AC1C415002F9D8E /* TvSnapshotTests.swift */,
			);
			path = NestedSnapshotTest;
			sourceTree = "<group>";
		};
		9BC452082AC218E2002F9D8E /* Login Form */ = {
			isa = PBXGroup;
			children = (
				9BC452092AC218EF002F9D8E /* LoginFormView.swift */,
			);
			path = "Login Form";
			sourceTree = "<group>";
		};
		9BC488C1284560A700E36E12 /* OutlineGroup Experiments */ = {
			isa = PBXGroup;
			children = (
				9BC488C2284560BE00E36E12 /* OutlineGroupExperimentsView.swift */,
			);
			path = "OutlineGroup Experiments";
			sourceTree = "<group>";
		};
		9BC939AB281EB8F7003B5B9B /* Name Editor */ = {
			isa = PBXGroup;
			children = (
				9BC939AC281EB909003B5B9B /* NameEditorView.swift */,
			);
			path = "Name Editor";
			sourceTree = "<group>";
		};
		9BD770B628ED7D08002470D8 /* UITextView in Scroll SwiftUI */ = {
			isa = PBXGroup;
			children = (
				9BAFA6B428ED835D00180E15 /* Fixture */,
				9BD770B728ED7D35002470D8 /* UITextViewInScrollView.swift */,
			);
			path = "UITextView in Scroll SwiftUI";
			sourceTree = "<group>";
		};
		9BD866B129AD20CE0080DED7 /* Prototype House UIKit */ = {
			isa = PBXGroup;
			children = (
				9BF70E9229B9DC380027AB9E /* Utils */,
				9BF70E8E29B9DB5C0027AB9E /* Prototypes */,
				9BD866C429AD25610080DED7 /* Extensions */,
				9BD866B229AD20CF0080DED7 /* AppDelegate.swift */,
				9BD866B429AD20CF0080DED7 /* SceneDelegate.swift */,
				9BD866B629AD20CF0080DED7 /* ViewController.swift */,
				9BD866B829AD20CF0080DED7 /* Main.storyboard */,
				9BD866BB29AD20CF0080DED7 /* Assets.xcassets */,
				9BD866BD29AD20CF0080DED7 /* LaunchScreen.storyboard */,
				9BD866C029AD20CF0080DED7 /* Info.plist */,
			);
			path = "Prototype House UIKit";
			sourceTree = "<group>";
		};
		9BD866C429AD25610080DED7 /* Extensions */ = {
			isa = PBXGroup;
			children = (
				9BD866C529AD256C0080DED7 /* UIImage-Extensions.swift */,
			);
			path = Extensions;
			sourceTree = "<group>";
		};
		9BDAD414290291C500A557BD /* Page Transition State */ = {
			isa = PBXGroup;
			children = (
				9BDAD415290291E400A557BD /* SampleTransitionPageView.swift */,
			);
			path = "Page Transition State";
			sourceTree = "<group>";
		};
		9BDE666E278598080092CF32 /* Understanding Focus */ = {
			isa = PBXGroup;
			children = (
				9BDE666F278598190092CF32 /* UnderstandingFocusView.swift */,
			);
			path = "Understanding Focus";
			sourceTree = "<group>";
		};
		9BE2E8AA293621C400DAEA41 /* Matched Geometry */ = {
			isa = PBXGroup;
			children = (
				9BE2E8AB293621DD00DAEA41 /* MatchedGeometrySample.swift */,
			);
			path = "Matched Geometry";
			sourceTree = "<group>";
		};
		9BF5868A283CBABA0042BE53 /* Scroll Visible Content */ = {
			isa = PBXGroup;
			children = (
				9BF5868B283CBADF0042BE53 /* CheckScrollVisibleContentView.swift */,
			);
			path = "Scroll Visible Content";
			sourceTree = "<group>";
		};
		9BF616AB276376D400D26E7B = {
			isa = PBXGroup;
			children = (
				9B55C2CD2A56DF88001DB9C7 /* SamplePackage */,
				9BF616B6276376D400D26E7B /* Prototype House */,
				9BC17D43278335F8000FC491 /* Prototype House Mac */,
				9BD866B129AD20CE0080DED7 /* Prototype House UIKit */,
				9B81E7EC2A42F960003324FE /* Prototype House Watch App */,
				9BC451EE2AC1B180002F9D8E /* Prototype House iOS Tests */,
				9BF616B5276376D400D26E7B /* Products */,
				9B851CF62A57571F00C37160 /* Frameworks */,
			);
			sourceTree = "<group>";
		};
		9BF616B5276376D400D26E7B /* Products */ = {
			isa = PBXGroup;
			children = (
				9BF616B4276376D400D26E7B /* Prototype House iOS.app */,
				9BC17D42278335F8000FC491 /* Prototype House Mac.app */,
				9BD866B029AD20CE0080DED7 /* Prototype House UIKit.app */,
				9B81E7EB2A42F960003324FE /* Prototype House Watch App.app */,
				9BC451ED2AC1B180002F9D8E /* Prototype House iOS Tests.xctest */,
			);
			name = Products;
			sourceTree = "<group>";
		};
		9BF616B6276376D400D26E7B /* Prototype House */ = {
			isa = PBXGroup;
			children = (
				9BFF1C772AC2CC1F00F57EA0 /* Prototype House.entitlements */,
				9B851CF52A57570E00C37160 /* Prototype-House-Info.plist */,
				9BF616D42763795200D26E7B /* README.md */,
				9BF616D1276378E100D26E7B /* App */,
				9B54F09C284412CA002414C5 /* Data */,
				9BF616C52763772700D26E7B /* Extensions */,
				9BF616D32763792E00D26E7B /* Prototypes */,
				9BF616D2276378EB00D26E7B /* Resources */,
				9B3F99A427637BFD00CC738C /* Utils */,
				9BF616D0276378D500D26E7B /* Views */,
			);
			path = "Prototype House";
			sourceTree = "<group>";
		};
		9BF616BD276376D500D26E7B /* Preview Content */ = {
			isa = PBXGroup;
			children = (
				9BF616BE276376D500D26E7B /* Preview Assets.xcassets */,
			);
			path = "Preview Content";
			sourceTree = "<group>";
		};
		9BF616C52763772700D26E7B /* Extensions */ = {
			isa = PBXGroup;
			children = (
				9BF616C72763773200D26E7B /* SwiftUI */,
				9BF616C62763772B00D26E7B /* UIKit */,
			);
			path = Extensions;
			sourceTree = "<group>";
		};
		9BF616C62763772B00D26E7B /* UIKit */ = {
			isa = PBXGroup;
			children = (
				9BF616CC276377F600D26E7B /* NSDirectionalEdgeInsets.swift */,
				9BF616CA276377CD00D26E7B /* UIEdgeInsets.swift */,
				9BF616C82763774200D26E7B /* UIView-Layout.swift */,
			);
			path = UIKit;
			sourceTree = "<group>";
		};
		9BF616C72763773200D26E7B /* SwiftUI */ = {
			isa = PBXGroup;
			children = (
				9BF616CE2763784700D26E7B /* DemoWrapperView.swift */,
				9B5C0FA929AEA72E008627C6 /* View-Extensions.swift */,
			);
			path = SwiftUI;
			sourceTree = "<group>";
		};
		9BF616D0276378D500D26E7B /* Views */ = {
			isa = PBXGroup;
			children = (
				9BF616B9276376D400D26E7B /* ContentView.swift */,
			);
			path = Views;
			sourceTree = "<group>";
		};
		9BF616D1276378E100D26E7B /* App */ = {
			isa = PBXGroup;
			children = (
				9BF616B7276376D400D26E7B /* PrototypeHouseApp.swift */,
			);
			path = App;
			sourceTree = "<group>";
		};
		9BF616D2276378EB00D26E7B /* Resources */ = {
			isa = PBXGroup;
			children = (
				9B3F99A727637D9600CC738C /* LaunchScreen.storyboard */,
				9BF616BB276376D500D26E7B /* Assets.xcassets */,
				9BF616BD276376D500D26E7B /* Preview Content */,
				9B5300AA2ABD6BA000E18107 /* Localizable.xcstrings */,
			);
			path = Resources;
			sourceTree = "<group>";
		};
		9BF616D32763792E00D26E7B /* Prototypes */ = {
			isa = PBXGroup;
			children = (
				9B694245294BCEFE00EF8E77 /* SampleLayout.swift */,
				9B7152E127DA3C3700559E47 /* SampleView.swift */,
				9B80A5742846514E00FC2F6D /* Alert with TextField */,
				9BF616D52763799500D26E7B /* Appstore Like Navigation */,
				9B18A0682949057F002B47F4 /* Basic Transition */,
				9B2A373127959B420054400F /* BottomSheetAlternatives */,
				9B9DF3DF2991009E00FA949C /* Combine Value Buffering */,
				9B261D7F2A1CAC630027F24E /* CommentComposer */,
				9B5C0FA229AE4908008627C6 /* Content Onboarding */,
				9BBC905B28A5138F00130303 /* Custom Search */,
				9B81116B280B779D00CAC97E /* Custom SwiftUI Presentation */,
				9B81116E280B7CE300CAC97E /* Douple Tap Gesture */,
				9BC26C622A9DFE0B007E70B7 /* Errors */,
				9B9E4CA3290BC0640017BFAF /* ImageGallery */,
				9B4CB3DA29278C020030FAC9 /* iOS 15 Updates */,
				9B05BDA62845536500855F2A /* Localization In Previews */,
				9BC452082AC218E2002F9D8E /* Login Form */,
				9BE2E8AA293621C400DAEA41 /* Matched Geometry */,
				9BC939AB281EB8F7003B5B9B /* Name Editor */,
				9B173FC72874539F000114A1 /* NavigationBar and SwiftUI */,
				9B8E25532A7CE59300482DB8 /* NavigationBar SegmentedControl */,
				9B261D842A1CD9D50027F24E /* NavigationBar titleEffect */,
				9BC488C1284560A700E36E12 /* OutlineGroup Experiments */,
				9BDAD414290291C500A557BD /* Page Transition State */,
				9B46F1F8278B337B00D9180F /* Redacted Animation */,
				9B82C94C2865BFDC00C7E6C2 /* Safari VIew Controller */,
				9B261D872A1CE0A80027F24E /* Scroll And Touch Gestures */,
				9BF5868A283CBABA0042BE53 /* Scroll Visible Content */,
				9B54F0942843FDA4002414C5 /* Searchable Modifier */,
				9B9C7FF5281C8E27006AD0B7 /* SwiftUI Navigation Bar Animation */,
				9BD770B628ED7D08002470D8 /* UITextView in Scroll SwiftUI */,
				9BDE666E278598080092CF32 /* Understanding Focus */,
				9BC26C5E2A9DE3F5007E70B7 /* Upcoming Workout Cell */,
				9B53FEA9298934E00073ACCA /* Visible ScrollContent */,
			);
			path = Prototypes;
			sourceTree = "<group>";
		};
		9BF616D52763799500D26E7B /* Appstore Like Navigation */ = {
			isa = PBXGroup;
			children = (
				9B6D4BBD286C2FFC00D97ACF /* TV App */,
				9BF616D9276379F300D26E7B /* AppStoreViewController.swift */,
				9BF616D6276379F300D26E7B /* Subviews */,
			);
			path = "Appstore Like Navigation";
			sourceTree = "<group>";
		};
		9BF616D6276379F300D26E7B /* Subviews */ = {
			isa = PBXGroup;
			children = (
				9BF616D7276379F300D26E7B /* AppStoreViewController-Subviews.swift */,
			);
			path = Subviews;
			sourceTree = "<group>";
		};
		9BF70E8E29B9DB5C0027AB9E /* Prototypes */ = {
			isa = PBXGroup;
			children = (
				9B8E25542A7CE5D000482DB8 /* UINavigationBar and SegmentedControl */,
				9BF70E8F29B9DB660027AB9E /* CustomNavigationTitle */,
			);
			path = Prototypes;
			sourceTree = "<group>";
		};
		9BF70E8F29B9DB660027AB9E /* CustomNavigationTitle */ = {
			isa = PBXGroup;
			children = (
				9BF70E9029B9DB8E0027AB9E /* CustomNavTitleViewController.swift */,
			);
			path = CustomNavigationTitle;
			sourceTree = "<group>";
		};
		9BF70E9229B9DC380027AB9E /* Utils */ = {
			isa = PBXGroup;
			children = (
				9BF70E9529B9DC640027AB9E /* ScrollableContentView.swift */,
			);
			path = Utils;
			sourceTree = "<group>";
		};
/* End PBXGroup section */

/* Begin PBXNativeTarget section */
		9B81E7EA2A42F960003324FE /* Prototype House Watch App */ = {
			isa = PBXNativeTarget;
			buildConfigurationList = 9B81E7FC2A42F960003324FE /* Build configuration list for PBXNativeTarget "Prototype House Watch App" */;
			buildPhases = (
				9B81E7E72A42F960003324FE /* Sources */,
				9B81E7E82A42F960003324FE /* Frameworks */,
				9B81E7E92A42F960003324FE /* Resources */,
			);
			buildRules = (
			);
			dependencies = (
			);
			name = "Prototype House Watch App";
			productName = "Prototype House Watch Watch App";
			productReference = 9B81E7EB2A42F960003324FE /* Prototype House Watch App.app */;
			productType = "com.apple.product-type.application";
		};
		9BC17D41278335F8000FC491 /* Prototype House Mac */ = {
			isa = PBXNativeTarget;
			buildConfigurationList = 9BC17D50278335FA000FC491 /* Build configuration list for PBXNativeTarget "Prototype House Mac" */;
			buildPhases = (
				9BC17D3E278335F8000FC491 /* Sources */,
				9BC17D3F278335F8000FC491 /* Frameworks */,
				9BC17D40278335F8000FC491 /* Resources */,
			);
			buildRules = (
			);
			dependencies = (
			);
			name = "Prototype House Mac";
			productName = "Prototype House Mac";
			productReference = 9BC17D42278335F8000FC491 /* Prototype House Mac.app */;
			productType = "com.apple.product-type.application";
		};
		9BC451EC2AC1B180002F9D8E /* Prototype House iOS Tests */ = {
			isa = PBXNativeTarget;
			buildConfigurationList = 9BC451F52AC1B181002F9D8E /* Build configuration list for PBXNativeTarget "Prototype House iOS Tests" */;
			buildPhases = (
				9BC451E92AC1B180002F9D8E /* Sources */,
				9BC451EA2AC1B180002F9D8E /* Frameworks */,
				9BC451EB2AC1B180002F9D8E /* Resources */,
			);
			buildRules = (
			);
			dependencies = (
				9BC451F22AC1B180002F9D8E /* PBXTargetDependency */,
			);
			name = "Prototype House iOS Tests";
			packageProductDependencies = (
				9BC451F92AC1BBBC002F9D8E /* SnapshotTesting */,
			);
			productName = "Prototype House iOS Tests";
			productReference = 9BC451ED2AC1B180002F9D8E /* Prototype House iOS Tests.xctest */;
			productType = "com.apple.product-type.bundle.unit-test";
		};
		9BD866AF29AD20CE0080DED7 /* Prototype House UIKit */ = {
			isa = PBXNativeTarget;
			buildConfigurationList = 9BD866C329AD20CF0080DED7 /* Build configuration list for PBXNativeTarget "Prototype House UIKit" */;
			buildPhases = (
				9BD866AC29AD20CE0080DED7 /* Sources */,
				9BD866AD29AD20CE0080DED7 /* Frameworks */,
				9BD866AE29AD20CE0080DED7 /* Resources */,
			);
			buildRules = (
			);
			dependencies = (
			);
			name = "Prototype House UIKit";
			productName = "Prototype House UIKit";
			productReference = 9BD866B029AD20CE0080DED7 /* Prototype House UIKit.app */;
			productType = "com.apple.product-type.application";
		};
		9BF616B3276376D400D26E7B /* Prototype House */ = {
			isa = PBXNativeTarget;
			buildConfigurationList = 9BF616C2276376D500D26E7B /* Build configuration list for PBXNativeTarget "Prototype House" */;
			buildPhases = (
				9BF616B0276376D400D26E7B /* Sources */,
				9BF616B1276376D400D26E7B /* Frameworks */,
				9BF616B2276376D400D26E7B /* Resources */,
				9B81E7F92A42F960003324FE /* Embed Watch Content */,
			);
			buildRules = (
			);
			dependencies = (
				9B81E7F72A42F960003324FE /* PBXTargetDependency */,
			);
			name = "Prototype House";
			packageProductDependencies = (
				9B4795872A575D5400C318D9 /* SamplePackage */,
			);
			productName = "Prototype House";
			productReference = 9BF616B4276376D400D26E7B /* Prototype House iOS.app */;
			productType = "com.apple.product-type.application";
		};
/* End PBXNativeTarget section */

/* Begin PBXProject section */
		9BF616AC276376D400D26E7B /* Project object */ = {
			isa = PBXProject;
			attributes = {
				BuildIndependentTargetsInParallel = 1;
				LastSwiftUpdateCheck = 1500;
				LastUpgradeCheck = 1310;
				TargetAttributes = {
					9B81E7EA2A42F960003324FE = {
						CreatedOnToolsVersion = 14.3.1;
					};
					9BC17D41278335F8000FC491 = {
						CreatedOnToolsVersion = 13.2;
					};
					9BC451EC2AC1B180002F9D8E = {
						CreatedOnToolsVersion = 15.0;
						TestTargetID = 9BF616B3276376D400D26E7B;
					};
					9BD866AF29AD20CE0080DED7 = {
						CreatedOnToolsVersion = 14.2;
					};
					9BF616B3276376D400D26E7B = {
						CreatedOnToolsVersion = 13.1;
					};
				};
			};
			buildConfigurationList = 9BF616AF276376D400D26E7B /* Build configuration list for PBXProject "Prototype House" */;
			compatibilityVersion = "Xcode 13.0";
			developmentRegion = en;
			hasScannedForEncodings = 0;
			knownRegions = (
				en,
				Base,
				es,
				nb,
			);
			mainGroup = 9BF616AB276376D400D26E7B;
			packageReferences = (
				9BC451F82AC1BBBC002F9D8E /* XCRemoteSwiftPackageReference "swift-snapshot-testing" */,
			);
			productRefGroup = 9BF616B5276376D400D26E7B /* Products */;
			projectDirPath = "";
			projectRoot = "";
			targets = (
				9BF616B3276376D400D26E7B /* Prototype House */,
				9BC17D41278335F8000FC491 /* Prototype House Mac */,
				9BD866AF29AD20CE0080DED7 /* Prototype House UIKit */,
				9B81E7EA2A42F960003324FE /* Prototype House Watch App */,
				9BC451EC2AC1B180002F9D8E /* Prototype House iOS Tests */,
			);
		};
/* End PBXProject section */

/* Begin PBXResourcesBuildPhase section */
		9B81E7E92A42F960003324FE /* Resources */ = {
			isa = PBXResourcesBuildPhase;
			buildActionMask = 2147483647;
			files = (
				9B81E7F52A42F960003324FE /* Preview Assets.xcassets in Resources */,
				9B81E7F22A42F960003324FE /* Assets.xcassets in Resources */,
			);
			runOnlyForDeploymentPostprocessing = 0;
		};
		9BC17D40278335F8000FC491 /* Resources */ = {
			isa = PBXResourcesBuildPhase;
			buildActionMask = 2147483647;
			files = (
				9BC17D4C278335FA000FC491 /* Preview Assets.xcassets in Resources */,
				9BC17D49278335FA000FC491 /* Assets.xcassets in Resources */,
			);
			runOnlyForDeploymentPostprocessing = 0;
		};
		9BC451EB2AC1B180002F9D8E /* Resources */ = {
			isa = PBXResourcesBuildPhase;
			buildActionMask = 2147483647;
			files = (
				9BC452072AC1C4E0002F9D8E /* TvSnapshotTests in Resources */,
				9BC452052AC1C4D4002F9D8E /* SampleSnapshotTests in Resources */,
			);
			runOnlyForDeploymentPostprocessing = 0;
		};
		9BD866AE29AD20CE0080DED7 /* Resources */ = {
			isa = PBXResourcesBuildPhase;
			buildActionMask = 2147483647;
			files = (
				9BD866BF29AD20CF0080DED7 /* LaunchScreen.storyboard in Resources */,
				9BD866BC29AD20CF0080DED7 /* Assets.xcassets in Resources */,
				9BD866BA29AD20CF0080DED7 /* Main.storyboard in Resources */,
			);
			runOnlyForDeploymentPostprocessing = 0;
		};
		9BF616B2276376D400D26E7B /* Resources */ = {
			isa = PBXResourcesBuildPhase;
			buildActionMask = 2147483647;
			files = (
				9B3F99A827637D9600CC738C /* LaunchScreen.storyboard in Resources */,
				9BF616BF276376D500D26E7B /* Preview Assets.xcassets in Resources */,
				9B9E4CA8290BC0810017BFAF /* images.xcassets in Resources */,
				9BF616BC276376D500D26E7B /* Assets.xcassets in Resources */,
				9B5300AB2ABD6BA000E18107 /* Localizable.xcstrings in Resources */,
				9BAFA6B628ED83A000180E15 /* sample-article.html in Resources */,
			);
			runOnlyForDeploymentPostprocessing = 0;
		};
/* End PBXResourcesBuildPhase section */

/* Begin PBXSourcesBuildPhase section */
		9B81E7E72A42F960003324FE /* Sources */ = {
			isa = PBXSourcesBuildPhase;
			buildActionMask = 2147483647;
			files = (
				9B81E7F02A42F960003324FE /* ContentView.swift in Sources */,
				9B81E7EE2A42F960003324FE /* PrototypeHouseWatchApp.swift in Sources */,
			);
			runOnlyForDeploymentPostprocessing = 0;
		};
		9BC17D3E278335F8000FC491 /* Sources */ = {
			isa = PBXSourcesBuildPhase;
			buildActionMask = 2147483647;
			files = (
				9BC17D47278335F8000FC491 /* ContentView.swift in Sources */,
				9BC17D45278335F8000FC491 /* PrototypeHouseMacApp.swift in Sources */,
				9BC17D5D278341DF000FC491 /* SFGroupView.swift in Sources */,
				9BC17D642783752C000FC491 /* NSView-Extensions.swift in Sources */,
				9BC17D5727833AC1000FC491 /* DetailContentView.swift in Sources */,
				9BC17D5A27833C68000FC491 /* SFSymbolsReplica.swift in Sources */,
				9BC17D612783735A000FC491 /* SplitViewExperiment.swift in Sources */,
				9BC17D5F278341FC000FC491 /* ContentData.swift in Sources */,
			);
			runOnlyForDeploymentPostprocessing = 0;
		};
		9BC451E92AC1B180002F9D8E /* Sources */ = {
			isa = PBXSourcesBuildPhase;
			buildActionMask = 2147483647;
			files = (
				9BC451FC2AC1BC03002F9D8E /* SampleSnapshotTests.swift in Sources */,
				9BC451F72AC1B1C8002F9D8E /* LinearEquationTests.swift in Sources */,
				9BC452032AC1C415002F9D8E /* TvSnapshotTests.swift in Sources */,
				9BC451FE2AC1BF4A002F9D8E /* SnapshotTesting-XcodeCloudFix.swift in Sources */,
				9BC451F02AC1B180002F9D8E /* Prototype_House_iOS_Tests.swift in Sources */,
			);
			runOnlyForDeploymentPostprocessing = 0;
		};
		9BD866AC29AD20CE0080DED7 /* Sources */ = {
			isa = PBXSourcesBuildPhase;
			buildActionMask = 2147483647;
			files = (
				9B8E25562A7CE60300482DB8 /* SegmentedExperimentViewController.swift in Sources */,
				9BF70E9129B9DB8E0027AB9E /* CustomNavTitleViewController.swift in Sources */,
				9BF70E9629B9DC640027AB9E /* ScrollableContentView.swift in Sources */,
				9BD866B729AD20CF0080DED7 /* ViewController.swift in Sources */,
				9BD866C629AD256C0080DED7 /* UIImage-Extensions.swift in Sources */,
				9BD866B329AD20CF0080DED7 /* AppDelegate.swift in Sources */,
				9BD866B529AD20CF0080DED7 /* SceneDelegate.swift in Sources */,
			);
			runOnlyForDeploymentPostprocessing = 0;
		};
		9BF616B0276376D400D26E7B /* Sources */ = {
			isa = PBXSourcesBuildPhase;
			buildActionMask = 2147483647;
			files = (
				9B6D4BC3286C447500D97ACF /* TvAppContentViewController.swift in Sources */,
				9BF616BA276376D400D26E7B /* ContentView.swift in Sources */,
				9B9C7FF7281C8E4F006AD0B7 /* ImageWithTitleContentView.swift in Sources */,
				9B54F09E284412D3002414C5 /* MockData.swift in Sources */,
				9B5C0FAC29AEAA76008627C6 /* BubbleView.swift in Sources */,
				9BC488C3284560BE00E36E12 /* OutlineGroupExperimentsView.swift in Sources */,
				9BF616CF2763784700D26E7B /* DemoWrapperView.swift in Sources */,
				9BBED65B286D90C600896A43 /* TvAppBackButton.swift in Sources */,
				9B261D862A1CDA0C0027F24E /* NavigationBarTitleScrollEffectView.swift in Sources */,
				9B9DF3E2299100B600FA949C /* CombineValueBufferingView.swift in Sources */,
				9B9FAA45286CE94A000DD62F /* TvAppContentViewData.swift in Sources */,
				9BC939AD281EB909003B5B9B /* NameEditorView.swift in Sources */,
				9BF616C92763774200D26E7B /* UIView-Layout.swift in Sources */,
				9B293B792A7CECE000B5F7E3 /* NavigationBarSegmentedControl.swift in Sources */,
				9B18A06A2949058B002B47F4 /* BasicTransitionExampleView.swift in Sources */,
				9B81116D280B77B900CAC97E /* CustomPresentationView.swift in Sources */,
				9BF616DC276379F300D26E7B /* AppStoreViewController.swift in Sources */,
				9B811170280B7CF300CAC97E /* DoubleTapGestureView.swift in Sources */,
				9B80A57A28489F1B00FC2F6D /* AlertTextStackOverflow.swift in Sources */,
				9BDE6670278598190092CF32 /* UnderstandingFocusView.swift in Sources */,
				9BF616CD276377F600D26E7B /* NSDirectionalEdgeInsets.swift in Sources */,
				9B261D832A1CBE330027F24E /* CommentDemoView.swift in Sources */,
				9BC4520A2AC218EF002F9D8E /* LoginFormView.swift in Sources */,
				9B1BCB722A2637F80088B4BC /* VStackAnimationTest.swift in Sources */,
				9B74010B278B70E0005454D5 /* RedactedAnimationExperimentView.swift in Sources */,
				9BC881A72876C9450069B48E /* ScrollableContentStatesSample.swift in Sources */,
				9BF616DA276379F300D26E7B /* AppStoreViewController-Subviews.swift in Sources */,
				9B05BDA82845537600855F2A /* LocalizationSampleView.swift in Sources */,
				9B2A373327959B5B0054400F /* BottomSheetExperimentView.swift in Sources */,
				9B53FEAC2989454E0073ACCA /* ScrollViewOffsetReader.swift in Sources */,
				9B5C0FAA29AEA72E008627C6 /* View-Extensions.swift in Sources */,
				9B261D812A1CAC730027F24E /* CommentComposerView.swift in Sources */,
				9BE975B629AF3ACB008F58A9 /* OnboardingOverlayView.swift in Sources */,
				9BBC905D28A513A100130303 /* CustomSearchView.swift in Sources */,
				9B5300A92ABD6B0700E18107 /* ErrorSampleView.swift in Sources */,
				9BE2E8AC293621DD00DAEA41 /* MatchedGeometrySample.swift in Sources */,
				9BF616CB276377CD00D26E7B /* UIEdgeInsets.swift in Sources */,
				9B80A5762846517000FC2F6D /* AlertWithTextFieldSampleView.swift in Sources */,
				9B7152E227DA3C3700559E47 /* SampleView.swift in Sources */,
				9B5C0FA629AE5586008627C6 /* TriangleShape.swift in Sources */,
				9B851CF42A5756DB00C37160 /* LocalizationFromPackage.swift in Sources */,
				9BF616B8276376D400D26E7B /* PrototypeHouseApp.swift in Sources */,
				9B9FAA43286CE931000DD62F /* TvAppScrollableContentView.swift in Sources */,
				9B5C0FA829AE56DB008627C6 /* ShapeDifferenceExample.swift in Sources */,
				9B54F0962843FDD9002414C5 /* SearchableModifierSampleView.swift in Sources */,
				9B261D892A1CE0C40027F24E /* ScrollAndTouchGestures_DemoView.swift in Sources */,
				9B80A57828489AAD00FC2F6D /* AlertTextOnUIkit.swift in Sources */,
				9BC26C612A9DE41E007E70B7 /* UpcomingWorkoutCell.swift in Sources */,
				9BD770B828ED7D35002470D8 /* UITextViewInScrollView.swift in Sources */,
				9B54F09B28441061002414C5 /* SeachableViewModesSampleView.swift in Sources */,
				9B6D4BC1286C39C600D97ACF /* TvAppContentSwiftUIView.swift in Sources */,
				9B6D4BBF286C301500D97ACF /* TvAppContentView.swift in Sources */,
				9B82C94E2865BFEF00C7E6C2 /* SafariContainerSampleView.swift in Sources */,
				9B9C7FFA281C92D2006AD0B7 /* ScrollReaderView.swift in Sources */,
				9BDAD416290291E400A557BD /* SampleTransitionPageView.swift in Sources */,
				9B4CB3DC29278C190030FAC9 /* IOS15UpdatesShowcaseView.swift in Sources */,
				9B5C0FA429AE491C008627C6 /* ContentOnboardingSampleView.swift in Sources */,
				9B694246294BCEFE00EF8E77 /* SampleLayout.swift in Sources */,
				9B173FC9287453B6000114A1 /* SampleNavigationBarContentView.swift in Sources */,
				9B3F99A627637C1F00CC738C /* LinearEquation.swift in Sources */,
				9B9E4CA6290BC0750017BFAF /* ImageGalleryView.swift in Sources */,
				9B9C7FFC281C94F0006AD0B7 /* SizeReader.swift in Sources */,
				9BA49242290BC44900B66205 /* ImageLayoutView.swift in Sources */,
				9BF5868C283CBADF0042BE53 /* CheckScrollVisibleContentView.swift in Sources */,
			);
			runOnlyForDeploymentPostprocessing = 0;
		};
/* End PBXSourcesBuildPhase section */

/* Begin PBXTargetDependency section */
		9B81E7F72A42F960003324FE /* PBXTargetDependency */ = {
			isa = PBXTargetDependency;
			target = 9B81E7EA2A42F960003324FE /* Prototype House Watch App */;
			targetProxy = 9B81E7F62A42F960003324FE /* PBXContainerItemProxy */;
		};
		9BC451F22AC1B180002F9D8E /* PBXTargetDependency */ = {
			isa = PBXTargetDependency;
			target = 9BF616B3276376D400D26E7B /* Prototype House */;
			targetProxy = 9BC451F12AC1B180002F9D8E /* PBXContainerItemProxy */;
		};
/* End PBXTargetDependency section */

/* Begin PBXVariantGroup section */
		9BD866B829AD20CF0080DED7 /* Main.storyboard */ = {
			isa = PBXVariantGroup;
			children = (
				9BD866B929AD20CF0080DED7 /* Base */,
			);
			name = Main.storyboard;
			sourceTree = "<group>";
		};
		9BD866BD29AD20CF0080DED7 /* LaunchScreen.storyboard */ = {
			isa = PBXVariantGroup;
			children = (
				9BD866BE29AD20CF0080DED7 /* Base */,
			);
			name = LaunchScreen.storyboard;
			sourceTree = "<group>";
		};
/* End PBXVariantGroup section */

/* Begin XCBuildConfiguration section */
		9B81E7FA2A42F960003324FE /* Debug */ = {
			isa = XCBuildConfiguration;
			buildSettings = {
				ASSETCATALOG_COMPILER_APPICON_NAME = AppIcon;
				ASSETCATALOG_COMPILER_GLOBAL_ACCENT_COLOR_NAME = AccentColor;
				CLANG_CXX_LANGUAGE_STANDARD = "gnu++20";
				CODE_SIGN_STYLE = Automatic;
				CURRENT_PROJECT_VERSION = 1;
				DEVELOPMENT_ASSET_PATHS = "\"Prototype House Watch App/Preview Content\"";
				DEVELOPMENT_TEAM = 4E6CZX3H5W;
				ENABLE_PREVIEWS = YES;
				GENERATE_INFOPLIST_FILE = YES;
				INFOPLIST_KEY_CFBundleDisplayName = "Prototype House Watch";
				INFOPLIST_KEY_UISupportedInterfaceOrientations = "UIInterfaceOrientationPortrait UIInterfaceOrientationPortraitUpsideDown";
				INFOPLIST_KEY_WKCompanionAppBundleIdentifier = "com.fespinozacast.code.prototypes.Prototype-House";
				LD_RUNPATH_SEARCH_PATHS = (
					"$(inherited)",
					"@executable_path/Frameworks",
				);
				MARKETING_VERSION = 1.0;
				PRODUCT_BUNDLE_IDENTIFIER = "com.fespinozacast.code.prototypes.Prototype-House.watchkitapp";
				PRODUCT_NAME = "$(TARGET_NAME)";
				SDKROOT = watchos;
				SKIP_INSTALL = YES;
				SWIFT_EMIT_LOC_STRINGS = YES;
				SWIFT_VERSION = 5.0;
				TARGETED_DEVICE_FAMILY = 4;
				WATCHOS_DEPLOYMENT_TARGET = 9.4;
			};
			name = Debug;
		};
		9B81E7FB2A42F960003324FE /* Release */ = {
			isa = XCBuildConfiguration;
			buildSettings = {
				ASSETCATALOG_COMPILER_APPICON_NAME = AppIcon;
				ASSETCATALOG_COMPILER_GLOBAL_ACCENT_COLOR_NAME = AccentColor;
				CLANG_CXX_LANGUAGE_STANDARD = "gnu++20";
				CODE_SIGN_STYLE = Automatic;
				CURRENT_PROJECT_VERSION = 1;
				DEVELOPMENT_ASSET_PATHS = "\"Prototype House Watch App/Preview Content\"";
				DEVELOPMENT_TEAM = 4E6CZX3H5W;
				ENABLE_PREVIEWS = YES;
				GENERATE_INFOPLIST_FILE = YES;
				INFOPLIST_KEY_CFBundleDisplayName = "Prototype House Watch";
				INFOPLIST_KEY_UISupportedInterfaceOrientations = "UIInterfaceOrientationPortrait UIInterfaceOrientationPortraitUpsideDown";
				INFOPLIST_KEY_WKCompanionAppBundleIdentifier = "com.fespinozacast.code.prototypes.Prototype-House";
				LD_RUNPATH_SEARCH_PATHS = (
					"$(inherited)",
					"@executable_path/Frameworks",
				);
				MARKETING_VERSION = 1.0;
				PRODUCT_BUNDLE_IDENTIFIER = "com.fespinozacast.code.prototypes.Prototype-House.watchkitapp";
				PRODUCT_NAME = "$(TARGET_NAME)";
				SDKROOT = watchos;
				SKIP_INSTALL = YES;
				SWIFT_EMIT_LOC_STRINGS = YES;
				SWIFT_VERSION = 5.0;
				TARGETED_DEVICE_FAMILY = 4;
				WATCHOS_DEPLOYMENT_TARGET = 9.4;
			};
			name = Release;
		};
		9BC17D4E278335FA000FC491 /* Debug */ = {
			isa = XCBuildConfiguration;
			buildSettings = {
				ASSETCATALOG_COMPILER_APPICON_NAME = AppIcon;
				ASSETCATALOG_COMPILER_GLOBAL_ACCENT_COLOR_NAME = AccentColor;
				CODE_SIGN_ENTITLEMENTS = "Prototype House Mac/Resources/Prototype_House_Mac.entitlements";
				CODE_SIGN_STYLE = Automatic;
				COMBINE_HIDPI_IMAGES = YES;
				CURRENT_PROJECT_VERSION = 1;
				DEVELOPMENT_ASSET_PATHS = "\"Prototype House Mac/Resources/Preview Content\"";
				DEVELOPMENT_TEAM = 4E6CZX3H5W;
				ENABLE_HARDENED_RUNTIME = YES;
				ENABLE_PREVIEWS = YES;
				GENERATE_INFOPLIST_FILE = YES;
				INFOPLIST_KEY_NSHumanReadableCopyright = "";
				LD_RUNPATH_SEARCH_PATHS = (
					"$(inherited)",
					"@executable_path/../Frameworks",
				);
				MACOSX_DEPLOYMENT_TARGET = 12.0;
				MARKETING_VERSION = 1.0;
				PRODUCT_BUNDLE_IDENTIFIER = "com.fespinozacast.code.prototypes.Prototype-House-Mac";
				PRODUCT_NAME = "$(TARGET_NAME)";
				SDKROOT = macosx;
				SWIFT_EMIT_LOC_STRINGS = YES;
				SWIFT_VERSION = 5.0;
			};
			name = Debug;
		};
		9BC17D4F278335FA000FC491 /* Release */ = {
			isa = XCBuildConfiguration;
			buildSettings = {
				ASSETCATALOG_COMPILER_APPICON_NAME = AppIcon;
				ASSETCATALOG_COMPILER_GLOBAL_ACCENT_COLOR_NAME = AccentColor;
				CODE_SIGN_ENTITLEMENTS = "Prototype House Mac/Resources/Prototype_House_Mac.entitlements";
				CODE_SIGN_STYLE = Automatic;
				COMBINE_HIDPI_IMAGES = YES;
				CURRENT_PROJECT_VERSION = 1;
				DEVELOPMENT_ASSET_PATHS = "\"Prototype House Mac/Resources/Preview Content\"";
				DEVELOPMENT_TEAM = 4E6CZX3H5W;
				ENABLE_HARDENED_RUNTIME = YES;
				ENABLE_PREVIEWS = YES;
				GENERATE_INFOPLIST_FILE = YES;
				INFOPLIST_KEY_NSHumanReadableCopyright = "";
				LD_RUNPATH_SEARCH_PATHS = (
					"$(inherited)",
					"@executable_path/../Frameworks",
				);
				MACOSX_DEPLOYMENT_TARGET = 12.0;
				MARKETING_VERSION = 1.0;
				PRODUCT_BUNDLE_IDENTIFIER = "com.fespinozacast.code.prototypes.Prototype-House-Mac";
				PRODUCT_NAME = "$(TARGET_NAME)";
				SDKROOT = macosx;
				SWIFT_EMIT_LOC_STRINGS = YES;
				SWIFT_VERSION = 5.0;
			};
			name = Release;
		};
		9BC451F32AC1B181002F9D8E /* Debug */ = {
			isa = XCBuildConfiguration;
			buildSettings = {
				ASSETCATALOG_COMPILER_GENERATE_SWIFT_ASSET_SYMBOL_EXTENSIONS = YES;
				BUNDLE_LOADER = "$(TEST_HOST)";
				CLANG_CXX_LANGUAGE_STANDARD = "gnu++20";
				CODE_SIGN_STYLE = Automatic;
				CURRENT_PROJECT_VERSION = 1;
				DEVELOPMENT_TEAM = 4E6CZX3H5W;
				ENABLE_USER_SCRIPT_SANDBOXING = YES;
				GCC_C_LANGUAGE_STANDARD = gnu17;
				GENERATE_INFOPLIST_FILE = YES;
				IPHONEOS_DEPLOYMENT_TARGET = 17.0;
				LOCALIZATION_PREFERS_STRING_CATALOGS = YES;
				MARKETING_VERSION = 1.0;
				PRODUCT_BUNDLE_IDENTIFIER = "com.fespinozacast.projects.sample.Prototype-House-iOS-Tests";
				PRODUCT_NAME = "$(TARGET_NAME)";
				SWIFT_ACTIVE_COMPILATION_CONDITIONS = "DEBUG $(inherited)";
				SWIFT_EMIT_LOC_STRINGS = NO;
				SWIFT_VERSION = 5.0;
				TARGETED_DEVICE_FAMILY = "1,2";
				TEST_HOST = "$(BUILT_PRODUCTS_DIR)/Prototype House iOS.app/$(BUNDLE_EXECUTABLE_FOLDER_PATH)/Prototype House iOS";
			};
			name = Debug;
		};
		9BC451F42AC1B181002F9D8E /* Release */ = {
			isa = XCBuildConfiguration;
			buildSettings = {
				ASSETCATALOG_COMPILER_GENERATE_SWIFT_ASSET_SYMBOL_EXTENSIONS = YES;
				BUNDLE_LOADER = "$(TEST_HOST)";
				CLANG_CXX_LANGUAGE_STANDARD = "gnu++20";
				CODE_SIGN_STYLE = Automatic;
				CURRENT_PROJECT_VERSION = 1;
				DEVELOPMENT_TEAM = 4E6CZX3H5W;
				ENABLE_USER_SCRIPT_SANDBOXING = YES;
				GCC_C_LANGUAGE_STANDARD = gnu17;
				GENERATE_INFOPLIST_FILE = YES;
				IPHONEOS_DEPLOYMENT_TARGET = 17.0;
				LOCALIZATION_PREFERS_STRING_CATALOGS = YES;
				MARKETING_VERSION = 1.0;
				PRODUCT_BUNDLE_IDENTIFIER = "com.fespinozacast.projects.sample.Prototype-House-iOS-Tests";
				PRODUCT_NAME = "$(TARGET_NAME)";
				SWIFT_EMIT_LOC_STRINGS = NO;
				SWIFT_VERSION = 5.0;
				TARGETED_DEVICE_FAMILY = "1,2";
				TEST_HOST = "$(BUILT_PRODUCTS_DIR)/Prototype House iOS.app/$(BUNDLE_EXECUTABLE_FOLDER_PATH)/Prototype House iOS";
			};
			name = Release;
		};
		9BD866C129AD20CF0080DED7 /* Debug */ = {
			isa = XCBuildConfiguration;
			buildSettings = {
				ASSETCATALOG_COMPILER_APPICON_NAME = AppIcon;
				ASSETCATALOG_COMPILER_GLOBAL_ACCENT_COLOR_NAME = AccentColor;
				CLANG_CXX_LANGUAGE_STANDARD = "gnu++20";
				CODE_SIGN_STYLE = Automatic;
				CURRENT_PROJECT_VERSION = 1;
				DEVELOPMENT_TEAM = 2Z7R9FQBNN;
				GENERATE_INFOPLIST_FILE = YES;
				INFOPLIST_FILE = "Prototype House UIKit/Info.plist";
				INFOPLIST_KEY_UIApplicationSupportsIndirectInputEvents = YES;
				INFOPLIST_KEY_UILaunchStoryboardName = LaunchScreen;
				INFOPLIST_KEY_UIMainStoryboardFile = Main;
				INFOPLIST_KEY_UISupportedInterfaceOrientations_iPad = "UIInterfaceOrientationPortrait UIInterfaceOrientationPortraitUpsideDown UIInterfaceOrientationLandscapeLeft UIInterfaceOrientationLandscapeRight";
				INFOPLIST_KEY_UISupportedInterfaceOrientations_iPhone = "UIInterfaceOrientationPortrait UIInterfaceOrientationLandscapeLeft UIInterfaceOrientationLandscapeRight";
				IPHONEOS_DEPLOYMENT_TARGET = 16.2;
				LD_RUNPATH_SEARCH_PATHS = (
					"$(inherited)",
					"@executable_path/Frameworks",
				);
				MARKETING_VERSION = 1.0;
				PRODUCT_BUNDLE_IDENTIFIER = "com.fespinozacast.projects.Prototype-House-UIKit";
				PRODUCT_NAME = "$(TARGET_NAME)";
				SWIFT_EMIT_LOC_STRINGS = YES;
				SWIFT_VERSION = 5.0;
				TARGETED_DEVICE_FAMILY = "1,2";
			};
			name = Debug;
		};
		9BD866C229AD20CF0080DED7 /* Release */ = {
			isa = XCBuildConfiguration;
			buildSettings = {
				ASSETCATALOG_COMPILER_APPICON_NAME = AppIcon;
				ASSETCATALOG_COMPILER_GLOBAL_ACCENT_COLOR_NAME = AccentColor;
				CLANG_CXX_LANGUAGE_STANDARD = "gnu++20";
				CODE_SIGN_STYLE = Automatic;
				CURRENT_PROJECT_VERSION = 1;
				DEVELOPMENT_TEAM = 2Z7R9FQBNN;
				GENERATE_INFOPLIST_FILE = YES;
				INFOPLIST_FILE = "Prototype House UIKit/Info.plist";
				INFOPLIST_KEY_UIApplicationSupportsIndirectInputEvents = YES;
				INFOPLIST_KEY_UILaunchStoryboardName = LaunchScreen;
				INFOPLIST_KEY_UIMainStoryboardFile = Main;
				INFOPLIST_KEY_UISupportedInterfaceOrientations_iPad = "UIInterfaceOrientationPortrait UIInterfaceOrientationPortraitUpsideDown UIInterfaceOrientationLandscapeLeft UIInterfaceOrientationLandscapeRight";
				INFOPLIST_KEY_UISupportedInterfaceOrientations_iPhone = "UIInterfaceOrientationPortrait UIInterfaceOrientationLandscapeLeft UIInterfaceOrientationLandscapeRight";
				IPHONEOS_DEPLOYMENT_TARGET = 16.2;
				LD_RUNPATH_SEARCH_PATHS = (
					"$(inherited)",
					"@executable_path/Frameworks",
				);
				MARKETING_VERSION = 1.0;
				PRODUCT_BUNDLE_IDENTIFIER = "com.fespinozacast.projects.Prototype-House-UIKit";
				PRODUCT_NAME = "$(TARGET_NAME)";
				SWIFT_EMIT_LOC_STRINGS = YES;
				SWIFT_VERSION = 5.0;
				TARGETED_DEVICE_FAMILY = "1,2";
			};
			name = Release;
		};
		9BF616C0276376D500D26E7B /* Debug */ = {
			isa = XCBuildConfiguration;
			buildSettings = {
				ALWAYS_SEARCH_USER_PATHS = NO;
				CLANG_ANALYZER_NONNULL = YES;
				CLANG_ANALYZER_NUMBER_OBJECT_CONVERSION = YES_AGGRESSIVE;
				CLANG_CXX_LANGUAGE_STANDARD = "gnu++17";
				CLANG_CXX_LIBRARY = "libc++";
				CLANG_ENABLE_MODULES = YES;
				CLANG_ENABLE_OBJC_ARC = YES;
				CLANG_ENABLE_OBJC_WEAK = YES;
				CLANG_WARN_BLOCK_CAPTURE_AUTORELEASING = YES;
				CLANG_WARN_BOOL_CONVERSION = YES;
				CLANG_WARN_COMMA = YES;
				CLANG_WARN_CONSTANT_CONVERSION = YES;
				CLANG_WARN_DEPRECATED_OBJC_IMPLEMENTATIONS = YES;
				CLANG_WARN_DIRECT_OBJC_ISA_USAGE = YES_ERROR;
				CLANG_WARN_DOCUMENTATION_COMMENTS = YES;
				CLANG_WARN_EMPTY_BODY = YES;
				CLANG_WARN_ENUM_CONVERSION = YES;
				CLANG_WARN_INFINITE_RECURSION = YES;
				CLANG_WARN_INT_CONVERSION = YES;
				CLANG_WARN_NON_LITERAL_NULL_CONVERSION = YES;
				CLANG_WARN_OBJC_IMPLICIT_RETAIN_SELF = YES;
				CLANG_WARN_OBJC_LITERAL_CONVERSION = YES;
				CLANG_WARN_OBJC_ROOT_CLASS = YES_ERROR;
				CLANG_WARN_QUOTED_INCLUDE_IN_FRAMEWORK_HEADER = YES;
				CLANG_WARN_RANGE_LOOP_ANALYSIS = YES;
				CLANG_WARN_STRICT_PROTOTYPES = YES;
				CLANG_WARN_SUSPICIOUS_MOVE = YES;
				CLANG_WARN_UNGUARDED_AVAILABILITY = YES_AGGRESSIVE;
				CLANG_WARN_UNREACHABLE_CODE = YES;
				CLANG_WARN__DUPLICATE_METHOD_MATCH = YES;
				COPY_PHASE_STRIP = NO;
				DEBUG_INFORMATION_FORMAT = dwarf;
				ENABLE_STRICT_OBJC_MSGSEND = YES;
				ENABLE_TESTABILITY = YES;
				GCC_C_LANGUAGE_STANDARD = gnu11;
				GCC_DYNAMIC_NO_PIC = NO;
				GCC_NO_COMMON_BLOCKS = YES;
				GCC_OPTIMIZATION_LEVEL = 0;
				GCC_PREPROCESSOR_DEFINITIONS = (
					"DEBUG=1",
					"$(inherited)",
				);
				GCC_WARN_64_TO_32_BIT_CONVERSION = YES;
				GCC_WARN_ABOUT_RETURN_TYPE = YES_ERROR;
				GCC_WARN_UNDECLARED_SELECTOR = YES;
				GCC_WARN_UNINITIALIZED_AUTOS = YES_AGGRESSIVE;
				GCC_WARN_UNUSED_FUNCTION = YES;
				GCC_WARN_UNUSED_VARIABLE = YES;
				IPHONEOS_DEPLOYMENT_TARGET = 15.0;
				MTL_ENABLE_DEBUG_INFO = INCLUDE_SOURCE;
				MTL_FAST_MATH = YES;
				ONLY_ACTIVE_ARCH = YES;
				SDKROOT = iphoneos;
				SWIFT_ACTIVE_COMPILATION_CONDITIONS = DEBUG;
				SWIFT_EMIT_LOC_STRINGS = YES;
				SWIFT_OPTIMIZATION_LEVEL = "-Onone";
			};
			name = Debug;
		};
		9BF616C1276376D500D26E7B /* Release */ = {
			isa = XCBuildConfiguration;
			buildSettings = {
				ALWAYS_SEARCH_USER_PATHS = NO;
				CLANG_ANALYZER_NONNULL = YES;
				CLANG_ANALYZER_NUMBER_OBJECT_CONVERSION = YES_AGGRESSIVE;
				CLANG_CXX_LANGUAGE_STANDARD = "gnu++17";
				CLANG_CXX_LIBRARY = "libc++";
				CLANG_ENABLE_MODULES = YES;
				CLANG_ENABLE_OBJC_ARC = YES;
				CLANG_ENABLE_OBJC_WEAK = YES;
				CLANG_WARN_BLOCK_CAPTURE_AUTORELEASING = YES;
				CLANG_WARN_BOOL_CONVERSION = YES;
				CLANG_WARN_COMMA = YES;
				CLANG_WARN_CONSTANT_CONVERSION = YES;
				CLANG_WARN_DEPRECATED_OBJC_IMPLEMENTATIONS = YES;
				CLANG_WARN_DIRECT_OBJC_ISA_USAGE = YES_ERROR;
				CLANG_WARN_DOCUMENTATION_COMMENTS = YES;
				CLANG_WARN_EMPTY_BODY = YES;
				CLANG_WARN_ENUM_CONVERSION = YES;
				CLANG_WARN_INFINITE_RECURSION = YES;
				CLANG_WARN_INT_CONVERSION = YES;
				CLANG_WARN_NON_LITERAL_NULL_CONVERSION = YES;
				CLANG_WARN_OBJC_IMPLICIT_RETAIN_SELF = YES;
				CLANG_WARN_OBJC_LITERAL_CONVERSION = YES;
				CLANG_WARN_OBJC_ROOT_CLASS = YES_ERROR;
				CLANG_WARN_QUOTED_INCLUDE_IN_FRAMEWORK_HEADER = YES;
				CLANG_WARN_RANGE_LOOP_ANALYSIS = YES;
				CLANG_WARN_STRICT_PROTOTYPES = YES;
				CLANG_WARN_SUSPICIOUS_MOVE = YES;
				CLANG_WARN_UNGUARDED_AVAILABILITY = YES_AGGRESSIVE;
				CLANG_WARN_UNREACHABLE_CODE = YES;
				CLANG_WARN__DUPLICATE_METHOD_MATCH = YES;
				COPY_PHASE_STRIP = NO;
				DEBUG_INFORMATION_FORMAT = "dwarf-with-dsym";
				ENABLE_NS_ASSERTIONS = NO;
				ENABLE_STRICT_OBJC_MSGSEND = YES;
				GCC_C_LANGUAGE_STANDARD = gnu11;
				GCC_NO_COMMON_BLOCKS = YES;
				GCC_WARN_64_TO_32_BIT_CONVERSION = YES;
				GCC_WARN_ABOUT_RETURN_TYPE = YES_ERROR;
				GCC_WARN_UNDECLARED_SELECTOR = YES;
				GCC_WARN_UNINITIALIZED_AUTOS = YES_AGGRESSIVE;
				GCC_WARN_UNUSED_FUNCTION = YES;
				GCC_WARN_UNUSED_VARIABLE = YES;
				IPHONEOS_DEPLOYMENT_TARGET = 15.0;
				MTL_ENABLE_DEBUG_INFO = NO;
				MTL_FAST_MATH = YES;
				SDKROOT = iphoneos;
				SWIFT_COMPILATION_MODE = wholemodule;
				SWIFT_EMIT_LOC_STRINGS = YES;
				SWIFT_OPTIMIZATION_LEVEL = "-O";
				VALIDATE_PRODUCT = YES;
			};
			name = Release;
		};
		9BF616C3276376D500D26E7B /* Debug */ = {
			isa = XCBuildConfiguration;
			buildSettings = {
				ALWAYS_EMBED_SWIFT_STANDARD_LIBRARIES = YES;
				ASSETCATALOG_COMPILER_APPICON_NAME = AppIcon;
				ASSETCATALOG_COMPILER_GLOBAL_ACCENT_COLOR_NAME = AccentColor;
				ASSETCATALOG_COMPILER_INCLUDE_ALL_APPICON_ASSETS = NO;
				CODE_SIGN_ENTITLEMENTS = "Prototype House/Prototype House.entitlements";
				CODE_SIGN_STYLE = Automatic;
				CURRENT_PROJECT_VERSION = 1;
				DEVELOPMENT_ASSET_PATHS = "\"Prototype House/Resources/Preview Content\"";
				DEVELOPMENT_TEAM = 4E6CZX3H5W;
				ENABLE_PREVIEWS = YES;
				GENERATE_INFOPLIST_FILE = YES;
				INFOPLIST_FILE = "Prototype-House-Info.plist";
				INFOPLIST_KEY_UIApplicationSceneManifest_Generation = YES;
				INFOPLIST_KEY_UIApplicationSupportsIndirectInputEvents = YES;
				INFOPLIST_KEY_UILaunchScreen_Generation = YES;
				INFOPLIST_KEY_UILaunchStoryboardName = LaunchScreen;
				INFOPLIST_KEY_UISupportedInterfaceOrientations_iPad = "UIInterfaceOrientationPortrait UIInterfaceOrientationPortraitUpsideDown UIInterfaceOrientationLandscapeLeft UIInterfaceOrientationLandscapeRight";
				INFOPLIST_KEY_UISupportedInterfaceOrientations_iPhone = "UIInterfaceOrientationPortrait UIInterfaceOrientationLandscapeLeft UIInterfaceOrientationLandscapeRight";
				LD_RUNPATH_SEARCH_PATHS = (
					"$(inherited)",
					"@executable_path/Frameworks",
				);
				LOCALIZATION_PREFERS_STRING_CATALOGS = YES;
				MARKETING_VERSION = 1.0;
				PRODUCT_BUNDLE_IDENTIFIER = "com.fespinozacast.code.prototypes.Prototype-House";
				PRODUCT_NAME = "Prototype House iOS";
				SWIFT_EMIT_LOC_STRINGS = YES;
				SWIFT_VERSION = 5.0;
				TARGETED_DEVICE_FAMILY = "1,2";
			};
			name = Debug;
		};
		9BF616C4276376D500D26E7B /* Release */ = {
			isa = XCBuildConfiguration;
			buildSettings = {
				ALWAYS_EMBED_SWIFT_STANDARD_LIBRARIES = YES;
				ASSETCATALOG_COMPILER_APPICON_NAME = AppIcon;
				ASSETCATALOG_COMPILER_GLOBAL_ACCENT_COLOR_NAME = AccentColor;
				ASSETCATALOG_COMPILER_INCLUDE_ALL_APPICON_ASSETS = NO;
				CODE_SIGN_ENTITLEMENTS = "Prototype House/Prototype House.entitlements";
				CODE_SIGN_STYLE = Automatic;
				CURRENT_PROJECT_VERSION = 1;
				DEVELOPMENT_ASSET_PATHS = "\"Prototype House/Resources/Preview Content\"";
				DEVELOPMENT_TEAM = 4E6CZX3H5W;
				ENABLE_PREVIEWS = YES;
				GENERATE_INFOPLIST_FILE = YES;
				INFOPLIST_FILE = "Prototype-House-Info.plist";
				INFOPLIST_KEY_UIApplicationSceneManifest_Generation = YES;
				INFOPLIST_KEY_UIApplicationSupportsIndirectInputEvents = YES;
				INFOPLIST_KEY_UILaunchScreen_Generation = YES;
				INFOPLIST_KEY_UILaunchStoryboardName = LaunchScreen;
				INFOPLIST_KEY_UISupportedInterfaceOrientations_iPad = "UIInterfaceOrientationPortrait UIInterfaceOrientationPortraitUpsideDown UIInterfaceOrientationLandscapeLeft UIInterfaceOrientationLandscapeRight";
				INFOPLIST_KEY_UISupportedInterfaceOrientations_iPhone = "UIInterfaceOrientationPortrait UIInterfaceOrientationLandscapeLeft UIInterfaceOrientationLandscapeRight";
				LD_RUNPATH_SEARCH_PATHS = (
					"$(inherited)",
					"@executable_path/Frameworks",
				);
				LOCALIZATION_PREFERS_STRING_CATALOGS = YES;
				MARKETING_VERSION = 1.0;
				PRODUCT_BUNDLE_IDENTIFIER = "com.fespinozacast.code.prototypes.Prototype-House";
				PRODUCT_NAME = "Prototype House iOS";
				SWIFT_EMIT_LOC_STRINGS = YES;
				SWIFT_VERSION = 5.0;
				TARGETED_DEVICE_FAMILY = "1,2";
			};
			name = Release;
		};
/* End XCBuildConfiguration section */

/* Begin XCConfigurationList section */
		9B81E7FC2A42F960003324FE /* Build configuration list for PBXNativeTarget "Prototype House Watch App" */ = {
			isa = XCConfigurationList;
			buildConfigurations = (
				9B81E7FA2A42F960003324FE /* Debug */,
				9B81E7FB2A42F960003324FE /* Release */,
			);
			defaultConfigurationIsVisible = 0;
			defaultConfigurationName = Release;
		};
		9BC17D50278335FA000FC491 /* Build configuration list for PBXNativeTarget "Prototype House Mac" */ = {
			isa = XCConfigurationList;
			buildConfigurations = (
				9BC17D4E278335FA000FC491 /* Debug */,
				9BC17D4F278335FA000FC491 /* Release */,
			);
			defaultConfigurationIsVisible = 0;
			defaultConfigurationName = Release;
		};
		9BC451F52AC1B181002F9D8E /* Build configuration list for PBXNativeTarget "Prototype House iOS Tests" */ = {
			isa = XCConfigurationList;
			buildConfigurations = (
				9BC451F32AC1B181002F9D8E /* Debug */,
				9BC451F42AC1B181002F9D8E /* Release */,
			);
			defaultConfigurationIsVisible = 0;
			defaultConfigurationName = Release;
		};
		9BD866C329AD20CF0080DED7 /* Build configuration list for PBXNativeTarget "Prototype House UIKit" */ = {
			isa = XCConfigurationList;
			buildConfigurations = (
				9BD866C129AD20CF0080DED7 /* Debug */,
				9BD866C229AD20CF0080DED7 /* Release */,
			);
			defaultConfigurationIsVisible = 0;
			defaultConfigurationName = Release;
		};
		9BF616AF276376D400D26E7B /* Build configuration list for PBXProject "Prototype House" */ = {
			isa = XCConfigurationList;
			buildConfigurations = (
				9BF616C0276376D500D26E7B /* Debug */,
				9BF616C1276376D500D26E7B /* Release */,
			);
			defaultConfigurationIsVisible = 0;
			defaultConfigurationName = Release;
		};
		9BF616C2276376D500D26E7B /* Build configuration list for PBXNativeTarget "Prototype House" */ = {
			isa = XCConfigurationList;
			buildConfigurations = (
				9BF616C3276376D500D26E7B /* Debug */,
				9BF616C4276376D500D26E7B /* Release */,
			);
			defaultConfigurationIsVisible = 0;
			defaultConfigurationName = Release;
		};
/* End XCConfigurationList section */

/* Begin XCRemoteSwiftPackageReference section */
		9BC451F82AC1BBBC002F9D8E /* XCRemoteSwiftPackageReference "swift-snapshot-testing" */ = {
			isa = XCRemoteSwiftPackageReference;
			repositoryURL = "https://github.com/pointfreeco/swift-snapshot-testing";
			requirement = {
				kind = upToNextMajorVersion;
				minimumVersion = 1.13.0;
			};
		};
/* End XCRemoteSwiftPackageReference section */

/* Begin XCSwiftPackageProductDependency section */
		9B4795872A575D5400C318D9 /* SamplePackage */ = {
			isa = XCSwiftPackageProductDependency;
			productName = SamplePackage;
		};
		9BC451F92AC1BBBC002F9D8E /* SnapshotTesting */ = {
			isa = XCSwiftPackageProductDependency;
			package = 9BC451F82AC1BBBC002F9D8E /* XCRemoteSwiftPackageReference "swift-snapshot-testing" */;
			productName = SnapshotTesting;
		};
/* End XCSwiftPackageProductDependency section */
	};
	rootObject = 9BF616AC276376D400D26E7B /* Project object */;
}
